// !$*UTF8*$!
{
	archiveVersion = 1;
	classes = {
	};
	objectVersion = 46;
	objects = {

/* Begin PBXBuildFile section */
		76417E2E51EAEE070F95A75E /* libPods-TyphoonRestClientDemo.a in Frameworks */ = {isa = PBXBuildFile; fileRef = D228E71A9F064D5B48A851DA /* libPods-TyphoonRestClientDemo.a */; };
		FA41165C1B1F8ECB00AC5E8A /* TRCConnectionAFNetworking.m in Sources */ = {isa = PBXBuildFile; fileRef = FA41161A1B1F8ECB00AC5E8A /* TRCConnectionAFNetworking.m */; };
		FA41165D1B1F8ECB00AC5E8A /* TRCConnectionLogger.m in Sources */ = {isa = PBXBuildFile; fileRef = FA41161C1B1F8ECB00AC5E8A /* TRCConnectionLogger.m */; };
		FA41165E1B1F8ECB00AC5E8A /* TRCConnectionProxy.m in Sources */ = {isa = PBXBuildFile; fileRef = FA41161E1B1F8ECB00AC5E8A /* TRCConnectionProxy.m */; };
		FA41165F1B1F8ECB00AC5E8A /* TRCConnectionStub.m in Sources */ = {isa = PBXBuildFile; fileRef = FA4116201B1F8ECB00AC5E8A /* TRCConnectionStub.m */; };
		FA4116601B1F8ECB00AC5E8A /* TRCValueTransformerNumber.m in Sources */ = {isa = PBXBuildFile; fileRef = FA4116231B1F8ECB00AC5E8A /* TRCValueTransformerNumber.m */; };
		FA4116611B1F8ECB00AC5E8A /* TRCValueTransformerString.m in Sources */ = {isa = PBXBuildFile; fileRef = FA4116251B1F8ECB00AC5E8A /* TRCValueTransformerString.m */; };
		FA4116621B1F8ECB00AC5E8A /* TRCValueTransformerUrl.m in Sources */ = {isa = PBXBuildFile; fileRef = FA4116271B1F8ECB00AC5E8A /* TRCValueTransformerUrl.m */; };
		FA4116631B1F8ECB00AC5E8A /* TRCSchemaDictionaryData.m in Sources */ = {isa = PBXBuildFile; fileRef = FA41162B1B1F8ECB00AC5E8A /* TRCSchemaDictionaryData.m */; };
		FA4116641B1F8ECB00AC5E8A /* TRCSerializerData.m in Sources */ = {isa = PBXBuildFile; fileRef = FA41162E1B1F8ECB00AC5E8A /* TRCSerializerData.m */; };
		FA4116651B1F8ECB00AC5E8A /* TRCSerializerHttpQuery.m in Sources */ = {isa = PBXBuildFile; fileRef = FA4116301B1F8ECB00AC5E8A /* TRCSerializerHttpQuery.m */; };
		FA4116661B1F8ECB00AC5E8A /* TRCSerializerImage.m in Sources */ = {isa = PBXBuildFile; fileRef = FA4116321B1F8ECB00AC5E8A /* TRCSerializerImage.m */; };
		FA4116671B1F8ECB00AC5E8A /* TRCSerializerInputStream.m in Sources */ = {isa = PBXBuildFile; fileRef = FA4116341B1F8ECB00AC5E8A /* TRCSerializerInputStream.m */; };
		FA4116681B1F8ECB00AC5E8A /* TRCSerializerJson.m in Sources */ = {isa = PBXBuildFile; fileRef = FA4116361B1F8ECB00AC5E8A /* TRCSerializerJson.m */; };
		FA4116691B1F8ECB00AC5E8A /* TRCSerializerPlist.m in Sources */ = {isa = PBXBuildFile; fileRef = FA4116381B1F8ECB00AC5E8A /* TRCSerializerPlist.m */; };
		FA41166A1B1F8ECB00AC5E8A /* TRCSerializerString.m in Sources */ = {isa = PBXBuildFile; fileRef = FA41163A1B1F8ECB00AC5E8A /* TRCSerializerString.m */; };
		FA41166B1B1F8ECB00AC5E8A /* TRCConverter.m in Sources */ = {isa = PBXBuildFile; fileRef = FA41163E1B1F8ECB00AC5E8A /* TRCConverter.m */; };
		FA41166C1B1F8ECB00AC5E8A /* TRCSchemaDataValueOptions.m in Sources */ = {isa = PBXBuildFile; fileRef = FA4116431B1F8ECB00AC5E8A /* TRCSchemaDataValueOptions.m */; };
		FA41166D1B1F8ECB00AC5E8A /* TRCSchema.m in Sources */ = {isa = PBXBuildFile; fileRef = FA4116451B1F8ECB00AC5E8A /* TRCSchema.m */; };
		FA41166E1B1F8ECB00AC5E8A /* TRCSchemaStackTrace.m in Sources */ = {isa = PBXBuildFile; fileRef = FA4116471B1F8ECB00AC5E8A /* TRCSchemaStackTrace.m */; };
		FA41166F1B1F8ECB00AC5E8A /* TRCSchemeFactory.m in Sources */ = {isa = PBXBuildFile; fileRef = FA41164A1B1F8ECB00AC5E8A /* TRCSchemeFactory.m */; };
		FA4116701B1F8ECB00AC5E8A /* TRCUtils.m in Sources */ = {isa = PBXBuildFile; fileRef = FA41164E1B1F8ECB00AC5E8A /* TRCUtils.m */; };
		FA4116711B1F8ECB00AC5E8A /* TyphoonRestClient.m in Sources */ = {isa = PBXBuildFile; fileRef = FA41165A1B1F8ECB00AC5E8A /* TyphoonRestClient.m */; };
		FAA684241ABED8EC00EF4CB6 /* main.m in Sources */ = {isa = PBXBuildFile; fileRef = FAA684231ABED8EC00EF4CB6 /* main.m */; };
		FAA684271ABED8EC00EF4CB6 /* AppDelegate.m in Sources */ = {isa = PBXBuildFile; fileRef = FAA684261ABED8EC00EF4CB6 /* AppDelegate.m */; };
		FAA6842A1ABED8EC00EF4CB6 /* ViewController.m in Sources */ = {isa = PBXBuildFile; fileRef = FAA684291ABED8EC00EF4CB6 /* ViewController.m */; };
		FAA6842D1ABED8EC00EF4CB6 /* Main.storyboard in Resources */ = {isa = PBXBuildFile; fileRef = FAA6842B1ABED8EC00EF4CB6 /* Main.storyboard */; };
		FAA6842F1ABED8EC00EF4CB6 /* Images.xcassets in Resources */ = {isa = PBXBuildFile; fileRef = FAA6842E1ABED8EC00EF4CB6 /* Images.xcassets */; };
		FAA684321ABED8EC00EF4CB6 /* LaunchScreen.xib in Resources */ = {isa = PBXBuildFile; fileRef = FAA684301ABED8EC00EF4CB6 /* LaunchScreen.xib */; };
		FAA6847A1ABEDF8C00EF4CB6 /* RequestToGetIssues.m in Sources */ = {isa = PBXBuildFile; fileRef = FAA684791ABEDF8C00EF4CB6 /* RequestToGetIssues.m */; };
		FAA6847C1ABEE5DC00EF4CB6 /* RequestToGetIssues.response.json in Resources */ = {isa = PBXBuildFile; fileRef = FAA6847B1ABEE5DC00EF4CB6 /* RequestToGetIssues.response.json */; };
		FAA684801ABEEDD600EF4CB6 /* TRCValueTransformerDateISO8601.m in Sources */ = {isa = PBXBuildFile; fileRef = FAA6847F1ABEEDD600EF4CB6 /* TRCValueTransformerDateISO8601.m */; };
		FAA684831ABEF1F300EF4CB6 /* Issue.m in Sources */ = {isa = PBXBuildFile; fileRef = FAA684821ABEF1F300EF4CB6 /* Issue.m */; };
		FAA684871ABEFA4400EF4CB6 /* TRCObjectMapperIssue.m in Sources */ = {isa = PBXBuildFile; fileRef = FAA684861ABEFA4400EF4CB6 /* TRCObjectMapperIssue.m */; };
		FAA684891ABEFAAC00EF4CB6 /* TRCObjectMapperIssue.response.json in Resources */ = {isa = PBXBuildFile; fileRef = FAA684881ABEFAAC00EF4CB6 /* TRCObjectMapperIssue.response.json */; };
		FAA6848C1ABEFF9F00EF4CB6 /* RequestToGetIssue.m in Sources */ = {isa = PBXBuildFile; fileRef = FAA6848B1ABEFF9F00EF4CB6 /* RequestToGetIssue.m */; };
		FAA6848F1ABEFFE400EF4CB6 /* RequestToGetIssue.response.json in Resources */ = {isa = PBXBuildFile; fileRef = FAA6848E1ABEFFE400EF4CB6 /* RequestToGetIssue.response.json */; };
/* End PBXBuildFile section */

/* Begin PBXFileReference section */
		98AE606D5F53EE29BDA355AA /* Pods-TyphoonRestClientDemo.release.xcconfig */ = {isa = PBXFileReference; includeInIndex = 1; lastKnownFileType = text.xcconfig; name = "Pods-TyphoonRestClientDemo.release.xcconfig"; path = "Pods/Target Support Files/Pods-TyphoonRestClientDemo/Pods-TyphoonRestClientDemo.release.xcconfig"; sourceTree = "<group>"; };
		D228E71A9F064D5B48A851DA /* libPods-TyphoonRestClientDemo.a */ = {isa = PBXFileReference; explicitFileType = archive.ar; includeInIndex = 0; path = "libPods-TyphoonRestClientDemo.a"; sourceTree = BUILT_PRODUCTS_DIR; };
		FA4116191B1F8ECB00AC5E8A /* TRCConnectionAFNetworking.h */ = {isa = PBXFileReference; fileEncoding = 4; lastKnownFileType = sourcecode.c.h; path = TRCConnectionAFNetworking.h; sourceTree = "<group>"; };
		FA41161A1B1F8ECB00AC5E8A /* TRCConnectionAFNetworking.m */ = {isa = PBXFileReference; fileEncoding = 4; lastKnownFileType = sourcecode.c.objc; path = TRCConnectionAFNetworking.m; sourceTree = "<group>"; };
		FA41161B1B1F8ECB00AC5E8A /* TRCConnectionLogger.h */ = {isa = PBXFileReference; fileEncoding = 4; lastKnownFileType = sourcecode.c.h; path = TRCConnectionLogger.h; sourceTree = "<group>"; };
		FA41161C1B1F8ECB00AC5E8A /* TRCConnectionLogger.m */ = {isa = PBXFileReference; fileEncoding = 4; lastKnownFileType = sourcecode.c.objc; path = TRCConnectionLogger.m; sourceTree = "<group>"; };
		FA41161D1B1F8ECB00AC5E8A /* TRCConnectionProxy.h */ = {isa = PBXFileReference; fileEncoding = 4; lastKnownFileType = sourcecode.c.h; path = TRCConnectionProxy.h; sourceTree = "<group>"; };
		FA41161E1B1F8ECB00AC5E8A /* TRCConnectionProxy.m */ = {isa = PBXFileReference; fileEncoding = 4; lastKnownFileType = sourcecode.c.objc; path = TRCConnectionProxy.m; sourceTree = "<group>"; };
		FA41161F1B1F8ECB00AC5E8A /* TRCConnectionStub.h */ = {isa = PBXFileReference; fileEncoding = 4; lastKnownFileType = sourcecode.c.h; path = TRCConnectionStub.h; sourceTree = "<group>"; };
		FA4116201B1F8ECB00AC5E8A /* TRCConnectionStub.m */ = {isa = PBXFileReference; fileEncoding = 4; lastKnownFileType = sourcecode.c.objc; path = TRCConnectionStub.m; sourceTree = "<group>"; };
		FA4116221B1F8ECB00AC5E8A /* TRCValueTransformerNumber.h */ = {isa = PBXFileReference; fileEncoding = 4; lastKnownFileType = sourcecode.c.h; path = TRCValueTransformerNumber.h; sourceTree = "<group>"; };
		FA4116231B1F8ECB00AC5E8A /* TRCValueTransformerNumber.m */ = {isa = PBXFileReference; fileEncoding = 4; lastKnownFileType = sourcecode.c.objc; path = TRCValueTransformerNumber.m; sourceTree = "<group>"; };
		FA4116241B1F8ECB00AC5E8A /* TRCValueTransformerString.h */ = {isa = PBXFileReference; fileEncoding = 4; lastKnownFileType = sourcecode.c.h; path = TRCValueTransformerString.h; sourceTree = "<group>"; };
		FA4116251B1F8ECB00AC5E8A /* TRCValueTransformerString.m */ = {isa = PBXFileReference; fileEncoding = 4; lastKnownFileType = sourcecode.c.objc; path = TRCValueTransformerString.m; sourceTree = "<group>"; };
		FA4116261B1F8ECB00AC5E8A /* TRCValueTransformerUrl.h */ = {isa = PBXFileReference; fileEncoding = 4; lastKnownFileType = sourcecode.c.h; path = TRCValueTransformerUrl.h; sourceTree = "<group>"; };
		FA4116271B1F8ECB00AC5E8A /* TRCValueTransformerUrl.m */ = {isa = PBXFileReference; fileEncoding = 4; lastKnownFileType = sourcecode.c.objc; path = TRCValueTransformerUrl.m; sourceTree = "<group>"; };
		FA41162A1B1F8ECB00AC5E8A /* TRCSchemaDictionaryData.h */ = {isa = PBXFileReference; fileEncoding = 4; lastKnownFileType = sourcecode.c.h; path = TRCSchemaDictionaryData.h; sourceTree = "<group>"; };
		FA41162B1B1F8ECB00AC5E8A /* TRCSchemaDictionaryData.m */ = {isa = PBXFileReference; fileEncoding = 4; lastKnownFileType = sourcecode.c.objc; path = TRCSchemaDictionaryData.m; sourceTree = "<group>"; };
		FA41162D1B1F8ECB00AC5E8A /* TRCSerializerData.h */ = {isa = PBXFileReference; fileEncoding = 4; lastKnownFileType = sourcecode.c.h; path = TRCSerializerData.h; sourceTree = "<group>"; };
		FA41162E1B1F8ECB00AC5E8A /* TRCSerializerData.m */ = {isa = PBXFileReference; fileEncoding = 4; lastKnownFileType = sourcecode.c.objc; path = TRCSerializerData.m; sourceTree = "<group>"; };
		FA41162F1B1F8ECB00AC5E8A /* TRCSerializerHttpQuery.h */ = {isa = PBXFileReference; fileEncoding = 4; lastKnownFileType = sourcecode.c.h; path = TRCSerializerHttpQuery.h; sourceTree = "<group>"; };
		FA4116301B1F8ECB00AC5E8A /* TRCSerializerHttpQuery.m */ = {isa = PBXFileReference; fileEncoding = 4; lastKnownFileType = sourcecode.c.objc; path = TRCSerializerHttpQuery.m; sourceTree = "<group>"; };
		FA4116311B1F8ECB00AC5E8A /* TRCSerializerImage.h */ = {isa = PBXFileReference; fileEncoding = 4; lastKnownFileType = sourcecode.c.h; path = TRCSerializerImage.h; sourceTree = "<group>"; };
		FA4116321B1F8ECB00AC5E8A /* TRCSerializerImage.m */ = {isa = PBXFileReference; fileEncoding = 4; lastKnownFileType = sourcecode.c.objc; path = TRCSerializerImage.m; sourceTree = "<group>"; };
		FA4116331B1F8ECB00AC5E8A /* TRCSerializerInputStream.h */ = {isa = PBXFileReference; fileEncoding = 4; lastKnownFileType = sourcecode.c.h; path = TRCSerializerInputStream.h; sourceTree = "<group>"; };
		FA4116341B1F8ECB00AC5E8A /* TRCSerializerInputStream.m */ = {isa = PBXFileReference; fileEncoding = 4; lastKnownFileType = sourcecode.c.objc; path = TRCSerializerInputStream.m; sourceTree = "<group>"; };
		FA4116351B1F8ECB00AC5E8A /* TRCSerializerJson.h */ = {isa = PBXFileReference; fileEncoding = 4; lastKnownFileType = sourcecode.c.h; path = TRCSerializerJson.h; sourceTree = "<group>"; };
		FA4116361B1F8ECB00AC5E8A /* TRCSerializerJson.m */ = {isa = PBXFileReference; fileEncoding = 4; lastKnownFileType = sourcecode.c.objc; path = TRCSerializerJson.m; sourceTree = "<group>"; };
		FA4116371B1F8ECB00AC5E8A /* TRCSerializerPlist.h */ = {isa = PBXFileReference; fileEncoding = 4; lastKnownFileType = sourcecode.c.h; path = TRCSerializerPlist.h; sourceTree = "<group>"; };
		FA4116381B1F8ECB00AC5E8A /* TRCSerializerPlist.m */ = {isa = PBXFileReference; fileEncoding = 4; lastKnownFileType = sourcecode.c.objc; path = TRCSerializerPlist.m; sourceTree = "<group>"; };
		FA4116391B1F8ECB00AC5E8A /* TRCSerializerString.h */ = {isa = PBXFileReference; fileEncoding = 4; lastKnownFileType = sourcecode.c.h; path = TRCSerializerString.h; sourceTree = "<group>"; };
		FA41163A1B1F8ECB00AC5E8A /* TRCSerializerString.m */ = {isa = PBXFileReference; fileEncoding = 4; lastKnownFileType = sourcecode.c.objc; path = TRCSerializerString.m; sourceTree = "<group>"; };
		FA41163D1B1F8ECB00AC5E8A /* TRCConverter.h */ = {isa = PBXFileReference; fileEncoding = 4; lastKnownFileType = sourcecode.c.h; path = TRCConverter.h; sourceTree = "<group>"; };
		FA41163E1B1F8ECB00AC5E8A /* TRCConverter.m */ = {isa = PBXFileReference; fileEncoding = 4; lastKnownFileType = sourcecode.c.objc; path = TRCConverter.m; sourceTree = "<group>"; };
		FA41163F1B1F8ECB00AC5E8A /* TRCConvertersRegistry.h */ = {isa = PBXFileReference; fileEncoding = 4; lastKnownFileType = sourcecode.c.h; path = TRCConvertersRegistry.h; sourceTree = "<group>"; };
		FA4116421B1F8ECB00AC5E8A /* TRCSchemaDataValueOptions.h */ = {isa = PBXFileReference; fileEncoding = 4; lastKnownFileType = sourcecode.c.h; path = TRCSchemaDataValueOptions.h; sourceTree = "<group>"; };
		FA4116431B1F8ECB00AC5E8A /* TRCSchemaDataValueOptions.m */ = {isa = PBXFileReference; fileEncoding = 4; lastKnownFileType = sourcecode.c.objc; path = TRCSchemaDataValueOptions.m; sourceTree = "<group>"; };
		FA4116441B1F8ECB00AC5E8A /* TRCSchema.h */ = {isa = PBXFileReference; fileEncoding = 4; lastKnownFileType = sourcecode.c.h; path = TRCSchema.h; sourceTree = "<group>"; };
		FA4116451B1F8ECB00AC5E8A /* TRCSchema.m */ = {isa = PBXFileReference; fileEncoding = 4; lastKnownFileType = sourcecode.c.objc; path = TRCSchema.m; sourceTree = "<group>"; };
		FA4116461B1F8ECB00AC5E8A /* TRCSchemaStackTrace.h */ = {isa = PBXFileReference; fileEncoding = 4; lastKnownFileType = sourcecode.c.h; path = TRCSchemaStackTrace.h; sourceTree = "<group>"; };
		FA4116471B1F8ECB00AC5E8A /* TRCSchemaStackTrace.m */ = {isa = PBXFileReference; fileEncoding = 4; lastKnownFileType = sourcecode.c.objc; path = TRCSchemaStackTrace.m; sourceTree = "<group>"; };
		FA4116491B1F8ECB00AC5E8A /* TRCSchemeFactory.h */ = {isa = PBXFileReference; fileEncoding = 4; lastKnownFileType = sourcecode.c.h; path = TRCSchemeFactory.h; sourceTree = "<group>"; };
		FA41164A1B1F8ECB00AC5E8A /* TRCSchemeFactory.m */ = {isa = PBXFileReference; fileEncoding = 4; lastKnownFileType = sourcecode.c.objc; path = TRCSchemeFactory.m; sourceTree = "<group>"; };
		FA41164C1B1F8ECB00AC5E8A /* TRCBuiltInObjects.h */ = {isa = PBXFileReference; fileEncoding = 4; lastKnownFileType = sourcecode.c.h; path = TRCBuiltInObjects.h; sourceTree = "<group>"; };
		FA41164D1B1F8ECB00AC5E8A /* TRCUtils.h */ = {isa = PBXFileReference; fileEncoding = 4; lastKnownFileType = sourcecode.c.h; path = TRCUtils.h; sourceTree = "<group>"; };
		FA41164E1B1F8ECB00AC5E8A /* TRCUtils.m */ = {isa = PBXFileReference; fileEncoding = 4; lastKnownFileType = sourcecode.c.objc; path = TRCUtils.m; sourceTree = "<group>"; };
		FA4116511B1F8ECB00AC5E8A /* TRCInfrastructure.h */ = {isa = PBXFileReference; fileEncoding = 4; lastKnownFileType = sourcecode.c.h; path = TRCInfrastructure.h; sourceTree = "<group>"; };
		FA4116521B1F8ECB00AC5E8A /* TRCSchemaData.h */ = {isa = PBXFileReference; fileEncoding = 4; lastKnownFileType = sourcecode.c.h; path = TRCSchemaData.h; sourceTree = "<group>"; };
		FA4116531B1F8ECB00AC5E8A /* TRCConnection.h */ = {isa = PBXFileReference; fileEncoding = 4; lastKnownFileType = sourcecode.c.h; path = TRCConnection.h; sourceTree = "<group>"; };
		FA4116541B1F8ECB00AC5E8A /* TRCErrorHandler.h */ = {isa = PBXFileReference; fileEncoding = 4; lastKnownFileType = sourcecode.c.h; path = TRCErrorHandler.h; sourceTree = "<group>"; };
		FA4116551B1F8ECB00AC5E8A /* TRCObjectMapper.h */ = {isa = PBXFileReference; fileEncoding = 4; lastKnownFileType = sourcecode.c.h; path = TRCObjectMapper.h; sourceTree = "<group>"; };
		FA4116561B1F8ECB00AC5E8A /* TRCPostProcessor.h */ = {isa = PBXFileReference; fileEncoding = 4; lastKnownFileType = sourcecode.c.h; path = TRCPostProcessor.h; sourceTree = "<group>"; };
		FA4116571B1F8ECB00AC5E8A /* TRCRequest.h */ = {isa = PBXFileReference; fileEncoding = 4; lastKnownFileType = sourcecode.c.h; path = TRCRequest.h; sourceTree = "<group>"; };
		FA4116581B1F8ECB00AC5E8A /* TRCValueTransformer.h */ = {isa = PBXFileReference; fileEncoding = 4; lastKnownFileType = sourcecode.c.h; path = TRCValueTransformer.h; sourceTree = "<group>"; };
		FA4116591B1F8ECB00AC5E8A /* TyphoonRestClient.h */ = {isa = PBXFileReference; fileEncoding = 4; lastKnownFileType = sourcecode.c.h; path = TyphoonRestClient.h; sourceTree = "<group>"; };
		FA41165A1B1F8ECB00AC5E8A /* TyphoonRestClient.m */ = {isa = PBXFileReference; fileEncoding = 4; lastKnownFileType = sourcecode.c.objc; path = TyphoonRestClient.m; sourceTree = "<group>"; };
		FA41165B1B1F8ECB00AC5E8A /* TyphoonRestClientErrors.h */ = {isa = PBXFileReference; fileEncoding = 4; lastKnownFileType = sourcecode.c.h; path = TyphoonRestClientErrors.h; sourceTree = "<group>"; };
		FAA6841E1ABED8EC00EF4CB6 /* TyphoonRestClientDemo.app */ = {isa = PBXFileReference; explicitFileType = wrapper.application; includeInIndex = 0; path = TyphoonRestClientDemo.app; sourceTree = BUILT_PRODUCTS_DIR; };
		FAA684221ABED8EC00EF4CB6 /* Info.plist */ = {isa = PBXFileReference; lastKnownFileType = text.plist.xml; path = Info.plist; sourceTree = "<group>"; };
		FAA684231ABED8EC00EF4CB6 /* main.m */ = {isa = PBXFileReference; lastKnownFileType = sourcecode.c.objc; path = main.m; sourceTree = "<group>"; };
		FAA684251ABED8EC00EF4CB6 /* AppDelegate.h */ = {isa = PBXFileReference; lastKnownFileType = sourcecode.c.h; path = AppDelegate.h; sourceTree = "<group>"; };
		FAA684261ABED8EC00EF4CB6 /* AppDelegate.m */ = {isa = PBXFileReference; lastKnownFileType = sourcecode.c.objc; path = AppDelegate.m; sourceTree = "<group>"; };
		FAA684281ABED8EC00EF4CB6 /* ViewController.h */ = {isa = PBXFileReference; lastKnownFileType = sourcecode.c.h; path = ViewController.h; sourceTree = "<group>"; };
		FAA684291ABED8EC00EF4CB6 /* ViewController.m */ = {isa = PBXFileReference; lastKnownFileType = sourcecode.c.objc; path = ViewController.m; sourceTree = "<group>"; };
		FAA6842C1ABED8EC00EF4CB6 /* Base */ = {isa = PBXFileReference; lastKnownFileType = file.storyboard; name = Base; path = Base.lproj/Main.storyboard; sourceTree = "<group>"; };
		FAA6842E1ABED8EC00EF4CB6 /* Images.xcassets */ = {isa = PBXFileReference; lastKnownFileType = folder.assetcatalog; path = Images.xcassets; sourceTree = "<group>"; };
		FAA684311ABED8EC00EF4CB6 /* Base */ = {isa = PBXFileReference; lastKnownFileType = file.xib; name = Base; path = Base.lproj/LaunchScreen.xib; sourceTree = "<group>"; };
		FAA684781ABEDF8C00EF4CB6 /* RequestToGetIssues.h */ = {isa = PBXFileReference; fileEncoding = 4; lastKnownFileType = sourcecode.c.h; path = RequestToGetIssues.h; sourceTree = "<group>"; };
		FAA684791ABEDF8C00EF4CB6 /* RequestToGetIssues.m */ = {isa = PBXFileReference; fileEncoding = 4; lastKnownFileType = sourcecode.c.objc; path = RequestToGetIssues.m; sourceTree = "<group>"; };
		FAA6847B1ABEE5DC00EF4CB6 /* RequestToGetIssues.response.json */ = {isa = PBXFileReference; fileEncoding = 4; lastKnownFileType = text.json; path = RequestToGetIssues.response.json; sourceTree = "<group>"; };
		FAA6847E1ABEEDD600EF4CB6 /* TRCValueTransformerDateISO8601.h */ = {isa = PBXFileReference; fileEncoding = 4; lastKnownFileType = sourcecode.c.h; path = TRCValueTransformerDateISO8601.h; sourceTree = "<group>"; };
		FAA6847F1ABEEDD600EF4CB6 /* TRCValueTransformerDateISO8601.m */ = {isa = PBXFileReference; fileEncoding = 4; lastKnownFileType = sourcecode.c.objc; path = TRCValueTransformerDateISO8601.m; sourceTree = "<group>"; };
		FAA684811ABEF1F300EF4CB6 /* Issue.h */ = {isa = PBXFileReference; fileEncoding = 4; lastKnownFileType = sourcecode.c.h; path = Issue.h; sourceTree = "<group>"; };
		FAA684821ABEF1F300EF4CB6 /* Issue.m */ = {isa = PBXFileReference; fileEncoding = 4; lastKnownFileType = sourcecode.c.objc; path = Issue.m; sourceTree = "<group>"; };
		FAA684851ABEFA4400EF4CB6 /* TRCObjectMapperIssue.h */ = {isa = PBXFileReference; fileEncoding = 4; lastKnownFileType = sourcecode.c.h; path = TRCObjectMapperIssue.h; sourceTree = "<group>"; };
		FAA684861ABEFA4400EF4CB6 /* TRCObjectMapperIssue.m */ = {isa = PBXFileReference; fileEncoding = 4; lastKnownFileType = sourcecode.c.objc; path = TRCObjectMapperIssue.m; sourceTree = "<group>"; };
		FAA684881ABEFAAC00EF4CB6 /* TRCObjectMapperIssue.response.json */ = {isa = PBXFileReference; fileEncoding = 4; lastKnownFileType = text.json; path = TRCObjectMapperIssue.response.json; sourceTree = "<group>"; };
		FAA6848B1ABEFF9F00EF4CB6 /* RequestToGetIssue.m */ = {isa = PBXFileReference; fileEncoding = 4; lastKnownFileType = sourcecode.c.objc; path = RequestToGetIssue.m; sourceTree = "<group>"; };
		FAA6848D1ABEFFE400EF4CB6 /* RequestToGetIssue.h */ = {isa = PBXFileReference; fileEncoding = 4; lastKnownFileType = sourcecode.c.h; path = RequestToGetIssue.h; sourceTree = "<group>"; };
		FAA6848E1ABEFFE400EF4CB6 /* RequestToGetIssue.response.json */ = {isa = PBXFileReference; fileEncoding = 4; lastKnownFileType = text.json; path = RequestToGetIssue.response.json; sourceTree = "<group>"; };
		FC78FF1BBD1A36FA08D61C2A /* Pods-TyphoonRestClientDemo.debug.xcconfig */ = {isa = PBXFileReference; includeInIndex = 1; lastKnownFileType = text.xcconfig; name = "Pods-TyphoonRestClientDemo.debug.xcconfig"; path = "Pods/Target Support Files/Pods-TyphoonRestClientDemo/Pods-TyphoonRestClientDemo.debug.xcconfig"; sourceTree = "<group>"; };
/* End PBXFileReference section */

/* Begin PBXFrameworksBuildPhase section */
		FAA6841B1ABED8EC00EF4CB6 /* Frameworks */ = {
			isa = PBXFrameworksBuildPhase;
			buildActionMask = 2147483647;
			files = (
				76417E2E51EAEE070F95A75E /* libPods-TyphoonRestClientDemo.a in Frameworks */,
			);
			runOnlyForDeploymentPostprocessing = 0;
		};
/* End PBXFrameworksBuildPhase section */

/* Begin PBXGroup section */
		A05A17BD45E8E0E248B81E35 /* Pods */ = {
			isa = PBXGroup;
			children = (
				FC78FF1BBD1A36FA08D61C2A /* Pods-TyphoonRestClientDemo.debug.xcconfig */,
				98AE606D5F53EE29BDA355AA /* Pods-TyphoonRestClientDemo.release.xcconfig */,
			);
			name = Pods;
			sourceTree = "<group>";
		};
		B4C3295317BF30E3A6E75CB3 /* Frameworks */ = {
			isa = PBXGroup;
			children = (
				D228E71A9F064D5B48A851DA /* libPods-TyphoonRestClientDemo.a */,
			);
			name = Frameworks;
			sourceTree = "<group>";
		};
		FA4116161B1F8ECB00AC5E8A /* TyphoonRestClient */ = {
			isa = PBXGroup;
			children = (
				FA4116171B1F8ECB00AC5E8A /* Extras */,
				FA41163B1B1F8ECB00AC5E8A /* Internal */,
				FA41164F1B1F8ECB00AC5E8A /* Protocols */,
				FA4116591B1F8ECB00AC5E8A /* TyphoonRestClient.h */,
				FA41165A1B1F8ECB00AC5E8A /* TyphoonRestClient.m */,
				FA41165B1B1F8ECB00AC5E8A /* TyphoonRestClientErrors.h */,
			);
			name = TyphoonRestClient;
			path = ../../../TyphoonRestClient;
			sourceTree = "<group>";
		};
		FA4116171B1F8ECB00AC5E8A /* Extras */ = {
			isa = PBXGroup;
			children = (
				FA4116181B1F8ECB00AC5E8A /* Connections */,
				FA4116211B1F8ECB00AC5E8A /* DataConverters */,
				FA4116281B1F8ECB00AC5E8A /* SchemeDatas */,
				FA41162C1B1F8ECB00AC5E8A /* Serializations */,
			);
			path = Extras;
			sourceTree = "<group>";
		};
		FA4116181B1F8ECB00AC5E8A /* Connections */ = {
			isa = PBXGroup;
			children = (
				FA4116191B1F8ECB00AC5E8A /* TRCConnectionAFNetworking.h */,
				FA41161A1B1F8ECB00AC5E8A /* TRCConnectionAFNetworking.m */,
				FA41161B1B1F8ECB00AC5E8A /* TRCConnectionLogger.h */,
				FA41161C1B1F8ECB00AC5E8A /* TRCConnectionLogger.m */,
				FA41161D1B1F8ECB00AC5E8A /* TRCConnectionProxy.h */,
				FA41161E1B1F8ECB00AC5E8A /* TRCConnectionProxy.m */,
				FA41161F1B1F8ECB00AC5E8A /* TRCConnectionStub.h */,
				FA4116201B1F8ECB00AC5E8A /* TRCConnectionStub.m */,
			);
			path = Connections;
			sourceTree = "<group>";
		};
		FA4116211B1F8ECB00AC5E8A /* DataConverters */ = {
			isa = PBXGroup;
			children = (
				FA4116221B1F8ECB00AC5E8A /* TRCValueTransformerNumber.h */,
				FA4116231B1F8ECB00AC5E8A /* TRCValueTransformerNumber.m */,
				FA4116241B1F8ECB00AC5E8A /* TRCValueTransformerString.h */,
				FA4116251B1F8ECB00AC5E8A /* TRCValueTransformerString.m */,
				FA4116261B1F8ECB00AC5E8A /* TRCValueTransformerUrl.h */,
				FA4116271B1F8ECB00AC5E8A /* TRCValueTransformerUrl.m */,
			);
			path = DataConverters;
			sourceTree = "<group>";
		};
		FA4116281B1F8ECB00AC5E8A /* SchemeDatas */ = {
			isa = PBXGroup;
			children = (
				FA4116291B1F8ECB00AC5E8A /* Dictionary */,
			);
			path = SchemeDatas;
			sourceTree = "<group>";
		};
		FA4116291B1F8ECB00AC5E8A /* Dictionary */ = {
			isa = PBXGroup;
			children = (
				FA41162A1B1F8ECB00AC5E8A /* TRCSchemaDictionaryData.h */,
				FA41162B1B1F8ECB00AC5E8A /* TRCSchemaDictionaryData.m */,
			);
			path = Dictionary;
			sourceTree = "<group>";
		};
		FA41162C1B1F8ECB00AC5E8A /* Serializations */ = {
			isa = PBXGroup;
			children = (
				FA41162D1B1F8ECB00AC5E8A /* TRCSerializerData.h */,
				FA41162E1B1F8ECB00AC5E8A /* TRCSerializerData.m */,
				FA41162F1B1F8ECB00AC5E8A /* TRCSerializerHttpQuery.h */,
				FA4116301B1F8ECB00AC5E8A /* TRCSerializerHttpQuery.m */,
				FA4116311B1F8ECB00AC5E8A /* TRCSerializerImage.h */,
				FA4116321B1F8ECB00AC5E8A /* TRCSerializerImage.m */,
				FA4116331B1F8ECB00AC5E8A /* TRCSerializerInputStream.h */,
				FA4116341B1F8ECB00AC5E8A /* TRCSerializerInputStream.m */,
				FA4116351B1F8ECB00AC5E8A /* TRCSerializerJson.h */,
				FA4116361B1F8ECB00AC5E8A /* TRCSerializerJson.m */,
				FA4116371B1F8ECB00AC5E8A /* TRCSerializerPlist.h */,
				FA4116381B1F8ECB00AC5E8A /* TRCSerializerPlist.m */,
				FA4116391B1F8ECB00AC5E8A /* TRCSerializerString.h */,
				FA41163A1B1F8ECB00AC5E8A /* TRCSerializerString.m */,
			);
			path = Serializations;
			sourceTree = "<group>";
		};
		FA41163B1B1F8ECB00AC5E8A /* Internal */ = {
			isa = PBXGroup;
			children = (
				FA41163C1B1F8ECB00AC5E8A /* Converter */,
				FA4116401B1F8ECB00AC5E8A /* Scheme */,
				FA4116481B1F8ECB00AC5E8A /* SchemeFactory */,
				FA41164B1B1F8ECB00AC5E8A /* Utils */,
			);
			path = Internal;
			sourceTree = "<group>";
		};
		FA41163C1B1F8ECB00AC5E8A /* Converter */ = {
			isa = PBXGroup;
			children = (
				FA41163D1B1F8ECB00AC5E8A /* TRCConverter.h */,
				FA41163E1B1F8ECB00AC5E8A /* TRCConverter.m */,
				FA41163F1B1F8ECB00AC5E8A /* TRCConvertersRegistry.h */,
			);
			path = Converter;
			sourceTree = "<group>";
		};
		FA4116401B1F8ECB00AC5E8A /* Scheme */ = {
			isa = PBXGroup;
			children = (
				FA4116411B1F8ECB00AC5E8A /* Data */,
				FA4116441B1F8ECB00AC5E8A /* TRCSchema.h */,
				FA4116451B1F8ECB00AC5E8A /* TRCSchema.m */,
				FA4116461B1F8ECB00AC5E8A /* TRCSchemaStackTrace.h */,
				FA4116471B1F8ECB00AC5E8A /* TRCSchemaStackTrace.m */,
			);
			path = Scheme;
			sourceTree = "<group>";
		};
		FA4116411B1F8ECB00AC5E8A /* Data */ = {
			isa = PBXGroup;
			children = (
				FA4116421B1F8ECB00AC5E8A /* TRCSchemaDataValueOptions.h */,
				FA4116431B1F8ECB00AC5E8A /* TRCSchemaDataValueOptions.m */,
			);
			path = Data;
			sourceTree = "<group>";
		};
		FA4116481B1F8ECB00AC5E8A /* SchemeFactory */ = {
			isa = PBXGroup;
			children = (
				FA4116491B1F8ECB00AC5E8A /* TRCSchemeFactory.h */,
				FA41164A1B1F8ECB00AC5E8A /* TRCSchemeFactory.m */,
			);
			path = SchemeFactory;
			sourceTree = "<group>";
		};
		FA41164B1B1F8ECB00AC5E8A /* Utils */ = {
			isa = PBXGroup;
			children = (
				FA41164C1B1F8ECB00AC5E8A /* TRCBuiltInObjects.h */,
				FA41164D1B1F8ECB00AC5E8A /* TRCUtils.h */,
				FA41164E1B1F8ECB00AC5E8A /* TRCUtils.m */,
			);
			path = Utils;
			sourceTree = "<group>";
		};
		FA41164F1B1F8ECB00AC5E8A /* Protocols */ = {
			isa = PBXGroup;
			children = (
				FA4116501B1F8ECB00AC5E8A /* Infrastructure */,
				FA4116531B1F8ECB00AC5E8A /* TRCConnection.h */,
				FA4116541B1F8ECB00AC5E8A /* TRCErrorHandler.h */,
				FA4116551B1F8ECB00AC5E8A /* TRCObjectMapper.h */,
				FA4116561B1F8ECB00AC5E8A /* TRCPostProcessor.h */,
				FA4116571B1F8ECB00AC5E8A /* TRCRequest.h */,
				FA4116581B1F8ECB00AC5E8A /* TRCValueTransformer.h */,
			);
			path = Protocols;
			sourceTree = "<group>";
		};
		FA4116501B1F8ECB00AC5E8A /* Infrastructure */ = {
			isa = PBXGroup;
			children = (
				FA4116511B1F8ECB00AC5E8A /* TRCInfrastructure.h */,
				FA4116521B1F8ECB00AC5E8A /* TRCSchemaData.h */,
			);
			path = Infrastructure;
			sourceTree = "<group>";
		};
		FAA684151ABED8EC00EF4CB6 = {
			isa = PBXGroup;
			children = (
				FAA684201ABED8EC00EF4CB6 /* TyphoonRestClientDemo */,
				FAA6841F1ABED8EC00EF4CB6 /* Products */,
				A05A17BD45E8E0E248B81E35 /* Pods */,
				B4C3295317BF30E3A6E75CB3 /* Frameworks */,
			);
			sourceTree = "<group>";
		};
		FAA6841F1ABED8EC00EF4CB6 /* Products */ = {
			isa = PBXGroup;
			children = (
				FAA6841E1ABED8EC00EF4CB6 /* TyphoonRestClientDemo.app */,
			);
			name = Products;
			sourceTree = "<group>";
		};
		FAA684201ABED8EC00EF4CB6 /* TyphoonRestClientDemo */ = {
			isa = PBXGroup;
			children = (
				FA4116161B1F8ECB00AC5E8A /* TyphoonRestClient */,
				FAA684751ABEDAA200EF4CB6 /* Requests */,
				FAA6847D1ABEEB2900EF4CB6 /* ValueTransformers */,
				FAA684841ABEFA3200EF4CB6 /* ObjectMappers */,
				FAA684811ABEF1F300EF4CB6 /* Issue.h */,
				FAA684821ABEF1F300EF4CB6 /* Issue.m */,
				FAA684251ABED8EC00EF4CB6 /* AppDelegate.h */,
				FAA684261ABED8EC00EF4CB6 /* AppDelegate.m */,
				FAA684281ABED8EC00EF4CB6 /* ViewController.h */,
				FAA684291ABED8EC00EF4CB6 /* ViewController.m */,
				FAA6842B1ABED8EC00EF4CB6 /* Main.storyboard */,
				FAA6842E1ABED8EC00EF4CB6 /* Images.xcassets */,
				FAA684301ABED8EC00EF4CB6 /* LaunchScreen.xib */,
				FAA684211ABED8EC00EF4CB6 /* Supporting Files */,
			);
			path = TyphoonRestClientDemo;
			sourceTree = "<group>";
		};
		FAA684211ABED8EC00EF4CB6 /* Supporting Files */ = {
			isa = PBXGroup;
			children = (
				FAA684221ABED8EC00EF4CB6 /* Info.plist */,
				FAA684231ABED8EC00EF4CB6 /* main.m */,
			);
			name = "Supporting Files";
			sourceTree = "<group>";
		};
		FAA684751ABEDAA200EF4CB6 /* Requests */ = {
			isa = PBXGroup;
			children = (
				FAA684781ABEDF8C00EF4CB6 /* RequestToGetIssues.h */,
				FAA684791ABEDF8C00EF4CB6 /* RequestToGetIssues.m */,
				FAA6847B1ABEE5DC00EF4CB6 /* RequestToGetIssues.response.json */,
				FAA6848D1ABEFFE400EF4CB6 /* RequestToGetIssue.h */,
				FAA6848B1ABEFF9F00EF4CB6 /* RequestToGetIssue.m */,
				FAA6848E1ABEFFE400EF4CB6 /* RequestToGetIssue.response.json */,
			);
			path = Requests;
			sourceTree = "<group>";
		};
		FAA6847D1ABEEB2900EF4CB6 /* ValueTransformers */ = {
			isa = PBXGroup;
			children = (
				FAA6847E1ABEEDD600EF4CB6 /* TRCValueTransformerDateISO8601.h */,
				FAA6847F1ABEEDD600EF4CB6 /* TRCValueTransformerDateISO8601.m */,
			);
			path = ValueTransformers;
			sourceTree = "<group>";
		};
		FAA684841ABEFA3200EF4CB6 /* ObjectMappers */ = {
			isa = PBXGroup;
			children = (
				FAA684851ABEFA4400EF4CB6 /* TRCObjectMapperIssue.h */,
				FAA684861ABEFA4400EF4CB6 /* TRCObjectMapperIssue.m */,
				FAA684881ABEFAAC00EF4CB6 /* TRCObjectMapperIssue.response.json */,
			);
			path = ObjectMappers;
			sourceTree = "<group>";
		};
/* End PBXGroup section */

/* Begin PBXNativeTarget section */
		FAA6841D1ABED8EC00EF4CB6 /* TyphoonRestClientDemo */ = {
			isa = PBXNativeTarget;
			buildConfigurationList = FAA684411ABED8EC00EF4CB6 /* Build configuration list for PBXNativeTarget "TyphoonRestClientDemo" */;
			buildPhases = (
				127CE5DBF2DB9379D2FD963E /* Check Pods Manifest.lock */,
				FAA6841A1ABED8EC00EF4CB6 /* Sources */,
				FAA6841B1ABED8EC00EF4CB6 /* Frameworks */,
				FAA6841C1ABED8EC00EF4CB6 /* Resources */,
				7202F0F65780FEB3C53E6E28 /* Copy Pods Resources */,
			);
			buildRules = (
			);
			dependencies = (
			);
			name = TyphoonRestClientDemo;
			productName = TyphoonRestClientDemo;
			productReference = FAA6841E1ABED8EC00EF4CB6 /* TyphoonRestClientDemo.app */;
			productType = "com.apple.product-type.application";
		};
/* End PBXNativeTarget section */

/* Begin PBXProject section */
		FAA684161ABED8EC00EF4CB6 /* Project object */ = {
			isa = PBXProject;
			attributes = {
				LastUpgradeCheck = 0620;
				ORGANIZATIONNAME = AppsQuick.ly;
				TargetAttributes = {
					FAA6841D1ABED8EC00EF4CB6 = {
						CreatedOnToolsVersion = 6.2;
					};
				};
			};
			buildConfigurationList = FAA684191ABED8EC00EF4CB6 /* Build configuration list for PBXProject "TyphoonRestClientDemo" */;
			compatibilityVersion = "Xcode 3.2";
			developmentRegion = English;
			hasScannedForEncodings = 0;
			knownRegions = (
				en,
				Base,
			);
			mainGroup = FAA684151ABED8EC00EF4CB6;
			productRefGroup = FAA6841F1ABED8EC00EF4CB6 /* Products */;
			projectDirPath = "";
			projectRoot = "";
			targets = (
				FAA6841D1ABED8EC00EF4CB6 /* TyphoonRestClientDemo */,
			);
		};
/* End PBXProject section */

/* Begin PBXResourcesBuildPhase section */
		FAA6841C1ABED8EC00EF4CB6 /* Resources */ = {
			isa = PBXResourcesBuildPhase;
			buildActionMask = 2147483647;
			files = (
				FAA6842D1ABED8EC00EF4CB6 /* Main.storyboard in Resources */,
				FAA684321ABED8EC00EF4CB6 /* LaunchScreen.xib in Resources */,
				FAA684891ABEFAAC00EF4CB6 /* TRCObjectMapperIssue.response.json in Resources */,
				FAA6842F1ABED8EC00EF4CB6 /* Images.xcassets in Resources */,
				FAA6848F1ABEFFE400EF4CB6 /* RequestToGetIssue.response.json in Resources */,
				FAA6847C1ABEE5DC00EF4CB6 /* RequestToGetIssues.response.json in Resources */,
			);
			runOnlyForDeploymentPostprocessing = 0;
		};
/* End PBXResourcesBuildPhase section */

/* Begin PBXShellScriptBuildPhase section */
		127CE5DBF2DB9379D2FD963E /* Check Pods Manifest.lock */ = {
			isa = PBXShellScriptBuildPhase;
			buildActionMask = 2147483647;
			files = (
			);
			inputPaths = (
			);
			name = "Check Pods Manifest.lock";
			outputPaths = (
			);
			runOnlyForDeploymentPostprocessing = 0;
			shellPath = /bin/sh;
			shellScript = "diff \"${PODS_ROOT}/../Podfile.lock\" \"${PODS_ROOT}/Manifest.lock\" > /dev/null\nif [[ $? != 0 ]] ; then\n    cat << EOM\nerror: The sandbox is not in sync with the Podfile.lock. Run 'pod install' or update your CocoaPods installation.\nEOM\n    exit 1\nfi\n";
			showEnvVarsInLog = 0;
		};
		7202F0F65780FEB3C53E6E28 /* Copy Pods Resources */ = {
			isa = PBXShellScriptBuildPhase;
			buildActionMask = 2147483647;
			files = (
			);
			inputPaths = (
			);
			name = "Copy Pods Resources";
			outputPaths = (
			);
			runOnlyForDeploymentPostprocessing = 0;
			shellPath = /bin/sh;
			shellScript = "\"${SRCROOT}/Pods/Target Support Files/Pods-TyphoonRestClientDemo/Pods-TyphoonRestClientDemo-resources.sh\"\n";
			showEnvVarsInLog = 0;
		};
/* End PBXShellScriptBuildPhase section */

/* Begin PBXSourcesBuildPhase section */
		FAA6841A1ABED8EC00EF4CB6 /* Sources */ = {
			isa = PBXSourcesBuildPhase;
			buildActionMask = 2147483647;
			files = (
				FA4116611B1F8ECB00AC5E8A /* TRCValueTransformerString.m in Sources */,
				FAA6847A1ABEDF8C00EF4CB6 /* RequestToGetIssues.m in Sources */,
				FA41165F1B1F8ECB00AC5E8A /* TRCConnectionStub.m in Sources */,
				FA41166A1B1F8ECB00AC5E8A /* TRCSerializerString.m in Sources */,
				FA41165D1B1F8ECB00AC5E8A /* TRCConnectionLogger.m in Sources */,
				FA4116701B1F8ECB00AC5E8A /* TRCUtils.m in Sources */,
				FA4116641B1F8ECB00AC5E8A /* TRCSerializerData.m in Sources */,
				FAA6842A1ABED8EC00EF4CB6 /* ViewController.m in Sources */,
				FA41166E1B1F8ECB00AC5E8A /* TRCSchemaStackTrace.m in Sources */,
				FA4116621B1F8ECB00AC5E8A /* TRCValueTransformerUrl.m in Sources */,
				FA41166C1B1F8ECB00AC5E8A /* TRCSchemaDataValueOptions.m in Sources */,
				FAA684801ABEEDD600EF4CB6 /* TRCValueTransformerDateISO8601.m in Sources */,
				FAA684271ABED8EC00EF4CB6 /* AppDelegate.m in Sources */,
				FA4116601B1F8ECB00AC5E8A /* TRCValueTransformerNumber.m in Sources */,
				FAA684241ABED8EC00EF4CB6 /* main.m in Sources */,
				FA4116681B1F8ECB00AC5E8A /* TRCSerializerJson.m in Sources */,
				FA41165E1B1F8ECB00AC5E8A /* TRCConnectionProxy.m in Sources */,
				FA4116651B1F8ECB00AC5E8A /* TRCSerializerHttpQuery.m in Sources */,
				FA4116711B1F8ECB00AC5E8A /* TyphoonRestClient.m in Sources */,
				FA41165C1B1F8ECB00AC5E8A /* TRCConnectionAFNetworking.m in Sources */,
				FA4116661B1F8ECB00AC5E8A /* TRCSerializerImage.m in Sources */,
				FA41166F1B1F8ECB00AC5E8A /* TRCSchemeFactory.m in Sources */,
				FA4116691B1F8ECB00AC5E8A /* TRCSerializerPlist.m in Sources */,
				FA41166B1B1F8ECB00AC5E8A /* TRCConverter.m in Sources */,
				FAA684831ABEF1F300EF4CB6 /* Issue.m in Sources */,
				FA4116671B1F8ECB00AC5E8A /* TRCSerializerInputStream.m in Sources */,
				FA41166D1B1F8ECB00AC5E8A /* TRCSchema.m in Sources */,
				FAA6848C1ABEFF9F00EF4CB6 /* RequestToGetIssue.m in Sources */,
				FA4116631B1F8ECB00AC5E8A /* TRCSchemaDictionaryData.m in Sources */,
				FAA684871ABEFA4400EF4CB6 /* TRCObjectMapperIssue.m in Sources */,
			);
			runOnlyForDeploymentPostprocessing = 0;
		};
/* End PBXSourcesBuildPhase section */

/* Begin PBXVariantGroup section */
		FAA6842B1ABED8EC00EF4CB6 /* Main.storyboard */ = {
			isa = PBXVariantGroup;
			children = (
				FAA6842C1ABED8EC00EF4CB6 /* Base */,
			);
			name = Main.storyboard;
			sourceTree = "<group>";
		};
		FAA684301ABED8EC00EF4CB6 /* LaunchScreen.xib */ = {
			isa = PBXVariantGroup;
			children = (
				FAA684311ABED8EC00EF4CB6 /* Base */,
			);
			name = LaunchScreen.xib;
			sourceTree = "<group>";
		};
/* End PBXVariantGroup section */

/* Begin XCBuildConfiguration section */
		FAA6843F1ABED8EC00EF4CB6 /* Debug */ = {
			isa = XCBuildConfiguration;
			buildSettings = {
				ALWAYS_SEARCH_USER_PATHS = NO;
				CLANG_CXX_LANGUAGE_STANDARD = "gnu++0x";
				CLANG_CXX_LIBRARY = "libc++";
				CLANG_ENABLE_MODULES = YES;
				CLANG_ENABLE_OBJC_ARC = YES;
				CLANG_WARN_BOOL_CONVERSION = YES;
				CLANG_WARN_CONSTANT_CONVERSION = YES;
				CLANG_WARN_DIRECT_OBJC_ISA_USAGE = YES_ERROR;
				CLANG_WARN_EMPTY_BODY = YES;
				CLANG_WARN_ENUM_CONVERSION = YES;
				CLANG_WARN_INT_CONVERSION = YES;
				CLANG_WARN_OBJC_ROOT_CLASS = YES_ERROR;
				CLANG_WARN_UNREACHABLE_CODE = YES;
				CLANG_WARN__DUPLICATE_METHOD_MATCH = YES;
				"CODE_SIGN_IDENTITY[sdk=iphoneos*]" = "iPhone Developer";
				COPY_PHASE_STRIP = NO;
				ENABLE_STRICT_OBJC_MSGSEND = YES;
				GCC_C_LANGUAGE_STANDARD = gnu99;
				GCC_DYNAMIC_NO_PIC = NO;
				GCC_OPTIMIZATION_LEVEL = 0;
				GCC_PREPROCESSOR_DEFINITIONS = (
					"DEBUG=1",
					"$(inherited)",
				);
				GCC_SYMBOLS_PRIVATE_EXTERN = NO;
				GCC_WARN_64_TO_32_BIT_CONVERSION = YES;
				GCC_WARN_ABOUT_RETURN_TYPE = YES_ERROR;
				GCC_WARN_UNDECLARED_SELECTOR = YES;
				GCC_WARN_UNINITIALIZED_AUTOS = YES_AGGRESSIVE;
				GCC_WARN_UNUSED_FUNCTION = YES;
				GCC_WARN_UNUSED_VARIABLE = YES;
				IPHONEOS_DEPLOYMENT_TARGET = 8.2;
				MTL_ENABLE_DEBUG_INFO = YES;
				ONLY_ACTIVE_ARCH = YES;
				SDKROOT = iphoneos;
			};
			name = Debug;
		};
		FAA684401ABED8EC00EF4CB6 /* Release */ = {
			isa = XCBuildConfiguration;
			buildSettings = {
				ALWAYS_SEARCH_USER_PATHS = NO;
				CLANG_CXX_LANGUAGE_STANDARD = "gnu++0x";
				CLANG_CXX_LIBRARY = "libc++";
				CLANG_ENABLE_MODULES = YES;
				CLANG_ENABLE_OBJC_ARC = YES;
				CLANG_WARN_BOOL_CONVERSION = YES;
				CLANG_WARN_CONSTANT_CONVERSION = YES;
				CLANG_WARN_DIRECT_OBJC_ISA_USAGE = YES_ERROR;
				CLANG_WARN_EMPTY_BODY = YES;
				CLANG_WARN_ENUM_CONVERSION = YES;
				CLANG_WARN_INT_CONVERSION = YES;
				CLANG_WARN_OBJC_ROOT_CLASS = YES_ERROR;
				CLANG_WARN_UNREACHABLE_CODE = YES;
				CLANG_WARN__DUPLICATE_METHOD_MATCH = YES;
				"CODE_SIGN_IDENTITY[sdk=iphoneos*]" = "iPhone Developer";
				COPY_PHASE_STRIP = NO;
				ENABLE_NS_ASSERTIONS = NO;
				ENABLE_STRICT_OBJC_MSGSEND = YES;
				GCC_C_LANGUAGE_STANDARD = gnu99;
				GCC_WARN_64_TO_32_BIT_CONVERSION = YES;
				GCC_WARN_ABOUT_RETURN_TYPE = YES_ERROR;
				GCC_WARN_UNDECLARED_SELECTOR = YES;
				GCC_WARN_UNINITIALIZED_AUTOS = YES_AGGRESSIVE;
				GCC_WARN_UNUSED_FUNCTION = YES;
				GCC_WARN_UNUSED_VARIABLE = YES;
				IPHONEOS_DEPLOYMENT_TARGET = 8.2;
				MTL_ENABLE_DEBUG_INFO = NO;
				SDKROOT = iphoneos;
				VALIDATE_PRODUCT = YES;
			};
			name = Release;
		};
		FAA684421ABED8EC00EF4CB6 /* Debug */ = {
			isa = XCBuildConfiguration;
			baseConfigurationReference = FC78FF1BBD1A36FA08D61C2A /* Pods-TyphoonRestClientDemo.debug.xcconfig */;
			buildSettings = {
				ASSETCATALOG_COMPILER_APPICON_NAME = AppIcon;
				INFOPLIST_FILE = TyphoonRestClientDemo/Info.plist;
				LD_RUNPATH_SEARCH_PATHS = "$(inherited) @executable_path/Frameworks";
				PRODUCT_NAME = "$(TARGET_NAME)";
			};
			name = Debug;
		};
		FAA684431ABED8EC00EF4CB6 /* Release */ = {
			isa = XCBuildConfiguration;
			baseConfigurationReference = 98AE606D5F53EE29BDA355AA /* Pods-TyphoonRestClientDemo.release.xcconfig */;
			buildSettings = {
				ASSETCATALOG_COMPILER_APPICON_NAME = AppIcon;
				INFOPLIST_FILE = TyphoonRestClientDemo/Info.plist;
				LD_RUNPATH_SEARCH_PATHS = "$(inherited) @executable_path/Frameworks";
				PRODUCT_NAME = "$(TARGET_NAME)";
			};
			name = Release;
		};
/* End XCBuildConfiguration section */

/* Begin XCConfigurationList section */
		FAA684191ABED8EC00EF4CB6 /* Build configuration list for PBXProject "TyphoonRestClientDemo" */ = {
			isa = XCConfigurationList;
			buildConfigurations = (
				FAA6843F1ABED8EC00EF4CB6 /* Debug */,
				FAA684401ABED8EC00EF4CB6 /* Release */,
			);
			defaultConfigurationIsVisible = 0;
			defaultConfigurationName = Release;
		};
		FAA684411ABED8EC00EF4CB6 /* Build configuration list for PBXNativeTarget "TyphoonRestClientDemo" */ = {
			isa = XCConfigurationList;
			buildConfigurations = (
				FAA684421ABED8EC00EF4CB6 /* Debug */,
				FAA684431ABED8EC00EF4CB6 /* Release */,
			);
			defaultConfigurationIsVisible = 0;
			defaultConfigurationName = Release;
		};
/* End XCConfigurationList section */
	};
	rootObject = FAA684161ABED8EC00EF4CB6 /* Project object */;
}
