// !$*UTF8*$!
{
	archiveVersion = 1;
	classes = {
	};
	objectVersion = 46;
	objects = {

/* Begin PBXBuildFile section */
		2DBA10F6D20316CBD2233306 /* TRCUtilsTests.m in Sources */ = {isa = PBXBuildFile; fileRef = 2DBA1D5D6A4F1CD450673422 /* TRCUtilsTests.m */; };
		2DBA120634800EF8507024AD /* PersonsList.json in Resources */ = {isa = PBXBuildFile; fileRef = 2DBA104BA4D6F38FB51EC684 /* PersonsList.json */; };
		2DBA178CC76E21D9C1C6DCBE /* TRCMapperPerson.json in Resources */ = {isa = PBXBuildFile; fileRef = 2DBA1A63E0B2BDDB5D227E95 /* TRCMapperPerson.json */; };
		2DBA17F737835F7EDA40FA64 /* TRCMapperPhone.m in Sources */ = {isa = PBXBuildFile; fileRef = 2DBA10AE04851CC3BDE7480A /* TRCMapperPhone.m */; };
		2DBA1D2D9A36B17788C70C55 /* TRCConnectionLogger.m in Sources */ = {isa = PBXBuildFile; fileRef = 2DBA124E62BE34E0A5539F39 /* TRCConnectionLogger.m */; };
		2DBA1D4B061007D83FEBC57C /* Phone.m in Sources */ = {isa = PBXBuildFile; fileRef = 2DBA1942EBD89F99FB0149DC /* Phone.m */; };
		2DBA1EDFD218B24F2C14C317 /* TRCMapperPhone.json in Resources */ = {isa = PBXBuildFile; fileRef = 2DBA11C1B532C921805BEC2F /* TRCMapperPhone.json */; };
		4EA244112427BF0621D67139 /* libPods-TyphoonRestClient.a in Frameworks */ = {isa = PBXBuildFile; fileRef = 5C84882D07B06327E8D9BB26 /* libPods-TyphoonRestClient.a */; };
		FA4695601A938782004036A5 /* TRCMapperPerson.m in Sources */ = {isa = PBXBuildFile; fileRef = FA46955F1A938782004036A5 /* TRCMapperPerson.m */; };
		FA4695631A9387FF004036A5 /* Person.m in Sources */ = {isa = PBXBuildFile; fileRef = FA4695621A9387FF004036A5 /* Person.m */; };
		FA5126691A96000F00EAF902 /* TRCSchemeStackTrace.m in Sources */ = {isa = PBXBuildFile; fileRef = FA5126681A96000F00EAF902 /* TRCSchemeStackTrace.m */; };
		FA55918119E69A4E00E00570 /* TRCConverterTests.m in Sources */ = {isa = PBXBuildFile; fileRef = FAC9166219E697A60009D824 /* TRCConverterTests.m */; };
		FA55918219E69A4E00E00570 /* TRCValueConverterNumberTests.m in Sources */ = {isa = PBXBuildFile; fileRef = FAC9166319E697A60009D824 /* TRCValueConverterNumberTests.m */; };
		FA55918319E69A4E00E00570 /* TyphoonRestClientTests.m in Sources */ = {isa = PBXBuildFile; fileRef = FAC9166419E697A60009D824 /* TyphoonRestClientTests.m */; };
		FA55918419E69A4E00E00570 /* TRCSchemeTests.m in Sources */ = {isa = PBXBuildFile; fileRef = FAC9166519E697A60009D824 /* TRCSchemeTests.m */; };
		FA55918519E69A5B00E00570 /* TRCRequestSpy.m in Sources */ = {isa = PBXBuildFile; fileRef = FAC9166F19E697A60009D824 /* TRCRequestSpy.m */; };
		FA55918619E69A5B00E00570 /* TRCErrorParserSpy.m in Sources */ = {isa = PBXBuildFile; fileRef = FAC9167119E697A60009D824 /* TRCErrorParserSpy.m */; };
		FA55918719E69A5B00E00570 /* TRCConnectionStub.m in Sources */ = {isa = PBXBuildFile; fileRef = FAC9167319E697A60009D824 /* TRCConnectionStub.m */; };
		FA55918819E69A5B00E00570 /* TRCValueConverterStub.m in Sources */ = {isa = PBXBuildFile; fileRef = FAC9167519E697A60009D824 /* TRCValueConverterStub.m */; };
		FAC9161719E693370009D824 /* Foundation.framework in Frameworks */ = {isa = PBXBuildFile; fileRef = FAC9161619E693370009D824 /* Foundation.framework */; };
		FAC9161C19E693370009D824 /* TyphoonRestClient.h in CopyFiles */ = {isa = PBXBuildFile; fileRef = FAC9161B19E693370009D824 /* TyphoonRestClient.h */; };
		FAC9161E19E693370009D824 /* TyphoonRestClient.m in Sources */ = {isa = PBXBuildFile; fileRef = FAC9161D19E693370009D824 /* TyphoonRestClient.m */; };
		FAC9162519E693370009D824 /* XCTest.framework in Frameworks */ = {isa = PBXBuildFile; fileRef = FAC9162419E693370009D824 /* XCTest.framework */; };
		FAC9162619E693370009D824 /* Foundation.framework in Frameworks */ = {isa = PBXBuildFile; fileRef = FAC9161619E693370009D824 /* Foundation.framework */; };
		FAC9162819E693370009D824 /* UIKit.framework in Frameworks */ = {isa = PBXBuildFile; fileRef = FAC9162719E693370009D824 /* UIKit.framework */; };
		FAC9162B19E693370009D824 /* libTyphoonRestClient.a in Frameworks */ = {isa = PBXBuildFile; fileRef = FAC9161319E693370009D824 /* libTyphoonRestClient.a */; };
		FAC9163119E693370009D824 /* InfoPlist.strings in Resources */ = {isa = PBXBuildFile; fileRef = FAC9162F19E693370009D824 /* InfoPlist.strings */; };
		FAC9165319E694FA0009D824 /* TRCConnectionAFNetworking.m in Sources */ = {isa = PBXBuildFile; fileRef = FAC9163F19E694FA0009D824 /* TRCConnectionAFNetworking.m */; };
		FAC9165419E694FA0009D824 /* TRCValueTransformerNumber.m in Sources */ = {isa = PBXBuildFile; fileRef = FAC9164219E694FA0009D824 /* TRCValueTransformerNumber.m */; };
		FAC9165519E694FA0009D824 /* TRCValueTransformerString.m in Sources */ = {isa = PBXBuildFile; fileRef = FAC9164419E694FA0009D824 /* TRCValueTransformerString.m */; };
		FAC9165619E694FA0009D824 /* TRCValueTransformerUrl.m in Sources */ = {isa = PBXBuildFile; fileRef = FAC9164619E694FA0009D824 /* TRCValueTransformerUrl.m */; };
		FAC9165719E694FA0009D824 /* TRCConverter.m in Sources */ = {isa = PBXBuildFile; fileRef = FAC9164919E694FA0009D824 /* TRCConverter.m */; };
		FAC9165919E694FA0009D824 /* TRCSchema.m in Sources */ = {isa = PBXBuildFile; fileRef = FAC9164F19E694FA0009D824 /* TRCSchema.m */; };
		FAC9165A19E694FA0009D824 /* TRCUtils.m in Sources */ = {isa = PBXBuildFile; fileRef = FAC9165219E694FA0009D824 /* TRCUtils.m */; };
		FAC9167A19E697A60009D824 /* DictionaryArray.json in Resources */ = {isa = PBXBuildFile; fileRef = FAC9166719E697A60009D824 /* DictionaryArray.json */; };
		FAC9167B19E697A60009D824 /* GetOrderScheme.json in Resources */ = {isa = PBXBuildFile; fileRef = FAC9166819E697A60009D824 /* GetOrderScheme.json */; };
		FAC9167C19E697A60009D824 /* NumbersArray.json in Resources */ = {isa = PBXBuildFile; fileRef = FAC9166919E697A60009D824 /* NumbersArray.json */; };
		FAC9167D19E697A60009D824 /* StringsArray.json in Resources */ = {isa = PBXBuildFile; fileRef = FAC9166A19E697A60009D824 /* StringsArray.json */; };
		FAC9167E19E697A60009D824 /* TestScheme.json in Resources */ = {isa = PBXBuildFile; fileRef = FAC9166B19E697A60009D824 /* TestScheme.json */; };
		FAC9167F19E697A60009D824 /* TestSchemeOptionals.json in Resources */ = {isa = PBXBuildFile; fileRef = FAC9166C19E697A60009D824 /* TestSchemeOptionals.json */; };
		FC76D0CEC351728B7DD89E31 /* libPods-TyphoonRestClientTests.a in Frameworks */ = {isa = PBXBuildFile; fileRef = 469D3C7EB63CCF077674B274 /* libPods-TyphoonRestClientTests.a */; };
/* End PBXBuildFile section */

/* Begin PBXContainerItemProxy section */
		FAC9162919E693370009D824 /* PBXContainerItemProxy */ = {
			isa = PBXContainerItemProxy;
			containerPortal = FAC9160B19E693370009D824 /* Project object */;
			proxyType = 1;
			remoteGlobalIDString = FAC9161219E693370009D824;
			remoteInfo = HttpWebService;
		};
/* End PBXContainerItemProxy section */

/* Begin PBXCopyFilesBuildPhase section */
		FAC9161119E693370009D824 /* CopyFiles */ = {
			isa = PBXCopyFilesBuildPhase;
			buildActionMask = 2147483647;
			dstPath = "include/$(PRODUCT_NAME)";
			dstSubfolderSpec = 16;
			files = (
				FAC9161C19E693370009D824 /* TyphoonRestClient.h in CopyFiles */,
			);
			runOnlyForDeploymentPostprocessing = 0;
		};
/* End PBXCopyFilesBuildPhase section */

/* Begin PBXFileReference section */
		11A77D6930D24E1BA5797E0E /* libPods-HttpWebServiceTests.a */ = {isa = PBXFileReference; explicitFileType = archive.ar; includeInIndex = 0; path = "libPods-HttpWebServiceTests.a"; sourceTree = BUILT_PRODUCTS_DIR; };
		2DBA104BA4D6F38FB51EC684 /* PersonsList.json */ = {isa = PBXFileReference; lastKnownFileType = file.json; path = PersonsList.json; sourceTree = "<group>"; };
		2DBA10AE04851CC3BDE7480A /* TRCMapperPhone.m */ = {isa = PBXFileReference; fileEncoding = 4; lastKnownFileType = sourcecode.c.objc; path = TRCMapperPhone.m; sourceTree = "<group>"; };
		2DBA11C1B532C921805BEC2F /* TRCMapperPhone.json */ = {isa = PBXFileReference; lastKnownFileType = file.json; path = TRCMapperPhone.json; sourceTree = "<group>"; };
		2DBA124E62BE34E0A5539F39 /* TRCConnectionLogger.m */ = {isa = PBXFileReference; fileEncoding = 4; lastKnownFileType = sourcecode.c.objc; path = TRCConnectionLogger.m; sourceTree = "<group>"; };
		2DBA18BF346770A2DA8D1B56 /* TRCConnectionLogger.h */ = {isa = PBXFileReference; fileEncoding = 4; lastKnownFileType = sourcecode.c.h; path = TRCConnectionLogger.h; sourceTree = "<group>"; };
		2DBA1942EBD89F99FB0149DC /* Phone.m */ = {isa = PBXFileReference; fileEncoding = 4; lastKnownFileType = sourcecode.c.objc; path = Phone.m; sourceTree = "<group>"; };
		2DBA19CDB29AAD3C4F65D42B /* Phone.h */ = {isa = PBXFileReference; fileEncoding = 4; lastKnownFileType = sourcecode.c.h; path = Phone.h; sourceTree = "<group>"; };
		2DBA1A63E0B2BDDB5D227E95 /* TRCMapperPerson.json */ = {isa = PBXFileReference; lastKnownFileType = file.request; path = TRCMapperPerson.json; sourceTree = "<group>"; };
		2DBA1B8033DA8D5FA5B63C8B /* TRCObjectMapper.h */ = {isa = PBXFileReference; fileEncoding = 4; lastKnownFileType = sourcecode.c.h; path = TRCObjectMapper.h; sourceTree = "<group>"; };
		2DBA1D5D6A4F1CD450673422 /* TRCUtilsTests.m */ = {isa = PBXFileReference; fileEncoding = 4; lastKnownFileType = sourcecode.c.objc; path = TRCUtilsTests.m; sourceTree = "<group>"; };
		2DBA1D63DF19AC301D0604A5 /* TRCMapperPhone.h */ = {isa = PBXFileReference; fileEncoding = 4; lastKnownFileType = sourcecode.c.h; path = TRCMapperPhone.h; sourceTree = "<group>"; };
		469D3C7EB63CCF077674B274 /* libPods-TyphoonRestClientTests.a */ = {isa = PBXFileReference; explicitFileType = archive.ar; includeInIndex = 0; path = "libPods-TyphoonRestClientTests.a"; sourceTree = BUILT_PRODUCTS_DIR; };
		48F28F705C352E4073F55876 /* Pods-TyphoonRestClient.debug.xcconfig */ = {isa = PBXFileReference; includeInIndex = 1; lastKnownFileType = text.xcconfig; name = "Pods-TyphoonRestClient.debug.xcconfig"; path = "Pods/Target Support Files/Pods-TyphoonRestClient/Pods-TyphoonRestClient.debug.xcconfig"; sourceTree = "<group>"; };
		5C84882D07B06327E8D9BB26 /* libPods-TyphoonRestClient.a */ = {isa = PBXFileReference; explicitFileType = archive.ar; includeInIndex = 0; path = "libPods-TyphoonRestClient.a"; sourceTree = BUILT_PRODUCTS_DIR; };
		76720616CF1D2D7E284DA0D3 /* Pods-TyphoonRestClient.release.xcconfig */ = {isa = PBXFileReference; includeInIndex = 1; lastKnownFileType = text.xcconfig; name = "Pods-TyphoonRestClient.release.xcconfig"; path = "Pods/Target Support Files/Pods-TyphoonRestClient/Pods-TyphoonRestClient.release.xcconfig"; sourceTree = "<group>"; };
		95F03988170F5DD45005F3EE /* Pods-TyphoonRestClientTests.release.xcconfig */ = {isa = PBXFileReference; includeInIndex = 1; lastKnownFileType = text.xcconfig; name = "Pods-TyphoonRestClientTests.release.xcconfig"; path = "Pods/Target Support Files/Pods-TyphoonRestClientTests/Pods-TyphoonRestClientTests.release.xcconfig"; sourceTree = "<group>"; };
		A14BA2DE857D4EC58948A253 /* libPods-HttpWebService.a */ = {isa = PBXFileReference; explicitFileType = archive.ar; includeInIndex = 0; path = "libPods-HttpWebService.a"; sourceTree = BUILT_PRODUCTS_DIR; };
		EB1AF3E3BAD71ED13F222739 /* Pods-TyphoonRestClientTests.debug.xcconfig */ = {isa = PBXFileReference; includeInIndex = 1; lastKnownFileType = text.xcconfig; name = "Pods-TyphoonRestClientTests.debug.xcconfig"; path = "Pods/Target Support Files/Pods-TyphoonRestClientTests/Pods-TyphoonRestClientTests.debug.xcconfig"; sourceTree = "<group>"; };
		FA46955E1A938782004036A5 /* TRCMapperPerson.h */ = {isa = PBXFileReference; fileEncoding = 4; lastKnownFileType = sourcecode.c.h; path = TRCMapperPerson.h; sourceTree = "<group>"; };
		FA46955F1A938782004036A5 /* TRCMapperPerson.m */ = {isa = PBXFileReference; fileEncoding = 4; lastKnownFileType = sourcecode.c.objc; path = TRCMapperPerson.m; sourceTree = "<group>"; };
		FA4695611A9387FF004036A5 /* Person.h */ = {isa = PBXFileReference; fileEncoding = 4; lastKnownFileType = sourcecode.c.h; path = Person.h; sourceTree = "<group>"; };
		FA4695621A9387FF004036A5 /* Person.m */ = {isa = PBXFileReference; fileEncoding = 4; lastKnownFileType = sourcecode.c.objc; path = Person.m; sourceTree = "<group>"; };
		FA5126671A96000F00EAF902 /* TRCSchemeStackTrace.h */ = {isa = PBXFileReference; fileEncoding = 4; lastKnownFileType = sourcecode.c.h; path = TRCSchemeStackTrace.h; sourceTree = "<group>"; };
		FA5126681A96000F00EAF902 /* TRCSchemeStackTrace.m */ = {isa = PBXFileReference; fileEncoding = 4; lastKnownFileType = sourcecode.c.objc; path = TRCSchemeStackTrace.m; sourceTree = "<group>"; };
		FA51266A1A96004600EAF902 /* TyphoonRestClientErrors.h */ = {isa = PBXFileReference; lastKnownFileType = sourcecode.c.h; path = TyphoonRestClientErrors.h; sourceTree = "<group>"; };
		FAC9161319E693370009D824 /* libTyphoonRestClient.a */ = {isa = PBXFileReference; explicitFileType = archive.ar; includeInIndex = 0; path = libTyphoonRestClient.a; sourceTree = BUILT_PRODUCTS_DIR; };
		FAC9161619E693370009D824 /* Foundation.framework */ = {isa = PBXFileReference; lastKnownFileType = wrapper.framework; name = Foundation.framework; path = System/Library/Frameworks/Foundation.framework; sourceTree = SDKROOT; };
		FAC9161A19E693370009D824 /* TyphoonRestClient-Prefix.pch */ = {isa = PBXFileReference; lastKnownFileType = sourcecode.c.h; path = "TyphoonRestClient-Prefix.pch"; sourceTree = "<group>"; };
		FAC9161B19E693370009D824 /* TyphoonRestClient.h */ = {isa = PBXFileReference; lastKnownFileType = sourcecode.c.h; path = TyphoonRestClient.h; sourceTree = "<group>"; };
		FAC9161D19E693370009D824 /* TyphoonRestClient.m */ = {isa = PBXFileReference; lastKnownFileType = sourcecode.c.objc; path = TyphoonRestClient.m; sourceTree = "<group>"; };
		FAC9162319E693370009D824 /* TyphoonRestClientTests.xctest */ = {isa = PBXFileReference; explicitFileType = wrapper.cfbundle; includeInIndex = 0; path = TyphoonRestClientTests.xctest; sourceTree = BUILT_PRODUCTS_DIR; };
		FAC9162419E693370009D824 /* XCTest.framework */ = {isa = PBXFileReference; lastKnownFileType = wrapper.framework; name = XCTest.framework; path = Library/Frameworks/XCTest.framework; sourceTree = DEVELOPER_DIR; };
		FAC9162719E693370009D824 /* UIKit.framework */ = {isa = PBXFileReference; lastKnownFileType = wrapper.framework; name = UIKit.framework; path = Library/Frameworks/UIKit.framework; sourceTree = DEVELOPER_DIR; };
		FAC9162E19E693370009D824 /* TyphoonRestClientTests-Info.plist */ = {isa = PBXFileReference; lastKnownFileType = text.plist.info; path = "TyphoonRestClientTests-Info.plist"; sourceTree = "<group>"; };
		FAC9163019E693370009D824 /* en */ = {isa = PBXFileReference; lastKnownFileType = text.plist.strings; name = en; path = en.lproj/InfoPlist.strings; sourceTree = "<group>"; };
		FAC9163E19E694FA0009D824 /* TRCConnectionAFNetworking.h */ = {isa = PBXFileReference; fileEncoding = 4; lastKnownFileType = sourcecode.c.h; path = TRCConnectionAFNetworking.h; sourceTree = "<group>"; };
		FAC9163F19E694FA0009D824 /* TRCConnectionAFNetworking.m */ = {isa = PBXFileReference; fileEncoding = 4; lastKnownFileType = sourcecode.c.objc; path = TRCConnectionAFNetworking.m; sourceTree = "<group>"; };
		FAC9164119E694FA0009D824 /* TRCValueTransformerNumber.h */ = {isa = PBXFileReference; fileEncoding = 4; lastKnownFileType = sourcecode.c.h; path = TRCValueTransformerNumber.h; sourceTree = "<group>"; };
		FAC9164219E694FA0009D824 /* TRCValueTransformerNumber.m */ = {isa = PBXFileReference; fileEncoding = 4; lastKnownFileType = sourcecode.c.objc; path = TRCValueTransformerNumber.m; sourceTree = "<group>"; };
		FAC9164319E694FA0009D824 /* TRCValueTransformerString.h */ = {isa = PBXFileReference; fileEncoding = 4; lastKnownFileType = sourcecode.c.h; path = TRCValueTransformerString.h; sourceTree = "<group>"; };
		FAC9164419E694FA0009D824 /* TRCValueTransformerString.m */ = {isa = PBXFileReference; fileEncoding = 4; lastKnownFileType = sourcecode.c.objc; path = TRCValueTransformerString.m; sourceTree = "<group>"; };
		FAC9164519E694FA0009D824 /* TRCValueTransformerUrl.h */ = {isa = PBXFileReference; fileEncoding = 4; lastKnownFileType = sourcecode.c.h; path = TRCValueTransformerUrl.h; sourceTree = "<group>"; };
		FAC9164619E694FA0009D824 /* TRCValueTransformerUrl.m */ = {isa = PBXFileReference; fileEncoding = 4; lastKnownFileType = sourcecode.c.objc; path = TRCValueTransformerUrl.m; sourceTree = "<group>"; };
		FAC9164819E694FA0009D824 /* TRCConverter.h */ = {isa = PBXFileReference; fileEncoding = 4; lastKnownFileType = sourcecode.c.h; path = TRCConverter.h; sourceTree = "<group>"; };
		FAC9164919E694FA0009D824 /* TRCConverter.m */ = {isa = PBXFileReference; fileEncoding = 4; lastKnownFileType = sourcecode.c.objc; path = TRCConverter.m; sourceTree = "<group>"; };
		FAC9164C19E694FA0009D824 /* TRCConvertersRegistry.h */ = {isa = PBXFileReference; fileEncoding = 4; lastKnownFileType = sourcecode.c.h; path = TRCConvertersRegistry.h; sourceTree = "<group>"; };
		FAC9164E19E694FA0009D824 /* TRCSchema.h */ = {isa = PBXFileReference; fileEncoding = 4; lastKnownFileType = sourcecode.c.h; path = TRCSchema.h; sourceTree = "<group>"; };
		FAC9164F19E694FA0009D824 /* TRCSchema.m */ = {isa = PBXFileReference; fileEncoding = 4; lastKnownFileType = sourcecode.c.objc; path = TRCSchema.m; sourceTree = "<group>"; };
		FAC9165119E694FA0009D824 /* TRCUtils.h */ = {isa = PBXFileReference; fileEncoding = 4; lastKnownFileType = sourcecode.c.h; path = TRCUtils.h; sourceTree = "<group>"; };
		FAC9165219E694FA0009D824 /* TRCUtils.m */ = {isa = PBXFileReference; fileEncoding = 4; lastKnownFileType = sourcecode.c.objc; path = TRCUtils.m; sourceTree = "<group>"; };
		FAC9165C19E695020009D824 /* TRCRequest.h */ = {isa = PBXFileReference; fileEncoding = 4; lastKnownFileType = sourcecode.c.h; path = TRCRequest.h; sourceTree = "<group>"; };
		FAC9165E19E695020009D824 /* TRCValueTransformer.h */ = {isa = PBXFileReference; fileEncoding = 4; lastKnownFileType = sourcecode.c.h; path = TRCValueTransformer.h; sourceTree = "<group>"; };
		FAC9165F19E695020009D824 /* TRCConnection.h */ = {isa = PBXFileReference; fileEncoding = 4; lastKnownFileType = sourcecode.c.h; path = TRCConnection.h; sourceTree = "<group>"; };
		FAC9166019E695020009D824 /* TRCErrorParser.h */ = {isa = PBXFileReference; fileEncoding = 4; lastKnownFileType = sourcecode.c.h; path = TRCErrorParser.h; sourceTree = "<group>"; };
		FAC9166219E697A60009D824 /* TRCConverterTests.m */ = {isa = PBXFileReference; fileEncoding = 4; lastKnownFileType = sourcecode.c.objc; path = TRCConverterTests.m; sourceTree = "<group>"; };
		FAC9166319E697A60009D824 /* TRCValueConverterNumberTests.m */ = {isa = PBXFileReference; fileEncoding = 4; lastKnownFileType = sourcecode.c.objc; path = TRCValueConverterNumberTests.m; sourceTree = "<group>"; };
		FAC9166419E697A60009D824 /* TyphoonRestClientTests.m */ = {isa = PBXFileReference; fileEncoding = 4; lastKnownFileType = sourcecode.c.objc; path = TyphoonRestClientTests.m; sourceTree = "<group>"; };
		FAC9166519E697A60009D824 /* TRCSchemeTests.m */ = {isa = PBXFileReference; fileEncoding = 4; lastKnownFileType = sourcecode.c.objc; path = TRCSchemeTests.m; sourceTree = "<group>"; };
		FAC9166719E697A60009D824 /* DictionaryArray.json */ = {isa = PBXFileReference; fileEncoding = 4; lastKnownFileType = text.json; path = DictionaryArray.json; sourceTree = "<group>"; };
		FAC9166819E697A60009D824 /* GetOrderScheme.json */ = {isa = PBXFileReference; fileEncoding = 4; lastKnownFileType = text.json; path = GetOrderScheme.json; sourceTree = "<group>"; };
		FAC9166919E697A60009D824 /* NumbersArray.json */ = {isa = PBXFileReference; fileEncoding = 4; lastKnownFileType = text.json; path = NumbersArray.json; sourceTree = "<group>"; };
		FAC9166A19E697A60009D824 /* StringsArray.json */ = {isa = PBXFileReference; fileEncoding = 4; lastKnownFileType = text.json; path = StringsArray.json; sourceTree = "<group>"; };
		FAC9166B19E697A60009D824 /* TestScheme.json */ = {isa = PBXFileReference; fileEncoding = 4; lastKnownFileType = text.json; path = TestScheme.json; sourceTree = "<group>"; };
		FAC9166C19E697A60009D824 /* TestSchemeOptionals.json */ = {isa = PBXFileReference; fileEncoding = 4; lastKnownFileType = text.json; path = TestSchemeOptionals.json; sourceTree = "<group>"; };
		FAC9166E19E697A60009D824 /* TRCRequestSpy.h */ = {isa = PBXFileReference; fileEncoding = 4; lastKnownFileType = sourcecode.c.h; path = TRCRequestSpy.h; sourceTree = "<group>"; };
		FAC9166F19E697A60009D824 /* TRCRequestSpy.m */ = {isa = PBXFileReference; fileEncoding = 4; lastKnownFileType = sourcecode.c.objc; path = TRCRequestSpy.m; sourceTree = "<group>"; };
		FAC9167019E697A60009D824 /* TRCErrorParserSpy.h */ = {isa = PBXFileReference; fileEncoding = 4; lastKnownFileType = sourcecode.c.h; path = TRCErrorParserSpy.h; sourceTree = "<group>"; };
		FAC9167119E697A60009D824 /* TRCErrorParserSpy.m */ = {isa = PBXFileReference; fileEncoding = 4; lastKnownFileType = sourcecode.c.objc; path = TRCErrorParserSpy.m; sourceTree = "<group>"; };
		FAC9167219E697A60009D824 /* TRCConnectionStub.h */ = {isa = PBXFileReference; fileEncoding = 4; lastKnownFileType = sourcecode.c.h; path = TRCConnectionStub.h; sourceTree = "<group>"; };
		FAC9167319E697A60009D824 /* TRCConnectionStub.m */ = {isa = PBXFileReference; fileEncoding = 4; lastKnownFileType = sourcecode.c.objc; path = TRCConnectionStub.m; sourceTree = "<group>"; };
		FAC9167419E697A60009D824 /* TRCValueConverterStub.h */ = {isa = PBXFileReference; fileEncoding = 4; lastKnownFileType = sourcecode.c.h; path = TRCValueConverterStub.h; sourceTree = "<group>"; };
		FAC9167519E697A60009D824 /* TRCValueConverterStub.m */ = {isa = PBXFileReference; fileEncoding = 4; lastKnownFileType = sourcecode.c.objc; path = TRCValueConverterStub.m; sourceTree = "<group>"; };
/* End PBXFileReference section */

/* Begin PBXFrameworksBuildPhase section */
		FAC9161019E693370009D824 /* Frameworks */ = {
			isa = PBXFrameworksBuildPhase;
			buildActionMask = 2147483647;
			files = (
				FAC9161719E693370009D824 /* Foundation.framework in Frameworks */,
				4EA244112427BF0621D67139 /* libPods-TyphoonRestClient.a in Frameworks */,
			);
			runOnlyForDeploymentPostprocessing = 0;
		};
		FAC9162019E693370009D824 /* Frameworks */ = {
			isa = PBXFrameworksBuildPhase;
			buildActionMask = 2147483647;
			files = (
				FAC9162B19E693370009D824 /* libTyphoonRestClient.a in Frameworks */,
				FAC9162519E693370009D824 /* XCTest.framework in Frameworks */,
				FAC9162819E693370009D824 /* UIKit.framework in Frameworks */,
				FAC9162619E693370009D824 /* Foundation.framework in Frameworks */,
				FC76D0CEC351728B7DD89E31 /* libPods-TyphoonRestClientTests.a in Frameworks */,
			);
			runOnlyForDeploymentPostprocessing = 0;
		};
/* End PBXFrameworksBuildPhase section */

/* Begin PBXGroup section */
		7C7F52DF2A50096085E5149B /* Pods */ = {
			isa = PBXGroup;
			children = (
				48F28F705C352E4073F55876 /* Pods-TyphoonRestClient.debug.xcconfig */,
				76720616CF1D2D7E284DA0D3 /* Pods-TyphoonRestClient.release.xcconfig */,
				EB1AF3E3BAD71ED13F222739 /* Pods-TyphoonRestClientTests.debug.xcconfig */,
				95F03988170F5DD45005F3EE /* Pods-TyphoonRestClientTests.release.xcconfig */,
			);
			name = Pods;
			sourceTree = "<group>";
		};
		FAC9160A19E693370009D824 = {
			isa = PBXGroup;
			children = (
				FAC9161819E693370009D824 /* TyphoonRestClient */,
				FAC9162C19E693370009D824 /* TyphoonRestClientTests */,
				FAC9161519E693370009D824 /* Frameworks */,
				FAC9161419E693370009D824 /* Products */,
				7C7F52DF2A50096085E5149B /* Pods */,
			);
			sourceTree = "<group>";
		};
		FAC9161419E693370009D824 /* Products */ = {
			isa = PBXGroup;
			children = (
				FAC9161319E693370009D824 /* libTyphoonRestClient.a */,
				FAC9162319E693370009D824 /* TyphoonRestClientTests.xctest */,
			);
			name = Products;
			sourceTree = "<group>";
		};
		FAC9161519E693370009D824 /* Frameworks */ = {
			isa = PBXGroup;
			children = (
				FAC9161619E693370009D824 /* Foundation.framework */,
				FAC9162419E693370009D824 /* XCTest.framework */,
				FAC9162719E693370009D824 /* UIKit.framework */,
				A14BA2DE857D4EC58948A253 /* libPods-HttpWebService.a */,
				11A77D6930D24E1BA5797E0E /* libPods-HttpWebServiceTests.a */,
				5C84882D07B06327E8D9BB26 /* libPods-TyphoonRestClient.a */,
				469D3C7EB63CCF077674B274 /* libPods-TyphoonRestClientTests.a */,
			);
			name = Frameworks;
			sourceTree = "<group>";
		};
		FAC9161819E693370009D824 /* TyphoonRestClient */ = {
			isa = PBXGroup;
			children = (
				FAC9165B19E695020009D824 /* Protocols */,
				FAC9163C19E694FA0009D824 /* Internal */,
				FAC9161B19E693370009D824 /* TyphoonRestClient.h */,
				FAC9161D19E693370009D824 /* TyphoonRestClient.m */,
				FAC9161919E693370009D824 /* Supporting Files */,
			);
			path = TyphoonRestClient;
			sourceTree = "<group>";
		};
		FAC9161919E693370009D824 /* Supporting Files */ = {
			isa = PBXGroup;
			children = (
				FAC9161A19E693370009D824 /* TyphoonRestClient-Prefix.pch */,
			);
			name = "Supporting Files";
			sourceTree = "<group>";
		};
		FAC9162C19E693370009D824 /* TyphoonRestClientTests */ = {
			isa = PBXGroup;
			children = (
				FAC9166119E697A60009D824 /* TyphoonRestClient */,
				FAC9162D19E693370009D824 /* Supporting Files */,
			);
			path = TyphoonRestClientTests;
			sourceTree = "<group>";
		};
		FAC9162D19E693370009D824 /* Supporting Files */ = {
			isa = PBXGroup;
			children = (
				FAC9162E19E693370009D824 /* TyphoonRestClientTests-Info.plist */,
				FAC9162F19E693370009D824 /* InfoPlist.strings */,
			);
			name = "Supporting Files";
			sourceTree = "<group>";
		};
		FAC9163C19E694FA0009D824 /* Internal */ = {
			isa = PBXGroup;
			children = (
				FAC9163D19E694FA0009D824 /* Connection */,
				FAC9164019E694FA0009D824 /* DataConverters */,
				FAC9164719E694FA0009D824 /* ResponseObjects */,
				FAC9164D19E694FA0009D824 /* Scheme */,
				FAC9165019E694FA0009D824 /* Utils */,
			);
			path = Internal;
			sourceTree = "<group>";
		};
		FAC9163D19E694FA0009D824 /* Connection */ = {
			isa = PBXGroup;
			children = (
				FAC9163E19E694FA0009D824 /* TRCConnectionAFNetworking.h */,
				FAC9163F19E694FA0009D824 /* TRCConnectionAFNetworking.m */,
				2DBA18BF346770A2DA8D1B56 /* TRCConnectionLogger.h */,
				2DBA124E62BE34E0A5539F39 /* TRCConnectionLogger.m */,
			);
			path = Connection;
			sourceTree = "<group>";
		};
		FAC9164019E694FA0009D824 /* DataConverters */ = {
			isa = PBXGroup;
			children = (
				FAC9164119E694FA0009D824 /* TRCValueTransformerNumber.h */,
				FAC9164219E694FA0009D824 /* TRCValueTransformerNumber.m */,
				FAC9164319E694FA0009D824 /* TRCValueTransformerString.h */,
				FAC9164419E694FA0009D824 /* TRCValueTransformerString.m */,
				FAC9164519E694FA0009D824 /* TRCValueTransformerUrl.h */,
				FAC9164619E694FA0009D824 /* TRCValueTransformerUrl.m */,
			);
			path = DataConverters;
			sourceTree = "<group>";
		};
		FAC9164719E694FA0009D824 /* ResponseObjects */ = {
			isa = PBXGroup;
			children = (
				FAC9164819E694FA0009D824 /* TRCConverter.h */,
				FAC9164919E694FA0009D824 /* TRCConverter.m */,
				FAC9164C19E694FA0009D824 /* TRCConvertersRegistry.h */,
			);
			path = ResponseObjects;
			sourceTree = "<group>";
		};
		FAC9164D19E694FA0009D824 /* Scheme */ = {
			isa = PBXGroup;
			children = (
				FA5126671A96000F00EAF902 /* TRCSchemeStackTrace.h */,
				FA5126681A96000F00EAF902 /* TRCSchemeStackTrace.m */,
				FAC9164E19E694FA0009D824 /* TRCSchema.h */,
				FAC9164F19E694FA0009D824 /* TRCSchema.m */,
			);
			path = Scheme;
			sourceTree = "<group>";
		};
		FAC9165019E694FA0009D824 /* Utils */ = {
			isa = PBXGroup;
			children = (
				FA51266A1A96004600EAF902 /* TyphoonRestClientErrors.h */,
				FAC9165119E694FA0009D824 /* TRCUtils.h */,
				FAC9165219E694FA0009D824 /* TRCUtils.m */,
			);
			path = Utils;
			sourceTree = "<group>";
		};
		FAC9165B19E695020009D824 /* Protocols */ = {
			isa = PBXGroup;
			children = (
				FAC9165C19E695020009D824 /* TRCRequest.h */,
				FAC9165E19E695020009D824 /* TRCValueTransformer.h */,
				FAC9165F19E695020009D824 /* TRCConnection.h */,
				FAC9166019E695020009D824 /* TRCErrorParser.h */,
				2DBA1B8033DA8D5FA5B63C8B /* TRCObjectMapper.h */,
			);
			path = Protocols;
			sourceTree = "<group>";
		};
		FAC9166119E697A60009D824 /* TyphoonRestClient */ = {
			isa = PBXGroup;
			children = (
				FAC9166219E697A60009D824 /* TRCConverterTests.m */,
				FAC9166319E697A60009D824 /* TRCValueConverterNumberTests.m */,
				FAC9166419E697A60009D824 /* TyphoonRestClientTests.m */,
				FAC9166519E697A60009D824 /* TRCSchemeTests.m */,
				FAC9166619E697A60009D824 /* Schemes */,
				FAC9166D19E697A60009D824 /* TestObjects */,
				2DBA1D5D6A4F1CD450673422 /* TRCUtilsTests.m */,
			);
			path = TyphoonRestClient;
			sourceTree = "<group>";
		};
		FAC9166619E697A60009D824 /* Schemes */ = {
			isa = PBXGroup;
			children = (
				FAC9166719E697A60009D824 /* DictionaryArray.json */,
				FAC9166819E697A60009D824 /* GetOrderScheme.json */,
				FAC9166919E697A60009D824 /* NumbersArray.json */,
				FAC9166A19E697A60009D824 /* StringsArray.json */,
				FAC9166B19E697A60009D824 /* TestScheme.json */,
				FAC9166C19E697A60009D824 /* TestSchemeOptionals.json */,
				2DBA104BA4D6F38FB51EC684 /* PersonsList.json */,
			);
			path = Schemes;
			sourceTree = "<group>";
		};
		FAC9166D19E697A60009D824 /* TestObjects */ = {
			isa = PBXGroup;
			children = (
				FAC9166E19E697A60009D824 /* TRCRequestSpy.h */,
				FAC9166F19E697A60009D824 /* TRCRequestSpy.m */,
				FAC9167019E697A60009D824 /* TRCErrorParserSpy.h */,
				FAC9167119E697A60009D824 /* TRCErrorParserSpy.m */,
				FAC9167219E697A60009D824 /* TRCConnectionStub.h */,
				FAC9167319E697A60009D824 /* TRCConnectionStub.m */,
				FAC9167419E697A60009D824 /* TRCValueConverterStub.h */,
				FAC9167519E697A60009D824 /* TRCValueConverterStub.m */,
				FA46955E1A938782004036A5 /* TRCMapperPerson.h */,
				FA46955F1A938782004036A5 /* TRCMapperPerson.m */,
				FA4695611A9387FF004036A5 /* Person.h */,
				FA4695621A9387FF004036A5 /* Person.m */,
				2DBA1A63E0B2BDDB5D227E95 /* TRCMapperPerson.json */,
				2DBA1942EBD89F99FB0149DC /* Phone.m */,
				2DBA19CDB29AAD3C4F65D42B /* Phone.h */,
				2DBA10AE04851CC3BDE7480A /* TRCMapperPhone.m */,
				2DBA1D63DF19AC301D0604A5 /* TRCMapperPhone.h */,
				2DBA11C1B532C921805BEC2F /* TRCMapperPhone.json */,
			);
			path = TestObjects;
			sourceTree = "<group>";
		};
/* End PBXGroup section */

/* Begin PBXNativeTarget section */
		FAC9161219E693370009D824 /* TyphoonRestClient */ = {
			isa = PBXNativeTarget;
			buildConfigurationList = FAC9163619E693370009D824 /* Build configuration list for PBXNativeTarget "TyphoonRestClient" */;
			buildPhases = (
				60C7D97060CDCEF2A6DA8AC7 /* Check Pods Manifest.lock */,
				FAC9160F19E693370009D824 /* Sources */,
				FAC9161019E693370009D824 /* Frameworks */,
				FAC9161119E693370009D824 /* CopyFiles */,
				36031CF4AA19312055B79A4C /* Copy Pods Resources */,
			);
			buildRules = (
			);
			dependencies = (
			);
			name = TyphoonRestClient;
			productName = HttpWebService;
			productReference = FAC9161319E693370009D824 /* libTyphoonRestClient.a */;
			productType = "com.apple.product-type.library.static";
		};
		FAC9162219E693370009D824 /* TyphoonRestClientTests */ = {
			isa = PBXNativeTarget;
			buildConfigurationList = FAC9163919E693370009D824 /* Build configuration list for PBXNativeTarget "TyphoonRestClientTests" */;
			buildPhases = (
				04CC283EB507C466145160C9 /* Check Pods Manifest.lock */,
				FAC9161F19E693370009D824 /* Sources */,
				FAC9162019E693370009D824 /* Frameworks */,
				FAC9162119E693370009D824 /* Resources */,
				5F6F230CDD29EFAA5F60EAEA /* Copy Pods Resources */,
			);
			buildRules = (
			);
			dependencies = (
				FAC9162A19E693370009D824 /* PBXTargetDependency */,
			);
			name = TyphoonRestClientTests;
			productName = HttpWebServiceTests;
			productReference = FAC9162319E693370009D824 /* TyphoonRestClientTests.xctest */;
			productType = "com.apple.product-type.bundle.unit-test";
		};
/* End PBXNativeTarget section */

/* Begin PBXProject section */
		FAC9160B19E693370009D824 /* Project object */ = {
			isa = PBXProject;
			attributes = {
				LastUpgradeCheck = 0510;
				ORGANIZATIONNAME = "Apps Quickly";
			};
			buildConfigurationList = FAC9160E19E693370009D824 /* Build configuration list for PBXProject "TyphoonRestClient" */;
			compatibilityVersion = "Xcode 3.2";
			developmentRegion = English;
			hasScannedForEncodings = 0;
			knownRegions = (
				en,
			);
			mainGroup = FAC9160A19E693370009D824;
			productRefGroup = FAC9161419E693370009D824 /* Products */;
			projectDirPath = "";
			projectRoot = "";
			targets = (
				FAC9161219E693370009D824 /* TyphoonRestClient */,
				FAC9162219E693370009D824 /* TyphoonRestClientTests */,
			);
		};
/* End PBXProject section */

/* Begin PBXResourcesBuildPhase section */
		FAC9162119E693370009D824 /* Resources */ = {
			isa = PBXResourcesBuildPhase;
			buildActionMask = 2147483647;
			files = (
				FAC9167C19E697A60009D824 /* NumbersArray.json in Resources */,
				FAC9167D19E697A60009D824 /* StringsArray.json in Resources */,
				FAC9167E19E697A60009D824 /* TestScheme.json in Resources */,
				FAC9167B19E697A60009D824 /* GetOrderScheme.json in Resources */,
				FAC9163119E693370009D824 /* InfoPlist.strings in Resources */,
				FAC9167F19E697A60009D824 /* TestSchemeOptionals.json in Resources */,
				FAC9167A19E697A60009D824 /* DictionaryArray.json in Resources */,
				2DBA178CC76E21D9C1C6DCBE /* TRCMapperPerson.json in Resources */,
				2DBA120634800EF8507024AD /* PersonsList.json in Resources */,
				2DBA1EDFD218B24F2C14C317 /* TRCMapperPhone.json in Resources */,
			);
			runOnlyForDeploymentPostprocessing = 0;
		};
/* End PBXResourcesBuildPhase section */

/* Begin PBXShellScriptBuildPhase section */
		04CC283EB507C466145160C9 /* Check Pods Manifest.lock */ = {
			isa = PBXShellScriptBuildPhase;
			buildActionMask = 2147483647;
			files = (
			);
			inputPaths = (
			);
			name = "Check Pods Manifest.lock";
			outputPaths = (
			);
			runOnlyForDeploymentPostprocessing = 0;
			shellPath = /bin/sh;
			shellScript = "diff \"${PODS_ROOT}/../Podfile.lock\" \"${PODS_ROOT}/Manifest.lock\" > /dev/null\nif [[ $? != 0 ]] ; then\n    cat << EOM\nerror: The sandbox is not in sync with the Podfile.lock. Run 'pod install' or update your CocoaPods installation.\nEOM\n    exit 1\nfi\n";
			showEnvVarsInLog = 0;
		};
		36031CF4AA19312055B79A4C /* Copy Pods Resources */ = {
			isa = PBXShellScriptBuildPhase;
			buildActionMask = 2147483647;
			files = (
			);
			inputPaths = (
			);
			name = "Copy Pods Resources";
			outputPaths = (
			);
			runOnlyForDeploymentPostprocessing = 0;
			shellPath = /bin/sh;
			shellScript = "\"${SRCROOT}/Pods/Target Support Files/Pods-TyphoonRestClient/Pods-TyphoonRestClient-resources.sh\"\n";
			showEnvVarsInLog = 0;
		};
		5F6F230CDD29EFAA5F60EAEA /* Copy Pods Resources */ = {
			isa = PBXShellScriptBuildPhase;
			buildActionMask = 2147483647;
			files = (
			);
			inputPaths = (
			);
			name = "Copy Pods Resources";
			outputPaths = (
			);
			runOnlyForDeploymentPostprocessing = 0;
			shellPath = /bin/sh;
			shellScript = "\"${SRCROOT}/Pods/Target Support Files/Pods-TyphoonRestClientTests/Pods-TyphoonRestClientTests-resources.sh\"\n";
			showEnvVarsInLog = 0;
		};
		60C7D97060CDCEF2A6DA8AC7 /* Check Pods Manifest.lock */ = {
			isa = PBXShellScriptBuildPhase;
			buildActionMask = 2147483647;
			files = (
			);
			inputPaths = (
			);
			name = "Check Pods Manifest.lock";
			outputPaths = (
			);
			runOnlyForDeploymentPostprocessing = 0;
			shellPath = /bin/sh;
			shellScript = "diff \"${PODS_ROOT}/../Podfile.lock\" \"${PODS_ROOT}/Manifest.lock\" > /dev/null\nif [[ $? != 0 ]] ; then\n    cat << EOM\nerror: The sandbox is not in sync with the Podfile.lock. Run 'pod install' or update your CocoaPods installation.\nEOM\n    exit 1\nfi\n";
			showEnvVarsInLog = 0;
		};
/* End PBXShellScriptBuildPhase section */

/* Begin PBXSourcesBuildPhase section */
		FAC9160F19E693370009D824 /* Sources */ = {
			isa = PBXSourcesBuildPhase;
			buildActionMask = 2147483647;
			files = (
				FAC9165619E694FA0009D824 /* TRCValueTransformerUrl.m in Sources */,
				FAC9165A19E694FA0009D824 /* TRCUtils.m in Sources */,
				FAC9165519E694FA0009D824 /* TRCValueTransformerString.m in Sources */,
				FA5126691A96000F00EAF902 /* TRCSchemeStackTrace.m in Sources */,
				FAC9161E19E693370009D824 /* TyphoonRestClient.m in Sources */,
				FAC9165419E694FA0009D824 /* TRCValueTransformerNumber.m in Sources */,
				FAC9165319E694FA0009D824 /* TRCConnectionAFNetworking.m in Sources */,
				FAC9165719E694FA0009D824 /* TRCConverter.m in Sources */,
				FAC9165919E694FA0009D824 /* TRCSchema.m in Sources */,
				2DBA1D2D9A36B17788C70C55 /* TRCConnectionLogger.m in Sources */,
			);
			runOnlyForDeploymentPostprocessing = 0;
		};
		FAC9161F19E693370009D824 /* Sources */ = {
			isa = PBXSourcesBuildPhase;
			buildActionMask = 2147483647;
			files = (
				FA55918819E69A5B00E00570 /* TRCValueConverterStub.m in Sources */,
				FA55918519E69A5B00E00570 /* TRCRequestSpy.m in Sources */,
				FA55918119E69A4E00E00570 /* TRCConverterTests.m in Sources */,
				FA55918319E69A4E00E00570 /* TyphoonRestClientTests.m in Sources */,
				FA55918219E69A4E00E00570 /* TRCValueConverterNumberTests.m in Sources */,
				FA55918619E69A5B00E00570 /* TRCErrorParserSpy.m in Sources */,
				FA4695631A9387FF004036A5 /* Person.m in Sources */,
				FA4695601A938782004036A5 /* TRCMapperPerson.m in Sources */,
				FA55918719E69A5B00E00570 /* TRCConnectionStub.m in Sources */,
				FA55918419E69A4E00E00570 /* TRCSchemeTests.m in Sources */,
				2DBA10F6D20316CBD2233306 /* TRCUtilsTests.m in Sources */,
				2DBA1D4B061007D83FEBC57C /* Phone.m in Sources */,
				2DBA17F737835F7EDA40FA64 /* TRCMapperPhone.m in Sources */,
			);
			runOnlyForDeploymentPostprocessing = 0;
		};
/* End PBXSourcesBuildPhase section */

/* Begin PBXTargetDependency section */
		FAC9162A19E693370009D824 /* PBXTargetDependency */ = {
			isa = PBXTargetDependency;
			target = FAC9161219E693370009D824 /* TyphoonRestClient */;
			targetProxy = FAC9162919E693370009D824 /* PBXContainerItemProxy */;
		};
/* End PBXTargetDependency section */

/* Begin PBXVariantGroup section */
		FAC9162F19E693370009D824 /* InfoPlist.strings */ = {
			isa = PBXVariantGroup;
			children = (
				FAC9163019E693370009D824 /* en */,
			);
			name = InfoPlist.strings;
			sourceTree = "<group>";
		};
/* End PBXVariantGroup section */

/* Begin XCBuildConfiguration section */
		FAC9163419E693370009D824 /* Debug */ = {
			isa = XCBuildConfiguration;
			buildSettings = {
				ALWAYS_SEARCH_USER_PATHS = NO;
				CLANG_CXX_LANGUAGE_STANDARD = "gnu++0x";
				CLANG_CXX_LIBRARY = "libc++";
				CLANG_ENABLE_MODULES = YES;
				CLANG_ENABLE_OBJC_ARC = YES;
				CLANG_WARN_BOOL_CONVERSION = YES;
				CLANG_WARN_CONSTANT_CONVERSION = YES;
				CLANG_WARN_DIRECT_OBJC_ISA_USAGE = YES_ERROR;
				CLANG_WARN_EMPTY_BODY = YES;
				CLANG_WARN_ENUM_CONVERSION = YES;
				CLANG_WARN_INT_CONVERSION = YES;
				CLANG_WARN_OBJC_ROOT_CLASS = YES_ERROR;
				CLANG_WARN__DUPLICATE_METHOD_MATCH = YES;
				COPY_PHASE_STRIP = NO;
				GCC_C_LANGUAGE_STANDARD = gnu99;
				GCC_DYNAMIC_NO_PIC = NO;
				GCC_OPTIMIZATION_LEVEL = 0;
				GCC_PREPROCESSOR_DEFINITIONS = (
					"DEBUG=1",
					"$(inherited)",
				);
				GCC_SYMBOLS_PRIVATE_EXTERN = NO;
				GCC_WARN_64_TO_32_BIT_CONVERSION = YES;
				GCC_WARN_ABOUT_RETURN_TYPE = YES_ERROR;
				GCC_WARN_UNDECLARED_SELECTOR = YES;
				GCC_WARN_UNINITIALIZED_AUTOS = YES_AGGRESSIVE;
				GCC_WARN_UNUSED_FUNCTION = YES;
				GCC_WARN_UNUSED_VARIABLE = YES;
				IPHONEOS_DEPLOYMENT_TARGET = 7.1;
				ONLY_ACTIVE_ARCH = YES;
				SDKROOT = iphoneos;
			};
			name = Debug;
		};
		FAC9163519E693370009D824 /* Release */ = {
			isa = XCBuildConfiguration;
			buildSettings = {
				ALWAYS_SEARCH_USER_PATHS = NO;
				CLANG_CXX_LANGUAGE_STANDARD = "gnu++0x";
				CLANG_CXX_LIBRARY = "libc++";
				CLANG_ENABLE_MODULES = YES;
				CLANG_ENABLE_OBJC_ARC = YES;
				CLANG_WARN_BOOL_CONVERSION = YES;
				CLANG_WARN_CONSTANT_CONVERSION = YES;
				CLANG_WARN_DIRECT_OBJC_ISA_USAGE = YES_ERROR;
				CLANG_WARN_EMPTY_BODY = YES;
				CLANG_WARN_ENUM_CONVERSION = YES;
				CLANG_WARN_INT_CONVERSION = YES;
				CLANG_WARN_OBJC_ROOT_CLASS = YES_ERROR;
				CLANG_WARN__DUPLICATE_METHOD_MATCH = YES;
				COPY_PHASE_STRIP = YES;
				ENABLE_NS_ASSERTIONS = NO;
				GCC_C_LANGUAGE_STANDARD = gnu99;
				GCC_WARN_64_TO_32_BIT_CONVERSION = YES;
				GCC_WARN_ABOUT_RETURN_TYPE = YES_ERROR;
				GCC_WARN_UNDECLARED_SELECTOR = YES;
				GCC_WARN_UNINITIALIZED_AUTOS = YES_AGGRESSIVE;
				GCC_WARN_UNUSED_FUNCTION = YES;
				GCC_WARN_UNUSED_VARIABLE = YES;
				IPHONEOS_DEPLOYMENT_TARGET = 7.1;
				SDKROOT = iphoneos;
				VALIDATE_PRODUCT = YES;
			};
			name = Release;
		};
		FAC9163719E693370009D824 /* Debug */ = {
			isa = XCBuildConfiguration;
			baseConfigurationReference = 48F28F705C352E4073F55876 /* Pods-TyphoonRestClient.debug.xcconfig */;
			buildSettings = {
				DSTROOT = /tmp/TyphoonRestClient.dst;
				GCC_PRECOMPILE_PREFIX_HEADER = YES;
				GCC_PREFIX_HEADER = "TyphoonRestClient/TyphoonRestClient-Prefix.pch";
				PRODUCT_NAME = TyphoonRestClient;
				SKIP_INSTALL = YES;
			};
			name = Debug;
		};
		FAC9163819E693370009D824 /* Release */ = {
			isa = XCBuildConfiguration;
			baseConfigurationReference = 76720616CF1D2D7E284DA0D3 /* Pods-TyphoonRestClient.release.xcconfig */;
			buildSettings = {
				DSTROOT = /tmp/TyphoonRestClient.dst;
				GCC_PRECOMPILE_PREFIX_HEADER = YES;
				GCC_PREFIX_HEADER = "TyphoonRestClient/TyphoonRestClient-Prefix.pch";
				PRODUCT_NAME = TyphoonRestClient;
				SKIP_INSTALL = YES;
			};
			name = Release;
		};
		FAC9163A19E693370009D824 /* Debug */ = {
			isa = XCBuildConfiguration;
			baseConfigurationReference = EB1AF3E3BAD71ED13F222739 /* Pods-TyphoonRestClientTests.debug.xcconfig */;
			buildSettings = {
				FRAMEWORK_SEARCH_PATHS = (
					"$(SDKROOT)/Developer/Library/Frameworks",
					"$(inherited)",
					"$(DEVELOPER_FRAMEWORKS_DIR)",
				);
				GCC_GENERATE_TEST_COVERAGE_FILES = NO;
				GCC_PRECOMPILE_PREFIX_HEADER = YES;
				GCC_PREFIX_HEADER = "TyphoonRestClient/TyphoonRestClient-Prefix.pch";
				GCC_PREPROCESSOR_DEFINITIONS = (
					"DEBUG=1",
					"$(inherited)",
				);
				INFOPLIST_FILE = "TyphoonRestClientTests/TyphoonRestClientTests-Info.plist";
				PRODUCT_NAME = TyphoonRestClientTests;
				USER_HEADER_SEARCH_PATHS = "\"${PROJECT_DIR}/Pods\"/**";
				WRAPPER_EXTENSION = xctest;
			};
			name = Debug;
		};
		FAC9163B19E693370009D824 /* Release */ = {
			isa = XCBuildConfiguration;
			baseConfigurationReference = 95F03988170F5DD45005F3EE /* Pods-TyphoonRestClientTests.release.xcconfig */;
			buildSettings = {
				FRAMEWORK_SEARCH_PATHS = (
					"$(SDKROOT)/Developer/Library/Frameworks",
					"$(inherited)",
					"$(DEVELOPER_FRAMEWORKS_DIR)",
				);
				GCC_GENERATE_TEST_COVERAGE_FILES = NO;
				GCC_PRECOMPILE_PREFIX_HEADER = YES;
				GCC_PREFIX_HEADER = "TyphoonRestClient/TyphoonRestClient-Prefix.pch";
				INFOPLIST_FILE = "TyphoonRestClientTests/TyphoonRestClientTests-Info.plist";
				PRODUCT_NAME = TyphoonRestClientTests;
				USER_HEADER_SEARCH_PATHS = "\"${PROJECT_DIR}/Pods\"/**";
				WRAPPER_EXTENSION = xctest;
			};
			name = Release;
		};
/* End XCBuildConfiguration section */

/* Begin XCConfigurationList section */
		FAC9160E19E693370009D824 /* Build configuration list for PBXProject "TyphoonRestClient" */ = {
			isa = XCConfigurationList;
			buildConfigurations = (
				FAC9163419E693370009D824 /* Debug */,
				FAC9163519E693370009D824 /* Release */,
			);
			defaultConfigurationIsVisible = 0;
			defaultConfigurationName = Release;
		};
		FAC9163619E693370009D824 /* Build configuration list for PBXNativeTarget "TyphoonRestClient" */ = {
			isa = XCConfigurationList;
			buildConfigurations = (
				FAC9163719E693370009D824 /* Debug */,
				FAC9163819E693370009D824 /* Release */,
			);
			defaultConfigurationIsVisible = 0;
			defaultConfigurationName = Release;
		};
		FAC9163919E693370009D824 /* Build configuration list for PBXNativeTarget "TyphoonRestClientTests" */ = {
			isa = XCConfigurationList;
			buildConfigurations = (
				FAC9163A19E693370009D824 /* Debug */,
				FAC9163B19E693370009D824 /* Release */,
			);
			defaultConfigurationIsVisible = 0;
			defaultConfigurationName = Release;
		};
/* End XCConfigurationList section */
	};
	rootObject = FAC9160B19E693370009D824 /* Project object */;
}
