// !$*UTF8*$!
{
	archiveVersion = 1;
	classes = {
	};
	objectVersion = 46;
	objects = {

/* Begin PBXBuildFile section */
		2DBA101DBDDF6837CC2764FB /* TRCSessionTaskContext.m in Sources */ = {isa = PBXBuildFile; fileRef = 2DBA12EB780D6799AD1F8462 /* TRCSessionTaskContext.m */; };
		2DBA1032DE3FC4B71AD5015B /* RequestToSetIssue.m in Sources */ = {isa = PBXBuildFile; fileRef = 2DBA14DCB3A9D1601CFB7FD1 /* RequestToSetIssue.m */; };
		2DBA10C8F1A7B8687AAA3C78 /* TRCNetworkReachabilityManager.m in Sources */ = {isa = PBXBuildFile; fileRef = 2DBA1DF66E068A7D28A35396 /* TRCNetworkReachabilityManager.m */; };
		2DBA10F6D20316CBD2233306 /* TRCUtilsTests.m in Sources */ = {isa = PBXBuildFile; fileRef = 2DBA1D5D6A4F1CD450673422 /* TRCUtilsTests.m */; };
		2DBA120634800EF8507024AD /* PersonsList.json in Resources */ = {isa = PBXBuildFile; fileRef = 2DBA104BA4D6F38FB51EC684 /* PersonsList.json */; };
		2DBA1462FF2E726FD6E5F609 /* TRCSerializerMultipart.m in Sources */ = {isa = PBXBuildFile; fileRef = 2DBA1B5308D0A28755F5CE2C /* TRCSerializerMultipart.m */; };
		2DBA14CB7D8DE86DEA7D44E7 /* TRCSchemaDataValueOptions.m in Sources */ = {isa = PBXBuildFile; fileRef = 2DBA123B3A97A2B227BB3C5F /* TRCSchemaDataValueOptions.m */; };
		2DBA150FD7B8FBEE4C4D6156 /* TRCHttpQueryComposer.m in Sources */ = {isa = PBXBuildFile; fileRef = 2DBA112EEFEB1DB5EBDE0ED9 /* TRCHttpQueryComposer.m */; };
		2DBA17092859137A58185FB9 /* SimpleErrorParser.m in Sources */ = {isa = PBXBuildFile; fileRef = 2DBA1465E4C6E3A34A4752B6 /* SimpleErrorParser.m */; };
		2DBA1711C99D8E9A0D607D3A /* TestUtils.m in Sources */ = {isa = PBXBuildFile; fileRef = 2DBA158B4E6546253271A111 /* TestUtils.m */; };
		2DBA177DCFDC2DB5EB9784B8 /* TRCSessionHandler.m in Sources */ = {isa = PBXBuildFile; fileRef = 2DBA1E03A8FA7ED062C8376B /* TRCSessionHandler.m */; };
		2DBA178CC76E21D9C1C6DCBE /* TRCMapperPerson.json in Resources */ = {isa = PBXBuildFile; fileRef = 2DBA1A63E0B2BDDB5D227E95 /* TRCMapperPerson.json */; };
		2DBA17F737835F7EDA40FA64 /* TRCMapperPhone.m in Sources */ = {isa = PBXBuildFile; fileRef = 2DBA10AE04851CC3BDE7480A /* TRCMapperPhone.m */; };
		2DBA1931DD7F8B70613BC3A7 /* TRCIntegrationTests.m in Sources */ = {isa = PBXBuildFile; fileRef = 2DBA1DCB50C312ECC2FCB559 /* TRCIntegrationTests.m */; };
		2DBA199EE6026F8769FAB714 /* TRCMapperWithArray.m in Sources */ = {isa = PBXBuildFile; fileRef = 2DBA17FA4B5016447633E32A /* TRCMapperWithArray.m */; };
		2DBA1A7DBB71A496854D4FAA /* TRCProxyProgressHandler.m in Sources */ = {isa = PBXBuildFile; fileRef = 2DBA10E858F4B6D010C7F9A4 /* TRCProxyProgressHandler.m */; };
		2DBA1A9AA9E0D6E61CC42D97 /* TRCMapperWithArray.json in Resources */ = {isa = PBXBuildFile; fileRef = 2DBA1365A34B2D111EA6E463 /* TRCMapperWithArray.json */; };
		2DBA1B9CD3295467A9BE7FD8 /* TRCSchemeFactory.m in Sources */ = {isa = PBXBuildFile; fileRef = 2DBA1DFAF75A7BFE623BC34C /* TRCSchemeFactory.m */; };
		2DBA1BDB7463207464DBD58D /* TRCConnectionNSURLSession.m in Sources */ = {isa = PBXBuildFile; fileRef = 2DBA188F2C3799DB9C6DC55A /* TRCConnectionNSURLSession.m */; };
		2DBA1BE868E4128AFAFCBBA0 /* TRCErrorParserSimple.m in Sources */ = {isa = PBXBuildFile; fileRef = 2DBA12519DF33996626F6739 /* TRCErrorParserSimple.m */; };
		2DBA1D4B061007D83FEBC57C /* Phone.m in Sources */ = {isa = PBXBuildFile; fileRef = 2DBA1942EBD89F99FB0149DC /* Phone.m */; };
		2DBA1EC0738D4C1358B0A70E /* TRCValidationErrorPrinterTests.m in Sources */ = {isa = PBXBuildFile; fileRef = 2DBA1FD2324DAC2AE398F276 /* TRCValidationErrorPrinterTests.m */; };
		2DBA1EDFD218B24F2C14C317 /* TRCMapperPhone.json in Resources */ = {isa = PBXBuildFile; fileRef = 2DBA11C1B532C921805BEC2F /* TRCMapperPhone.json */; };
		2DBA1F68160807B172F425AC /* SyncOperationQueue.m in Sources */ = {isa = PBXBuildFile; fileRef = 2DBA1A7F795C54D0DE12094A /* SyncOperationQueue.m */; };
		FA28E08C1B42941E00453FB8 /* Issue.m in Sources */ = {isa = PBXBuildFile; fileRef = FA28E0721B42941E00453FB8 /* Issue.m */; };
		FA28E08D1B42941E00453FB8 /* TRCObjectMapperIssue.m in Sources */ = {isa = PBXBuildFile; fileRef = FA28E0751B42941E00453FB8 /* TRCObjectMapperIssue.m */; };
		FA28E08E1B42941E00453FB8 /* TRCObjectMapperIssue.response.json in Resources */ = {isa = PBXBuildFile; fileRef = FA28E0761B42941E00453FB8 /* TRCObjectMapperIssue.response.json */; };
		FA28E08F1B42941E00453FB8 /* RequestToDownloadFile.m in Sources */ = {isa = PBXBuildFile; fileRef = FA28E07A1B42941E00453FB8 /* RequestToDownloadFile.m */; };
		FA28E0901B42941E00453FB8 /* RequestToGetIssue.m in Sources */ = {isa = PBXBuildFile; fileRef = FA28E07D1B42941E00453FB8 /* RequestToGetIssue.m */; };
		FA28E0911B42941E00453FB8 /* RequestToGetIssue.response.json in Resources */ = {isa = PBXBuildFile; fileRef = FA28E07E1B42941E00453FB8 /* RequestToGetIssue.response.json */; };
		FA28E0921B42941E00453FB8 /* RequestToGetIssueIntoRoot.m in Sources */ = {isa = PBXBuildFile; fileRef = FA28E0801B42941E00453FB8 /* RequestToGetIssueIntoRoot.m */; };
		FA28E0931B42941E00453FB8 /* RequestToGetIssueIntoRoot.response.json in Resources */ = {isa = PBXBuildFile; fileRef = FA28E0811B42941E00453FB8 /* RequestToGetIssueIntoRoot.response.json */; };
		FA28E0941B42941E00453FB8 /* RequestToGetIssues.m in Sources */ = {isa = PBXBuildFile; fileRef = FA28E0831B42941E00453FB8 /* RequestToGetIssues.m */; };
		FA28E0951B42941E00453FB8 /* RequestToGetIssues.response.json in Resources */ = {isa = PBXBuildFile; fileRef = FA28E0841B42941E00453FB8 /* RequestToGetIssues.response.json */; };
		FA28E0961B42941E00453FB8 /* RequestToUploadFile.m in Sources */ = {isa = PBXBuildFile; fileRef = FA28E0871B42941E00453FB8 /* RequestToUploadFile.m */; };
		FA28E0971B42941E00453FB8 /* RequestToUploadFile.response.json in Resources */ = {isa = PBXBuildFile; fileRef = FA28E0881B42941E00453FB8 /* RequestToUploadFile.response.json */; };
		FA28E0981B42941E00453FB8 /* TRCValueTransformerDateISO8601.m in Sources */ = {isa = PBXBuildFile; fileRef = FA28E08B1B42941E00453FB8 /* TRCValueTransformerDateISO8601.m */; };
		FA4695601A938782004036A5 /* TRCMapperPerson.m in Sources */ = {isa = PBXBuildFile; fileRef = FA46955F1A938782004036A5 /* TRCMapperPerson.m */; };
		FA4695631A9387FF004036A5 /* Person.m in Sources */ = {isa = PBXBuildFile; fileRef = FA4695621A9387FF004036A5 /* Person.m */; };
		FA5126691A96000F00EAF902 /* TRCSchemaStackTrace.m in Sources */ = {isa = PBXBuildFile; fileRef = FA5126681A96000F00EAF902 /* TRCSchemaStackTrace.m */; };
		FA55918119E69A4E00E00570 /* TRCConverterTests.m in Sources */ = {isa = PBXBuildFile; fileRef = FAC9166219E697A60009D824 /* TRCConverterTests.m */; };
		FA55918219E69A4E00E00570 /* TRCValueTransformerNumberTests.m in Sources */ = {isa = PBXBuildFile; fileRef = FAC9166319E697A60009D824 /* TRCValueTransformerNumberTests.m */; };
		FA55918319E69A4E00E00570 /* TyphoonRestClientTests.m in Sources */ = {isa = PBXBuildFile; fileRef = FAC9166419E697A60009D824 /* TyphoonRestClientTests.m */; };
		FA55918419E69A4E00E00570 /* TRCSchemeTests.m in Sources */ = {isa = PBXBuildFile; fileRef = FAC9166519E697A60009D824 /* TRCSchemeTests.m */; };
		FA55918519E69A5B00E00570 /* TRCRequestSpy.m in Sources */ = {isa = PBXBuildFile; fileRef = FAC9166F19E697A60009D824 /* TRCRequestSpy.m */; };
		FA55918619E69A5B00E00570 /* TRCErrorParserSpy.m in Sources */ = {isa = PBXBuildFile; fileRef = FAC9167119E697A60009D824 /* TRCErrorParserSpy.m */; };
		FA55918719E69A5B00E00570 /* TRCConnectionTestStub.m in Sources */ = {isa = PBXBuildFile; fileRef = FAC9167319E697A60009D824 /* TRCConnectionTestStub.m */; };
		FA55918819E69A5B00E00570 /* TRCValueTransformerStub.m in Sources */ = {isa = PBXBuildFile; fileRef = FAC9167519E697A60009D824 /* TRCValueTransformerStub.m */; };
		FAC814AB1BDFB7CE006D5E8E /* CFNetwork.framework in Frameworks */ = {isa = PBXBuildFile; fileRef = FAC814AA1BDFB7CE006D5E8E /* CFNetwork.framework */; };
		FAC814AD1BDFB826006D5E8E /* SystemConfiguration.framework in Frameworks */ = {isa = PBXBuildFile; fileRef = FAC814AC1BDFB826006D5E8E /* SystemConfiguration.framework */; };
		FAC9161719E693370009D824 /* Foundation.framework in Frameworks */ = {isa = PBXBuildFile; fileRef = FAC9161619E693370009D824 /* Foundation.framework */; };
		FAC9161C19E693370009D824 /* TyphoonRestClient.h in CopyFiles */ = {isa = PBXBuildFile; fileRef = FAC9161B19E693370009D824 /* TyphoonRestClient.h */; };
		FAC9161E19E693370009D824 /* TyphoonRestClient.m in Sources */ = {isa = PBXBuildFile; fileRef = FAC9161D19E693370009D824 /* TyphoonRestClient.m */; };
		FAC9162519E693370009D824 /* XCTest.framework in Frameworks */ = {isa = PBXBuildFile; fileRef = FAC9162419E693370009D824 /* XCTest.framework */; };
		FAC9162619E693370009D824 /* Foundation.framework in Frameworks */ = {isa = PBXBuildFile; fileRef = FAC9161619E693370009D824 /* Foundation.framework */; };
		FAC9162819E693370009D824 /* UIKit.framework in Frameworks */ = {isa = PBXBuildFile; fileRef = FAC9162719E693370009D824 /* UIKit.framework */; };
		FAC9162B19E693370009D824 /* libTyphoonRestClient.a in Frameworks */ = {isa = PBXBuildFile; fileRef = FAC9161319E693370009D824 /* libTyphoonRestClient.a */; };
		FAC9163119E693370009D824 /* InfoPlist.strings in Resources */ = {isa = PBXBuildFile; fileRef = FAC9162F19E693370009D824 /* InfoPlist.strings */; };
		FAC9165719E694FA0009D824 /* TRCConverter.m in Sources */ = {isa = PBXBuildFile; fileRef = FAC9164919E694FA0009D824 /* TRCConverter.m */; };
		FAC9165919E694FA0009D824 /* TRCSchema.m in Sources */ = {isa = PBXBuildFile; fileRef = FAC9164F19E694FA0009D824 /* TRCSchema.m */; };
		FAC9165A19E694FA0009D824 /* TRCUtils.m in Sources */ = {isa = PBXBuildFile; fileRef = FAC9165219E694FA0009D824 /* TRCUtils.m */; };
		FAC9167A19E697A60009D824 /* DictionaryArray.json in Resources */ = {isa = PBXBuildFile; fileRef = FAC9166719E697A60009D824 /* DictionaryArray.json */; };
		FAC9167B19E697A60009D824 /* GetOrderScheme.json in Resources */ = {isa = PBXBuildFile; fileRef = FAC9166819E697A60009D824 /* GetOrderScheme.json */; };
		FAC9167C19E697A60009D824 /* NumbersArray.json in Resources */ = {isa = PBXBuildFile; fileRef = FAC9166919E697A60009D824 /* NumbersArray.json */; };
		FAC9167D19E697A60009D824 /* StringsArray.json in Resources */ = {isa = PBXBuildFile; fileRef = FAC9166A19E697A60009D824 /* StringsArray.json */; };
		FAC9167E19E697A60009D824 /* TestScheme.json in Resources */ = {isa = PBXBuildFile; fileRef = FAC9166B19E697A60009D824 /* TestScheme.json */; };
		FAC9167F19E697A60009D824 /* TestSchemeOptionals.json in Resources */ = {isa = PBXBuildFile; fileRef = FAC9166C19E697A60009D824 /* TestSchemeOptionals.json */; };
		FAE3B4D31ACFEA880033835A /* PropertyListSchema.plist in Resources */ = {isa = PBXBuildFile; fileRef = FAE3B4D21ACFEA880033835A /* PropertyListSchema.plist */; };
		FAE88A201B171F5700CCADC3 /* TRCConnectionLogger.m in Sources */ = {isa = PBXBuildFile; fileRef = FAE88A001B171F5700CCADC3 /* TRCConnectionLogger.m */; };
		FAE88A211B171F5700CCADC3 /* TRCConnectionProxy.m in Sources */ = {isa = PBXBuildFile; fileRef = FAE88A021B171F5700CCADC3 /* TRCConnectionProxy.m */; };
		FAE88A221B171F5700CCADC3 /* TRCConnectionStub.m in Sources */ = {isa = PBXBuildFile; fileRef = FAE88A041B171F5700CCADC3 /* TRCConnectionStub.m */; };
		FAE88A231B171F5700CCADC3 /* TRCValueTransformerNumber.m in Sources */ = {isa = PBXBuildFile; fileRef = FAE88A071B171F5700CCADC3 /* TRCValueTransformerNumber.m */; };
		FAE88A241B171F5700CCADC3 /* TRCValueTransformerString.m in Sources */ = {isa = PBXBuildFile; fileRef = FAE88A091B171F5700CCADC3 /* TRCValueTransformerString.m */; };
		FAE88A251B171F5700CCADC3 /* TRCValueTransformerUrl.m in Sources */ = {isa = PBXBuildFile; fileRef = FAE88A0B1B171F5700CCADC3 /* TRCValueTransformerUrl.m */; };
		FAE88A261B171F5700CCADC3 /* TRCSchemaDictionaryData.m in Sources */ = {isa = PBXBuildFile; fileRef = FAE88A0F1B171F5700CCADC3 /* TRCSchemaDictionaryData.m */; };
		FAE88A271B171F5700CCADC3 /* TRCSerializerData.m in Sources */ = {isa = PBXBuildFile; fileRef = FAE88A121B171F5700CCADC3 /* TRCSerializerData.m */; };
		FAE88A281B171F5700CCADC3 /* TRCSerializerHttpQuery.m in Sources */ = {isa = PBXBuildFile; fileRef = FAE88A141B171F5700CCADC3 /* TRCSerializerHttpQuery.m */; };
		FAE88A291B171F5700CCADC3 /* TRCSerializerImage.m in Sources */ = {isa = PBXBuildFile; fileRef = FAE88A161B171F5700CCADC3 /* TRCSerializerImage.m */; };
		FAE88A2A1B171F5700CCADC3 /* TRCSerializerInputStream.m in Sources */ = {isa = PBXBuildFile; fileRef = FAE88A181B171F5700CCADC3 /* TRCSerializerInputStream.m */; };
		FAE88A2B1B171F5700CCADC3 /* TRCSerializerJson.m in Sources */ = {isa = PBXBuildFile; fileRef = FAE88A1A1B171F5700CCADC3 /* TRCSerializerJson.m */; };
		FAE88A2C1B171F5700CCADC3 /* TRCSerializerPlist.m in Sources */ = {isa = PBXBuildFile; fileRef = FAE88A1C1B171F5700CCADC3 /* TRCSerializerPlist.m */; };
		FAE88A2D1B171F5700CCADC3 /* TRCSerializerString.m in Sources */ = {isa = PBXBuildFile; fileRef = FAE88A1E1B171F5700CCADC3 /* TRCSerializerString.m */; };
/* End PBXBuildFile section */

/* Begin PBXContainerItemProxy section */
		FAC9162919E693370009D824 /* PBXContainerItemProxy */ = {
			isa = PBXContainerItemProxy;
			containerPortal = FAC9160B19E693370009D824 /* Project object */;
			proxyType = 1;
			remoteGlobalIDString = FAC9161219E693370009D824;
			remoteInfo = HttpWebService;
		};
/* End PBXContainerItemProxy section */

/* Begin PBXCopyFilesBuildPhase section */
		FAC9161119E693370009D824 /* CopyFiles */ = {
			isa = PBXCopyFilesBuildPhase;
			buildActionMask = 2147483647;
			dstPath = "include/$(PRODUCT_NAME)";
			dstSubfolderSpec = 16;
			files = (
				FAC9161C19E693370009D824 /* TyphoonRestClient.h in CopyFiles */,
			);
			runOnlyForDeploymentPostprocessing = 0;
		};
/* End PBXCopyFilesBuildPhase section */

/* Begin PBXFileReference section */
		11A77D6930D24E1BA5797E0E /* libPods-HttpWebServiceTests.a */ = {isa = PBXFileReference; explicitFileType = archive.ar; includeInIndex = 0; path = "libPods-HttpWebServiceTests.a"; sourceTree = BUILT_PRODUCTS_DIR; };
		2DBA104BA4D6F38FB51EC684 /* PersonsList.json */ = {isa = PBXFileReference; lastKnownFileType = file.json; path = PersonsList.json; sourceTree = "<group>"; };
		2DBA1076B15A22774213B2FA /* TRCMapperWithArray.h */ = {isa = PBXFileReference; fileEncoding = 4; lastKnownFileType = sourcecode.c.h; path = TRCMapperWithArray.h; sourceTree = "<group>"; };
		2DBA10AE04851CC3BDE7480A /* TRCMapperPhone.m */ = {isa = PBXFileReference; fileEncoding = 4; lastKnownFileType = sourcecode.c.objc; path = TRCMapperPhone.m; sourceTree = "<group>"; };
		2DBA10B8B095A61370FF141A /* TRCNetworkReachabilityManager.h */ = {isa = PBXFileReference; fileEncoding = 4; lastKnownFileType = sourcecode.c.h; path = TRCNetworkReachabilityManager.h; sourceTree = "<group>"; };
		2DBA10E858F4B6D010C7F9A4 /* TRCProxyProgressHandler.m */ = {isa = PBXFileReference; fileEncoding = 4; lastKnownFileType = sourcecode.c.objc; path = TRCProxyProgressHandler.m; sourceTree = "<group>"; };
		2DBA112EEFEB1DB5EBDE0ED9 /* TRCHttpQueryComposer.m */ = {isa = PBXFileReference; fileEncoding = 4; lastKnownFileType = sourcecode.c.objc; path = TRCHttpQueryComposer.m; sourceTree = "<group>"; };
		2DBA1139A068FD435CFD2C2A /* TRCResponseDelegate.h */ = {isa = PBXFileReference; fileEncoding = 4; lastKnownFileType = sourcecode.c.h; path = TRCResponseDelegate.h; sourceTree = "<group>"; };
		2DBA119F94B4B1A277B51A2B /* TRCSessionTaskContext.h */ = {isa = PBXFileReference; fileEncoding = 4; lastKnownFileType = sourcecode.c.h; path = TRCSessionTaskContext.h; sourceTree = "<group>"; };
		2DBA11C1B532C921805BEC2F /* TRCMapperPhone.json */ = {isa = PBXFileReference; lastKnownFileType = file.json; path = TRCMapperPhone.json; sourceTree = "<group>"; };
		2DBA123B3A97A2B227BB3C5F /* TRCSchemaDataValueOptions.m */ = {isa = PBXFileReference; fileEncoding = 4; lastKnownFileType = sourcecode.c.objc; path = TRCSchemaDataValueOptions.m; sourceTree = "<group>"; };
		2DBA12519DF33996626F6739 /* TRCErrorParserSimple.m */ = {isa = PBXFileReference; fileEncoding = 4; lastKnownFileType = sourcecode.c.objc; path = TRCErrorParserSimple.m; sourceTree = "<group>"; };
		2DBA12A7C3A23135DB4D27D0 /* TRCConnectionNSURLSession.h */ = {isa = PBXFileReference; fileEncoding = 4; lastKnownFileType = sourcecode.c.h; path = TRCConnectionNSURLSession.h; sourceTree = "<group>"; };
		2DBA12EB780D6799AD1F8462 /* TRCSessionTaskContext.m */ = {isa = PBXFileReference; fileEncoding = 4; lastKnownFileType = sourcecode.c.objc; path = TRCSessionTaskContext.m; sourceTree = "<group>"; };
		2DBA1365A34B2D111EA6E463 /* TRCMapperWithArray.json */ = {isa = PBXFileReference; lastKnownFileType = file.json; path = TRCMapperWithArray.json; sourceTree = "<group>"; };
		2DBA138B5637203565AA205A /* TRCHttpQueryComposer.h */ = {isa = PBXFileReference; fileEncoding = 4; lastKnownFileType = sourcecode.c.h; path = TRCHttpQueryComposer.h; sourceTree = "<group>"; };
		2DBA13EF4EF78FC5DF5CA978 /* RequestToSetIssue.h */ = {isa = PBXFileReference; fileEncoding = 4; lastKnownFileType = sourcecode.c.h; path = RequestToSetIssue.h; sourceTree = "<group>"; };
		2DBA142DC592EB2E5622DD73 /* TRCPostProcessor.h */ = {isa = PBXFileReference; fileEncoding = 4; lastKnownFileType = sourcecode.c.h; path = TRCPostProcessor.h; sourceTree = "<group>"; };
		2DBA1465E4C6E3A34A4752B6 /* SimpleErrorParser.m */ = {isa = PBXFileReference; fileEncoding = 4; lastKnownFileType = sourcecode.c.objc; path = SimpleErrorParser.m; sourceTree = "<group>"; };
		2DBA14DCB3A9D1601CFB7FD1 /* RequestToSetIssue.m */ = {isa = PBXFileReference; fileEncoding = 4; lastKnownFileType = sourcecode.c.objc; path = RequestToSetIssue.m; sourceTree = "<group>"; };
		2DBA158B4E6546253271A111 /* TestUtils.m */ = {isa = PBXFileReference; fileEncoding = 4; lastKnownFileType = sourcecode.c.objc; path = TestUtils.m; sourceTree = "<group>"; };
		2DBA161429FAAF8C959F4B7F /* TRCSchemaDataValueOptions.h */ = {isa = PBXFileReference; fileEncoding = 4; lastKnownFileType = sourcecode.c.h; path = TRCSchemaDataValueOptions.h; sourceTree = "<group>"; };
		2DBA16B6CE5A86891F838F01 /* TRCSerializerMultipart.h */ = {isa = PBXFileReference; fileEncoding = 4; lastKnownFileType = sourcecode.c.h; path = TRCSerializerMultipart.h; sourceTree = "<group>"; };
		2DBA17FA4B5016447633E32A /* TRCMapperWithArray.m */ = {isa = PBXFileReference; fileEncoding = 4; lastKnownFileType = sourcecode.c.objc; path = TRCMapperWithArray.m; sourceTree = "<group>"; };
		2DBA188F2C3799DB9C6DC55A /* TRCConnectionNSURLSession.m */ = {isa = PBXFileReference; fileEncoding = 4; lastKnownFileType = sourcecode.c.objc; path = TRCConnectionNSURLSession.m; sourceTree = "<group>"; };
		2DBA18D3069742C6859A2DA7 /* TRCProxyProgressHandler.h */ = {isa = PBXFileReference; fileEncoding = 4; lastKnownFileType = sourcecode.c.h; path = TRCProxyProgressHandler.h; sourceTree = "<group>"; };
		2DBA1942EBD89F99FB0149DC /* Phone.m */ = {isa = PBXFileReference; fileEncoding = 4; lastKnownFileType = sourcecode.c.objc; path = Phone.m; sourceTree = "<group>"; };
		2DBA19CDB29AAD3C4F65D42B /* Phone.h */ = {isa = PBXFileReference; fileEncoding = 4; lastKnownFileType = sourcecode.c.h; path = Phone.h; sourceTree = "<group>"; };
		2DBA1A63E0B2BDDB5D227E95 /* TRCMapperPerson.json */ = {isa = PBXFileReference; lastKnownFileType = file.request; path = TRCMapperPerson.json; sourceTree = "<group>"; };
		2DBA1A7F795C54D0DE12094A /* SyncOperationQueue.m */ = {isa = PBXFileReference; fileEncoding = 4; lastKnownFileType = sourcecode.c.objc; path = SyncOperationQueue.m; sourceTree = "<group>"; };
		2DBA1A8591D3051F01356F3E /* TyphoonRestClient.podspec */ = {isa = PBXFileReference; lastKnownFileType = file.podspec; path = TyphoonRestClient.podspec; sourceTree = SOURCE_ROOT; };
		2DBA1B5308D0A28755F5CE2C /* TRCSerializerMultipart.m */ = {isa = PBXFileReference; fileEncoding = 4; lastKnownFileType = sourcecode.c.objc; path = TRCSerializerMultipart.m; sourceTree = "<group>"; };
		2DBA1B8033DA8D5FA5B63C8B /* TRCObjectMapper.h */ = {isa = PBXFileReference; fileEncoding = 4; lastKnownFileType = sourcecode.c.h; path = TRCObjectMapper.h; sourceTree = "<group>"; };
		2DBA1C44E47EDAB03031EED3 /* SimpleErrorParser.h */ = {isa = PBXFileReference; fileEncoding = 4; lastKnownFileType = sourcecode.c.h; path = SimpleErrorParser.h; sourceTree = "<group>"; };
		2DBA1D11775F7F7D595235D9 /* TestUtils.h */ = {isa = PBXFileReference; fileEncoding = 4; lastKnownFileType = sourcecode.c.h; path = TestUtils.h; sourceTree = "<group>"; };
		2DBA1D4A0D09EAEC8684A9B1 /* SyncOperationQueue.h */ = {isa = PBXFileReference; fileEncoding = 4; lastKnownFileType = sourcecode.c.h; path = SyncOperationQueue.h; sourceTree = "<group>"; };
		2DBA1D51CC52855CCCAAE28D /* TRCSchemeFactory.h */ = {isa = PBXFileReference; fileEncoding = 4; lastKnownFileType = sourcecode.c.h; path = TRCSchemeFactory.h; sourceTree = "<group>"; };
		2DBA1D5D6A4F1CD450673422 /* TRCUtilsTests.m */ = {isa = PBXFileReference; fileEncoding = 4; lastKnownFileType = sourcecode.c.objc; path = TRCUtilsTests.m; sourceTree = "<group>"; };
		2DBA1D63DF19AC301D0604A5 /* TRCMapperPhone.h */ = {isa = PBXFileReference; fileEncoding = 4; lastKnownFileType = sourcecode.c.h; path = TRCMapperPhone.h; sourceTree = "<group>"; };
		2DBA1DCB50C312ECC2FCB559 /* TRCIntegrationTests.m */ = {isa = PBXFileReference; fileEncoding = 4; lastKnownFileType = sourcecode.c.objc; path = TRCIntegrationTests.m; sourceTree = "<group>"; };
		2DBA1DF66E068A7D28A35396 /* TRCNetworkReachabilityManager.m */ = {isa = PBXFileReference; fileEncoding = 4; lastKnownFileType = sourcecode.c.objc; path = TRCNetworkReachabilityManager.m; sourceTree = "<group>"; };
		2DBA1DFAF75A7BFE623BC34C /* TRCSchemeFactory.m */ = {isa = PBXFileReference; fileEncoding = 4; lastKnownFileType = sourcecode.c.objc; path = TRCSchemeFactory.m; sourceTree = "<group>"; };
		2DBA1E03A8FA7ED062C8376B /* TRCSessionHandler.m */ = {isa = PBXFileReference; fileEncoding = 4; lastKnownFileType = sourcecode.c.objc; path = TRCSessionHandler.m; sourceTree = "<group>"; };
		2DBA1EBD1A9ADDFE7A44DD50 /* TRCSessionHandler.h */ = {isa = PBXFileReference; fileEncoding = 4; lastKnownFileType = sourcecode.c.h; path = TRCSessionHandler.h; sourceTree = "<group>"; };
		2DBA1ECDC2BD02AD01F101C3 /* TRCErrorParserSimple.h */ = {isa = PBXFileReference; fileEncoding = 4; lastKnownFileType = sourcecode.c.h; path = TRCErrorParserSimple.h; sourceTree = "<group>"; };
		2DBA1FD2324DAC2AE398F276 /* TRCValidationErrorPrinterTests.m */ = {isa = PBXFileReference; fileEncoding = 4; lastKnownFileType = sourcecode.c.objc; path = TRCValidationErrorPrinterTests.m; sourceTree = "<group>"; };
		318211C9A0EFA05BB328BAAB /* TRCPreProcessor.h */ = {isa = PBXFileReference; fileEncoding = 4; lastKnownFileType = sourcecode.c.h; path = TRCPreProcessor.h; sourceTree = "<group>"; };
		469D3C7EB63CCF077674B274 /* libPods-TyphoonRestClientTests.a */ = {isa = PBXFileReference; explicitFileType = archive.ar; includeInIndex = 0; path = "libPods-TyphoonRestClientTests.a"; sourceTree = BUILT_PRODUCTS_DIR; };
		5C84882D07B06327E8D9BB26 /* libPods-TyphoonRestClient.a */ = {isa = PBXFileReference; explicitFileType = archive.ar; includeInIndex = 0; path = "libPods-TyphoonRestClient.a"; sourceTree = BUILT_PRODUCTS_DIR; };
		A14BA2DE857D4EC58948A253 /* libPods-HttpWebService.a */ = {isa = PBXFileReference; explicitFileType = archive.ar; includeInIndex = 0; path = "libPods-HttpWebService.a"; sourceTree = BUILT_PRODUCTS_DIR; };
		FA28E0711B42941E00453FB8 /* Issue.h */ = {isa = PBXFileReference; fileEncoding = 4; lastKnownFileType = sourcecode.c.h; path = Issue.h; sourceTree = "<group>"; };
		FA28E0721B42941E00453FB8 /* Issue.m */ = {isa = PBXFileReference; fileEncoding = 4; lastKnownFileType = sourcecode.c.objc; path = Issue.m; sourceTree = "<group>"; };
		FA28E0741B42941E00453FB8 /* TRCObjectMapperIssue.h */ = {isa = PBXFileReference; fileEncoding = 4; lastKnownFileType = sourcecode.c.h; path = TRCObjectMapperIssue.h; sourceTree = "<group>"; };
		FA28E0751B42941E00453FB8 /* TRCObjectMapperIssue.m */ = {isa = PBXFileReference; fileEncoding = 4; lastKnownFileType = sourcecode.c.objc; path = TRCObjectMapperIssue.m; sourceTree = "<group>"; };
		FA28E0761B42941E00453FB8 /* TRCObjectMapperIssue.response.json */ = {isa = PBXFileReference; fileEncoding = 4; lastKnownFileType = text.json; path = TRCObjectMapperIssue.response.json; sourceTree = "<group>"; };
		FA28E0791B42941E00453FB8 /* RequestToDownloadFile.h */ = {isa = PBXFileReference; fileEncoding = 4; lastKnownFileType = sourcecode.c.h; path = RequestToDownloadFile.h; sourceTree = "<group>"; };
		FA28E07A1B42941E00453FB8 /* RequestToDownloadFile.m */ = {isa = PBXFileReference; fileEncoding = 4; lastKnownFileType = sourcecode.c.objc; path = RequestToDownloadFile.m; sourceTree = "<group>"; };
		FA28E07C1B42941E00453FB8 /* RequestToGetIssue.h */ = {isa = PBXFileReference; fileEncoding = 4; lastKnownFileType = sourcecode.c.h; path = RequestToGetIssue.h; sourceTree = "<group>"; };
		FA28E07D1B42941E00453FB8 /* RequestToGetIssue.m */ = {isa = PBXFileReference; fileEncoding = 4; lastKnownFileType = sourcecode.c.objc; path = RequestToGetIssue.m; sourceTree = "<group>"; };
		FA28E07E1B42941E00453FB8 /* RequestToGetIssue.response.json */ = {isa = PBXFileReference; fileEncoding = 4; lastKnownFileType = text.json; path = RequestToGetIssue.response.json; sourceTree = "<group>"; };
		FA28E07F1B42941E00453FB8 /* RequestToGetIssueIntoRoot.h */ = {isa = PBXFileReference; fileEncoding = 4; lastKnownFileType = sourcecode.c.h; path = RequestToGetIssueIntoRoot.h; sourceTree = "<group>"; };
		FA28E0801B42941E00453FB8 /* RequestToGetIssueIntoRoot.m */ = {isa = PBXFileReference; fileEncoding = 4; lastKnownFileType = sourcecode.c.objc; path = RequestToGetIssueIntoRoot.m; sourceTree = "<group>"; };
		FA28E0811B42941E00453FB8 /* RequestToGetIssueIntoRoot.response.json */ = {isa = PBXFileReference; fileEncoding = 4; lastKnownFileType = text.json; path = RequestToGetIssueIntoRoot.response.json; sourceTree = "<group>"; };
		FA28E0821B42941E00453FB8 /* RequestToGetIssues.h */ = {isa = PBXFileReference; fileEncoding = 4; lastKnownFileType = sourcecode.c.h; path = RequestToGetIssues.h; sourceTree = "<group>"; };
		FA28E0831B42941E00453FB8 /* RequestToGetIssues.m */ = {isa = PBXFileReference; fileEncoding = 4; lastKnownFileType = sourcecode.c.objc; path = RequestToGetIssues.m; sourceTree = "<group>"; };
		FA28E0841B42941E00453FB8 /* RequestToGetIssues.response.json */ = {isa = PBXFileReference; fileEncoding = 4; lastKnownFileType = text.json; path = RequestToGetIssues.response.json; sourceTree = "<group>"; };
		FA28E0861B42941E00453FB8 /* RequestToUploadFile.h */ = {isa = PBXFileReference; fileEncoding = 4; lastKnownFileType = sourcecode.c.h; path = RequestToUploadFile.h; sourceTree = "<group>"; };
		FA28E0871B42941E00453FB8 /* RequestToUploadFile.m */ = {isa = PBXFileReference; fileEncoding = 4; lastKnownFileType = sourcecode.c.objc; path = RequestToUploadFile.m; sourceTree = "<group>"; };
		FA28E0881B42941E00453FB8 /* RequestToUploadFile.response.json */ = {isa = PBXFileReference; fileEncoding = 4; lastKnownFileType = text.json; path = RequestToUploadFile.response.json; sourceTree = "<group>"; };
		FA28E08A1B42941E00453FB8 /* TRCValueTransformerDateISO8601.h */ = {isa = PBXFileReference; fileEncoding = 4; lastKnownFileType = sourcecode.c.h; path = TRCValueTransformerDateISO8601.h; sourceTree = "<group>"; };
		FA28E08B1B42941E00453FB8 /* TRCValueTransformerDateISO8601.m */ = {isa = PBXFileReference; fileEncoding = 4; lastKnownFileType = sourcecode.c.objc; path = TRCValueTransformerDateISO8601.m; sourceTree = "<group>"; };
		FA46955E1A938782004036A5 /* TRCMapperPerson.h */ = {isa = PBXFileReference; fileEncoding = 4; lastKnownFileType = sourcecode.c.h; path = TRCMapperPerson.h; sourceTree = "<group>"; };
		FA46955F1A938782004036A5 /* TRCMapperPerson.m */ = {isa = PBXFileReference; fileEncoding = 4; lastKnownFileType = sourcecode.c.objc; path = TRCMapperPerson.m; sourceTree = "<group>"; };
		FA4695611A9387FF004036A5 /* Person.h */ = {isa = PBXFileReference; fileEncoding = 4; lastKnownFileType = sourcecode.c.h; path = Person.h; sourceTree = "<group>"; };
		FA4695621A9387FF004036A5 /* Person.m */ = {isa = PBXFileReference; fileEncoding = 4; lastKnownFileType = sourcecode.c.objc; path = Person.m; sourceTree = "<group>"; };
		FA5126671A96000F00EAF902 /* TRCSchemaStackTrace.h */ = {isa = PBXFileReference; fileEncoding = 4; lastKnownFileType = sourcecode.c.h; path = TRCSchemaStackTrace.h; sourceTree = "<group>"; };
		FA5126681A96000F00EAF902 /* TRCSchemaStackTrace.m */ = {isa = PBXFileReference; fileEncoding = 4; lastKnownFileType = sourcecode.c.objc; path = TRCSchemaStackTrace.m; sourceTree = "<group>"; };
		FAA684901ABF077300EF4CB6 /* TRCBuiltInObjects.h */ = {isa = PBXFileReference; fileEncoding = 4; lastKnownFileType = sourcecode.c.h; path = TRCBuiltInObjects.h; sourceTree = "<group>"; };
		FAC814AA1BDFB7CE006D5E8E /* CFNetwork.framework */ = {isa = PBXFileReference; lastKnownFileType = wrapper.framework; name = CFNetwork.framework; path = System/Library/Frameworks/CFNetwork.framework; sourceTree = SDKROOT; };
		FAC814AC1BDFB826006D5E8E /* SystemConfiguration.framework */ = {isa = PBXFileReference; lastKnownFileType = wrapper.framework; name = SystemConfiguration.framework; path = System/Library/Frameworks/SystemConfiguration.framework; sourceTree = SDKROOT; };
		FAC9161319E693370009D824 /* libTyphoonRestClient.a */ = {isa = PBXFileReference; explicitFileType = archive.ar; includeInIndex = 0; path = libTyphoonRestClient.a; sourceTree = BUILT_PRODUCTS_DIR; };
		FAC9161619E693370009D824 /* Foundation.framework */ = {isa = PBXFileReference; lastKnownFileType = wrapper.framework; name = Foundation.framework; path = System/Library/Frameworks/Foundation.framework; sourceTree = SDKROOT; };
		FAC9161B19E693370009D824 /* TyphoonRestClient.h */ = {isa = PBXFileReference; lastKnownFileType = sourcecode.c.h; path = TyphoonRestClient.h; sourceTree = "<group>"; };
		FAC9161D19E693370009D824 /* TyphoonRestClient.m */ = {isa = PBXFileReference; lastKnownFileType = sourcecode.c.objc; path = TyphoonRestClient.m; sourceTree = "<group>"; };
		FAC9162319E693370009D824 /* TyphoonRestClientTests.xctest */ = {isa = PBXFileReference; explicitFileType = wrapper.cfbundle; includeInIndex = 0; path = TyphoonRestClientTests.xctest; sourceTree = BUILT_PRODUCTS_DIR; };
		FAC9162419E693370009D824 /* XCTest.framework */ = {isa = PBXFileReference; lastKnownFileType = wrapper.framework; name = XCTest.framework; path = Library/Frameworks/XCTest.framework; sourceTree = DEVELOPER_DIR; };
		FAC9162719E693370009D824 /* UIKit.framework */ = {isa = PBXFileReference; lastKnownFileType = wrapper.framework; name = UIKit.framework; path = Library/Frameworks/UIKit.framework; sourceTree = DEVELOPER_DIR; };
		FAC9162E19E693370009D824 /* TyphoonRestClientTests-Info.plist */ = {isa = PBXFileReference; lastKnownFileType = text.plist.info; path = "TyphoonRestClientTests-Info.plist"; sourceTree = "<group>"; };
		FAC9163019E693370009D824 /* en */ = {isa = PBXFileReference; lastKnownFileType = text.plist.strings; name = en; path = en.lproj/InfoPlist.strings; sourceTree = "<group>"; };
		FAC9164819E694FA0009D824 /* TRCConverter.h */ = {isa = PBXFileReference; fileEncoding = 4; lastKnownFileType = sourcecode.c.h; path = TRCConverter.h; sourceTree = "<group>"; };
		FAC9164919E694FA0009D824 /* TRCConverter.m */ = {isa = PBXFileReference; fileEncoding = 4; lastKnownFileType = sourcecode.c.objc; path = TRCConverter.m; sourceTree = "<group>"; };
		FAC9164C19E694FA0009D824 /* TRCConvertersRegistry.h */ = {isa = PBXFileReference; fileEncoding = 4; lastKnownFileType = sourcecode.c.h; path = TRCConvertersRegistry.h; sourceTree = "<group>"; };
		FAC9164E19E694FA0009D824 /* TRCSchema.h */ = {isa = PBXFileReference; fileEncoding = 4; lastKnownFileType = sourcecode.c.h; path = TRCSchema.h; sourceTree = "<group>"; };
		FAC9164F19E694FA0009D824 /* TRCSchema.m */ = {isa = PBXFileReference; fileEncoding = 4; lastKnownFileType = sourcecode.c.objc; path = TRCSchema.m; sourceTree = "<group>"; };
		FAC9165119E694FA0009D824 /* TRCUtils.h */ = {isa = PBXFileReference; fileEncoding = 4; lastKnownFileType = sourcecode.c.h; path = TRCUtils.h; sourceTree = "<group>"; };
		FAC9165219E694FA0009D824 /* TRCUtils.m */ = {isa = PBXFileReference; fileEncoding = 4; lastKnownFileType = sourcecode.c.objc; path = TRCUtils.m; sourceTree = "<group>"; };
		FAC9165C19E695020009D824 /* TRCRequest.h */ = {isa = PBXFileReference; fileEncoding = 4; lastKnownFileType = sourcecode.c.h; path = TRCRequest.h; sourceTree = "<group>"; };
		FAC9165E19E695020009D824 /* TRCValueTransformer.h */ = {isa = PBXFileReference; fileEncoding = 4; lastKnownFileType = sourcecode.c.h; path = TRCValueTransformer.h; sourceTree = "<group>"; };
		FAC9165F19E695020009D824 /* TRCConnection.h */ = {isa = PBXFileReference; fileEncoding = 4; lastKnownFileType = sourcecode.c.h; path = TRCConnection.h; sourceTree = "<group>"; };
		FAC9166019E695020009D824 /* TRCErrorHandler.h */ = {isa = PBXFileReference; fileEncoding = 4; lastKnownFileType = sourcecode.c.h; path = TRCErrorHandler.h; sourceTree = "<group>"; };
		FAC9166219E697A60009D824 /* TRCConverterTests.m */ = {isa = PBXFileReference; fileEncoding = 4; lastKnownFileType = sourcecode.c.objc; path = TRCConverterTests.m; sourceTree = "<group>"; };
		FAC9166319E697A60009D824 /* TRCValueTransformerNumberTests.m */ = {isa = PBXFileReference; fileEncoding = 4; lastKnownFileType = sourcecode.c.objc; path = TRCValueTransformerNumberTests.m; sourceTree = "<group>"; };
		FAC9166419E697A60009D824 /* TyphoonRestClientTests.m */ = {isa = PBXFileReference; fileEncoding = 4; lastKnownFileType = sourcecode.c.objc; path = TyphoonRestClientTests.m; sourceTree = "<group>"; };
		FAC9166519E697A60009D824 /* TRCSchemeTests.m */ = {isa = PBXFileReference; fileEncoding = 4; lastKnownFileType = sourcecode.c.objc; path = TRCSchemeTests.m; sourceTree = "<group>"; };
		FAC9166719E697A60009D824 /* DictionaryArray.json */ = {isa = PBXFileReference; fileEncoding = 4; lastKnownFileType = text.json; path = DictionaryArray.json; sourceTree = "<group>"; };
		FAC9166819E697A60009D824 /* GetOrderScheme.json */ = {isa = PBXFileReference; fileEncoding = 4; lastKnownFileType = text.json; path = GetOrderScheme.json; sourceTree = "<group>"; };
		FAC9166919E697A60009D824 /* NumbersArray.json */ = {isa = PBXFileReference; fileEncoding = 4; lastKnownFileType = text.json; path = NumbersArray.json; sourceTree = "<group>"; };
		FAC9166A19E697A60009D824 /* StringsArray.json */ = {isa = PBXFileReference; fileEncoding = 4; lastKnownFileType = text.json; path = StringsArray.json; sourceTree = "<group>"; };
		FAC9166B19E697A60009D824 /* TestScheme.json */ = {isa = PBXFileReference; fileEncoding = 4; lastKnownFileType = text.json; path = TestScheme.json; sourceTree = "<group>"; };
		FAC9166C19E697A60009D824 /* TestSchemeOptionals.json */ = {isa = PBXFileReference; fileEncoding = 4; lastKnownFileType = text.json; path = TestSchemeOptionals.json; sourceTree = "<group>"; };
		FAC9166E19E697A60009D824 /* TRCRequestSpy.h */ = {isa = PBXFileReference; fileEncoding = 4; lastKnownFileType = sourcecode.c.h; path = TRCRequestSpy.h; sourceTree = "<group>"; };
		FAC9166F19E697A60009D824 /* TRCRequestSpy.m */ = {isa = PBXFileReference; fileEncoding = 4; lastKnownFileType = sourcecode.c.objc; path = TRCRequestSpy.m; sourceTree = "<group>"; };
		FAC9167019E697A60009D824 /* TRCErrorParserSpy.h */ = {isa = PBXFileReference; fileEncoding = 4; lastKnownFileType = sourcecode.c.h; path = TRCErrorParserSpy.h; sourceTree = "<group>"; };
		FAC9167119E697A60009D824 /* TRCErrorParserSpy.m */ = {isa = PBXFileReference; fileEncoding = 4; lastKnownFileType = sourcecode.c.objc; path = TRCErrorParserSpy.m; sourceTree = "<group>"; };
		FAC9167219E697A60009D824 /* TRCConnectionTestStub.h */ = {isa = PBXFileReference; fileEncoding = 4; lastKnownFileType = sourcecode.c.h; path = TRCConnectionTestStub.h; sourceTree = "<group>"; };
		FAC9167319E697A60009D824 /* TRCConnectionTestStub.m */ = {isa = PBXFileReference; fileEncoding = 4; lastKnownFileType = sourcecode.c.objc; path = TRCConnectionTestStub.m; sourceTree = "<group>"; };
		FAC9167419E697A60009D824 /* TRCValueTransformerStub.h */ = {isa = PBXFileReference; fileEncoding = 4; lastKnownFileType = sourcecode.c.h; path = TRCValueTransformerStub.h; sourceTree = "<group>"; };
		FAC9167519E697A60009D824 /* TRCValueTransformerStub.m */ = {isa = PBXFileReference; fileEncoding = 4; lastKnownFileType = sourcecode.c.objc; path = TRCValueTransformerStub.m; sourceTree = "<group>"; };
		FAE3B4D21ACFEA880033835A /* PropertyListSchema.plist */ = {isa = PBXFileReference; fileEncoding = 4; lastKnownFileType = text.plist.xml; path = PropertyListSchema.plist; sourceTree = "<group>"; };
		FAE889F91B171D3F00CCADC3 /* TyphoonRestClient-Prefix.pch */ = {isa = PBXFileReference; lastKnownFileType = sourcecode.c.h; path = "TyphoonRestClient-Prefix.pch"; sourceTree = SOURCE_ROOT; };
		FAE889FA1B171F2300CCADC3 /* TyphoonRestClientErrors.h */ = {isa = PBXFileReference; fileEncoding = 4; lastKnownFileType = sourcecode.c.h; path = TyphoonRestClientErrors.h; sourceTree = "<group>"; };
		FAE889FF1B171F5700CCADC3 /* TRCConnectionLogger.h */ = {isa = PBXFileReference; fileEncoding = 4; lastKnownFileType = sourcecode.c.h; path = TRCConnectionLogger.h; sourceTree = "<group>"; };
		FAE88A001B171F5700CCADC3 /* TRCConnectionLogger.m */ = {isa = PBXFileReference; fileEncoding = 4; lastKnownFileType = sourcecode.c.objc; path = TRCConnectionLogger.m; sourceTree = "<group>"; };
		FAE88A011B171F5700CCADC3 /* TRCConnectionProxy.h */ = {isa = PBXFileReference; fileEncoding = 4; lastKnownFileType = sourcecode.c.h; path = TRCConnectionProxy.h; sourceTree = "<group>"; };
		FAE88A021B171F5700CCADC3 /* TRCConnectionProxy.m */ = {isa = PBXFileReference; fileEncoding = 4; lastKnownFileType = sourcecode.c.objc; path = TRCConnectionProxy.m; sourceTree = "<group>"; };
		FAE88A031B171F5700CCADC3 /* TRCConnectionStub.h */ = {isa = PBXFileReference; fileEncoding = 4; lastKnownFileType = sourcecode.c.h; path = TRCConnectionStub.h; sourceTree = "<group>"; };
		FAE88A041B171F5700CCADC3 /* TRCConnectionStub.m */ = {isa = PBXFileReference; fileEncoding = 4; lastKnownFileType = sourcecode.c.objc; path = TRCConnectionStub.m; sourceTree = "<group>"; };
		FAE88A061B171F5700CCADC3 /* TRCValueTransformerNumber.h */ = {isa = PBXFileReference; fileEncoding = 4; lastKnownFileType = sourcecode.c.h; path = TRCValueTransformerNumber.h; sourceTree = "<group>"; };
		FAE88A071B171F5700CCADC3 /* TRCValueTransformerNumber.m */ = {isa = PBXFileReference; fileEncoding = 4; lastKnownFileType = sourcecode.c.objc; path = TRCValueTransformerNumber.m; sourceTree = "<group>"; };
		FAE88A081B171F5700CCADC3 /* TRCValueTransformerString.h */ = {isa = PBXFileReference; fileEncoding = 4; lastKnownFileType = sourcecode.c.h; path = TRCValueTransformerString.h; sourceTree = "<group>"; };
		FAE88A091B171F5700CCADC3 /* TRCValueTransformerString.m */ = {isa = PBXFileReference; fileEncoding = 4; lastKnownFileType = sourcecode.c.objc; path = TRCValueTransformerString.m; sourceTree = "<group>"; };
		FAE88A0A1B171F5700CCADC3 /* TRCValueTransformerUrl.h */ = {isa = PBXFileReference; fileEncoding = 4; lastKnownFileType = sourcecode.c.h; path = TRCValueTransformerUrl.h; sourceTree = "<group>"; };
		FAE88A0B1B171F5700CCADC3 /* TRCValueTransformerUrl.m */ = {isa = PBXFileReference; fileEncoding = 4; lastKnownFileType = sourcecode.c.objc; path = TRCValueTransformerUrl.m; sourceTree = "<group>"; };
		FAE88A0E1B171F5700CCADC3 /* TRCSchemaDictionaryData.h */ = {isa = PBXFileReference; fileEncoding = 4; lastKnownFileType = sourcecode.c.h; path = TRCSchemaDictionaryData.h; sourceTree = "<group>"; };
		FAE88A0F1B171F5700CCADC3 /* TRCSchemaDictionaryData.m */ = {isa = PBXFileReference; fileEncoding = 4; lastKnownFileType = sourcecode.c.objc; path = TRCSchemaDictionaryData.m; sourceTree = "<group>"; };
		FAE88A111B171F5700CCADC3 /* TRCSerializerData.h */ = {isa = PBXFileReference; fileEncoding = 4; lastKnownFileType = sourcecode.c.h; path = TRCSerializerData.h; sourceTree = "<group>"; };
		FAE88A121B171F5700CCADC3 /* TRCSerializerData.m */ = {isa = PBXFileReference; fileEncoding = 4; lastKnownFileType = sourcecode.c.objc; path = TRCSerializerData.m; sourceTree = "<group>"; };
		FAE88A131B171F5700CCADC3 /* TRCSerializerHttpQuery.h */ = {isa = PBXFileReference; fileEncoding = 4; lastKnownFileType = sourcecode.c.h; path = TRCSerializerHttpQuery.h; sourceTree = "<group>"; };
		FAE88A141B171F5700CCADC3 /* TRCSerializerHttpQuery.m */ = {isa = PBXFileReference; fileEncoding = 4; lastKnownFileType = sourcecode.c.objc; path = TRCSerializerHttpQuery.m; sourceTree = "<group>"; };
		FAE88A151B171F5700CCADC3 /* TRCSerializerImage.h */ = {isa = PBXFileReference; fileEncoding = 4; lastKnownFileType = sourcecode.c.h; path = TRCSerializerImage.h; sourceTree = "<group>"; };
		FAE88A161B171F5700CCADC3 /* TRCSerializerImage.m */ = {isa = PBXFileReference; fileEncoding = 4; lastKnownFileType = sourcecode.c.objc; path = TRCSerializerImage.m; sourceTree = "<group>"; };
		FAE88A171B171F5700CCADC3 /* TRCSerializerInputStream.h */ = {isa = PBXFileReference; fileEncoding = 4; lastKnownFileType = sourcecode.c.h; path = TRCSerializerInputStream.h; sourceTree = "<group>"; };
		FAE88A181B171F5700CCADC3 /* TRCSerializerInputStream.m */ = {isa = PBXFileReference; fileEncoding = 4; lastKnownFileType = sourcecode.c.objc; path = TRCSerializerInputStream.m; sourceTree = "<group>"; };
		FAE88A191B171F5700CCADC3 /* TRCSerializerJson.h */ = {isa = PBXFileReference; fileEncoding = 4; lastKnownFileType = sourcecode.c.h; path = TRCSerializerJson.h; sourceTree = "<group>"; };
		FAE88A1A1B171F5700CCADC3 /* TRCSerializerJson.m */ = {isa = PBXFileReference; fileEncoding = 4; lastKnownFileType = sourcecode.c.objc; path = TRCSerializerJson.m; sourceTree = "<group>"; };
		FAE88A1B1B171F5700CCADC3 /* TRCSerializerPlist.h */ = {isa = PBXFileReference; fileEncoding = 4; lastKnownFileType = sourcecode.c.h; path = TRCSerializerPlist.h; sourceTree = "<group>"; };
		FAE88A1C1B171F5700CCADC3 /* TRCSerializerPlist.m */ = {isa = PBXFileReference; fileEncoding = 4; lastKnownFileType = sourcecode.c.objc; path = TRCSerializerPlist.m; sourceTree = "<group>"; };
		FAE88A1D1B171F5700CCADC3 /* TRCSerializerString.h */ = {isa = PBXFileReference; fileEncoding = 4; lastKnownFileType = sourcecode.c.h; path = TRCSerializerString.h; sourceTree = "<group>"; };
		FAE88A1E1B171F5700CCADC3 /* TRCSerializerString.m */ = {isa = PBXFileReference; fileEncoding = 4; lastKnownFileType = sourcecode.c.objc; path = TRCSerializerString.m; sourceTree = "<group>"; };
		FAE88A2F1B171FA200CCADC3 /* TRCInfrastructure.h */ = {isa = PBXFileReference; fileEncoding = 4; lastKnownFileType = sourcecode.c.h; path = TRCInfrastructure.h; sourceTree = "<group>"; };
		FAE88A301B171FA200CCADC3 /* TRCSchemaData.h */ = {isa = PBXFileReference; fileEncoding = 4; lastKnownFileType = sourcecode.c.h; path = TRCSchemaData.h; sourceTree = "<group>"; };
/* End PBXFileReference section */

/* Begin PBXFrameworksBuildPhase section */
		FAC9161019E693370009D824 /* Frameworks */ = {
			isa = PBXFrameworksBuildPhase;
			buildActionMask = 2147483647;
			files = (
				FAC9161719E693370009D824 /* Foundation.framework in Frameworks */,
			);
			runOnlyForDeploymentPostprocessing = 0;
		};
		FAC9162019E693370009D824 /* Frameworks */ = {
			isa = PBXFrameworksBuildPhase;
			buildActionMask = 2147483647;
			files = (
				FAC814AD1BDFB826006D5E8E /* SystemConfiguration.framework in Frameworks */,
				FAC814AB1BDFB7CE006D5E8E /* CFNetwork.framework in Frameworks */,
				FAC9162B19E693370009D824 /* libTyphoonRestClient.a in Frameworks */,
				FAC9162519E693370009D824 /* XCTest.framework in Frameworks */,
				FAC9162819E693370009D824 /* UIKit.framework in Frameworks */,
				FAC9162619E693370009D824 /* Foundation.framework in Frameworks */,
			);
			runOnlyForDeploymentPostprocessing = 0;
		};
/* End PBXFrameworksBuildPhase section */

/* Begin PBXGroup section */
		2DBA101783BF2EC134BDD0D5 /* Third Parties */ = {
			isa = PBXGroup;
			children = (
				2DBA1418F7CA1727B2D24483 /* AFNetwroking Parts */,
			);
			path = "Third Parties";
			sourceTree = "<group>";
		};
		2DBA10B2C75FA1E966F2D96B /* HttpQueryComposer */ = {
			isa = PBXGroup;
			children = (
				2DBA138B5637203565AA205A /* TRCHttpQueryComposer.h */,
				2DBA112EEFEB1DB5EBDE0ED9 /* TRCHttpQueryComposer.m */,
			);
			path = HttpQueryComposer;
			sourceTree = "<group>";
		};
		2DBA1369CC75CA7A5E198E6C /* ProxyProgressHandler */ = {
			isa = PBXGroup;
			children = (
				2DBA10E858F4B6D010C7F9A4 /* TRCProxyProgressHandler.m */,
				2DBA18D3069742C6859A2DA7 /* TRCProxyProgressHandler.h */,
			);
			path = ProxyProgressHandler;
			sourceTree = "<group>";
		};
		2DBA1418F7CA1727B2D24483 /* AFNetwroking Parts */ = {
			isa = PBXGroup;
			children = (
				2DBA1F27CE21DCB632343D9D /* Reachability */,
				2DBA10B2C75FA1E966F2D96B /* HttpQueryComposer */,
			);
			path = "AFNetwroking Parts";
			sourceTree = "<group>";
		};
		2DBA142B41142B7C4B452940 /* ErrorParser */ = {
			isa = PBXGroup;
			children = (
				2DBA1465E4C6E3A34A4752B6 /* SimpleErrorParser.m */,
				2DBA1C44E47EDAB03031EED3 /* SimpleErrorParser.h */,
			);
			path = ErrorParser;
			sourceTree = "<group>";
		};
		2DBA17EA20F50B557220E3D1 /* Data */ = {
			isa = PBXGroup;
			children = (
				2DBA161429FAAF8C959F4B7F /* TRCSchemaDataValueOptions.h */,
				2DBA123B3A97A2B227BB3C5F /* TRCSchemaDataValueOptions.m */,
			);
			path = Data;
			sourceTree = "<group>";
		};
		2DBA18F37FDFA3A0DC26AA99 /* TRCConnectionNSURLSession */ = {
			isa = PBXGroup;
			children = (
				2DBA188F2C3799DB9C6DC55A /* TRCConnectionNSURLSession.m */,
				2DBA12A7C3A23135DB4D27D0 /* TRCConnectionNSURLSession.h */,
				2DBA1E03A8FA7ED062C8376B /* TRCSessionHandler.m */,
				2DBA1EBD1A9ADDFE7A44DD50 /* TRCSessionHandler.h */,
				2DBA12EB780D6799AD1F8462 /* TRCSessionTaskContext.m */,
				2DBA119F94B4B1A277B51A2B /* TRCSessionTaskContext.h */,
			);
			path = TRCConnectionNSURLSession;
			sourceTree = "<group>";
		};
		2DBA19902B2143CA5E9C59A0 /* Related Objects */ = {
			isa = PBXGroup;
			children = (
				FA28E0711B42941E00453FB8 /* Issue.h */,
				FA28E0721B42941E00453FB8 /* Issue.m */,
				FA28E0731B42941E00453FB8 /* ObjectMappers */,
				FA28E0771B42941E00453FB8 /* Requests */,
				FA28E0891B42941E00453FB8 /* ValueTransformers */,
				2DBA142B41142B7C4B452940 /* ErrorParser */,
			);
			path = "Related Objects";
			sourceTree = "<group>";
		};
		2DBA1AEED0012EED9DFC72CA /* SchemeFactory */ = {
			isa = PBXGroup;
			children = (
				2DBA1D51CC52855CCCAAE28D /* TRCSchemeFactory.h */,
				2DBA1DFAF75A7BFE623BC34C /* TRCSchemeFactory.m */,
			);
			path = SchemeFactory;
			sourceTree = "<group>";
		};
		2DBA1E5643454D1FAE46A1F0 /* Integration */ = {
			isa = PBXGroup;
			children = (
				2DBA19902B2143CA5E9C59A0 /* Related Objects */,
				2DBA1DCB50C312ECC2FCB559 /* TRCIntegrationTests.m */,
			);
			path = Integration;
			sourceTree = "<group>";
		};
		2DBA1F27CE21DCB632343D9D /* Reachability */ = {
			isa = PBXGroup;
			children = (
				2DBA10B8B095A61370FF141A /* TRCNetworkReachabilityManager.h */,
				2DBA1DF66E068A7D28A35396 /* TRCNetworkReachabilityManager.m */,
			);
			path = Reachability;
			sourceTree = "<group>";
		};
		FA28E0731B42941E00453FB8 /* ObjectMappers */ = {
			isa = PBXGroup;
			children = (
				FA28E0741B42941E00453FB8 /* TRCObjectMapperIssue.h */,
				FA28E0751B42941E00453FB8 /* TRCObjectMapperIssue.m */,
				FA28E0761B42941E00453FB8 /* TRCObjectMapperIssue.response.json */,
			);
			path = ObjectMappers;
			sourceTree = "<group>";
		};
		FA28E0771B42941E00453FB8 /* Requests */ = {
			isa = PBXGroup;
			children = (
				FA28E0781B42941E00453FB8 /* Download */,
				FA28E07B1B42941E00453FB8 /* Issues */,
				FA28E0851B42941E00453FB8 /* Upload */,
			);
			path = Requests;
			sourceTree = "<group>";
		};
		FA28E0781B42941E00453FB8 /* Download */ = {
			isa = PBXGroup;
			children = (
				FA28E0791B42941E00453FB8 /* RequestToDownloadFile.h */,
				FA28E07A1B42941E00453FB8 /* RequestToDownloadFile.m */,
			);
			path = Download;
			sourceTree = "<group>";
		};
		FA28E07B1B42941E00453FB8 /* Issues */ = {
			isa = PBXGroup;
			children = (
				FA28E07C1B42941E00453FB8 /* RequestToGetIssue.h */,
				FA28E07D1B42941E00453FB8 /* RequestToGetIssue.m */,
				FA28E07E1B42941E00453FB8 /* RequestToGetIssue.response.json */,
				FA28E07F1B42941E00453FB8 /* RequestToGetIssueIntoRoot.h */,
				FA28E0801B42941E00453FB8 /* RequestToGetIssueIntoRoot.m */,
				FA28E0811B42941E00453FB8 /* RequestToGetIssueIntoRoot.response.json */,
				FA28E0821B42941E00453FB8 /* RequestToGetIssues.h */,
				FA28E0831B42941E00453FB8 /* RequestToGetIssues.m */,
				FA28E0841B42941E00453FB8 /* RequestToGetIssues.response.json */,
				2DBA14DCB3A9D1601CFB7FD1 /* RequestToSetIssue.m */,
				2DBA13EF4EF78FC5DF5CA978 /* RequestToSetIssue.h */,
			);
			path = Issues;
			sourceTree = "<group>";
		};
		FA28E0851B42941E00453FB8 /* Upload */ = {
			isa = PBXGroup;
			children = (
				FA28E0861B42941E00453FB8 /* RequestToUploadFile.h */,
				FA28E0871B42941E00453FB8 /* RequestToUploadFile.m */,
				FA28E0881B42941E00453FB8 /* RequestToUploadFile.response.json */,
			);
			path = Upload;
			sourceTree = "<group>";
		};
		FA28E0891B42941E00453FB8 /* ValueTransformers */ = {
			isa = PBXGroup;
			children = (
				FA28E08A1B42941E00453FB8 /* TRCValueTransformerDateISO8601.h */,
				FA28E08B1B42941E00453FB8 /* TRCValueTransformerDateISO8601.m */,
			);
			path = ValueTransformers;
			sourceTree = "<group>";
		};
		FAC9160A19E693370009D824 = {
			isa = PBXGroup;
			children = (
				FAC9161819E693370009D824 /* TyphoonRestClient */,
				FAC9162C19E693370009D824 /* TyphoonRestClientTests */,
				FAC9161519E693370009D824 /* Frameworks */,
				FAC9161419E693370009D824 /* Products */,
			);
			sourceTree = "<group>";
		};
		FAC9161419E693370009D824 /* Products */ = {
			isa = PBXGroup;
			children = (
				FAC9161319E693370009D824 /* libTyphoonRestClient.a */,
				FAC9162319E693370009D824 /* TyphoonRestClientTests.xctest */,
			);
			name = Products;
			sourceTree = "<group>";
		};
		FAC9161519E693370009D824 /* Frameworks */ = {
			isa = PBXGroup;
			children = (
				FAC814AC1BDFB826006D5E8E /* SystemConfiguration.framework */,
				FAC814AA1BDFB7CE006D5E8E /* CFNetwork.framework */,
				FAC9161619E693370009D824 /* Foundation.framework */,
				FAC9162419E693370009D824 /* XCTest.framework */,
				FAC9162719E693370009D824 /* UIKit.framework */,
				A14BA2DE857D4EC58948A253 /* libPods-HttpWebService.a */,
				11A77D6930D24E1BA5797E0E /* libPods-HttpWebServiceTests.a */,
				5C84882D07B06327E8D9BB26 /* libPods-TyphoonRestClient.a */,
				469D3C7EB63CCF077674B274 /* libPods-TyphoonRestClientTests.a */,
			);
			name = Frameworks;
			sourceTree = "<group>";
		};
		FAC9161819E693370009D824 /* TyphoonRestClient */ = {
			isa = PBXGroup;
			children = (
				FAE889FB1B171F5700CCADC3 /* Extras */,
				FAC9165B19E695020009D824 /* Protocols */,
				FAC9163C19E694FA0009D824 /* Internal */,
				FAC9161B19E693370009D824 /* TyphoonRestClient.h */,
				FAC9161D19E693370009D824 /* TyphoonRestClient.m */,
				FAE889FA1B171F2300CCADC3 /* TyphoonRestClientErrors.h */,
				FAC9161919E693370009D824 /* Supporting Files */,
				2DBA101783BF2EC134BDD0D5 /* Third Parties */,
			);
			path = TyphoonRestClient;
			sourceTree = "<group>";
		};
		FAC9161919E693370009D824 /* Supporting Files */ = {
			isa = PBXGroup;
			children = (
				FAE889F91B171D3F00CCADC3 /* TyphoonRestClient-Prefix.pch */,
				2DBA1A8591D3051F01356F3E /* TyphoonRestClient.podspec */,
			);
			name = "Supporting Files";
			sourceTree = "<group>";
		};
		FAC9162C19E693370009D824 /* TyphoonRestClientTests */ = {
			isa = PBXGroup;
			children = (
				FAC9166119E697A60009D824 /* TyphoonRestClient */,
				FAC9162D19E693370009D824 /* Supporting Files */,
			);
			path = TyphoonRestClientTests;
			sourceTree = "<group>";
		};
		FAC9162D19E693370009D824 /* Supporting Files */ = {
			isa = PBXGroup;
			children = (
				FAC9162E19E693370009D824 /* TyphoonRestClientTests-Info.plist */,
				FAC9162F19E693370009D824 /* InfoPlist.strings */,
			);
			name = "Supporting Files";
			sourceTree = "<group>";
		};
		FAC9163C19E694FA0009D824 /* Internal */ = {
			isa = PBXGroup;
			children = (
				FAC9164719E694FA0009D824 /* Converter */,
				FAC9164D19E694FA0009D824 /* Scheme */,
				FAC9165019E694FA0009D824 /* Utils */,
				2DBA1AEED0012EED9DFC72CA /* SchemeFactory */,
				2DBA1369CC75CA7A5E198E6C /* ProxyProgressHandler */,
			);
			path = Internal;
			sourceTree = "<group>";
		};
		FAC9164719E694FA0009D824 /* Converter */ = {
			isa = PBXGroup;
			children = (
				FAC9164819E694FA0009D824 /* TRCConverter.h */,
				FAC9164919E694FA0009D824 /* TRCConverter.m */,
				FAC9164C19E694FA0009D824 /* TRCConvertersRegistry.h */,
			);
			path = Converter;
			sourceTree = "<group>";
		};
		FAC9164D19E694FA0009D824 /* Scheme */ = {
			isa = PBXGroup;
			children = (
				FA5126671A96000F00EAF902 /* TRCSchemaStackTrace.h */,
				FA5126681A96000F00EAF902 /* TRCSchemaStackTrace.m */,
				FAC9164E19E694FA0009D824 /* TRCSchema.h */,
				FAC9164F19E694FA0009D824 /* TRCSchema.m */,
				2DBA17EA20F50B557220E3D1 /* Data */,
			);
			path = Scheme;
			sourceTree = "<group>";
		};
		FAC9165019E694FA0009D824 /* Utils */ = {
			isa = PBXGroup;
			children = (
				FAA684901ABF077300EF4CB6 /* TRCBuiltInObjects.h */,
				FAC9165119E694FA0009D824 /* TRCUtils.h */,
				FAC9165219E694FA0009D824 /* TRCUtils.m */,
			);
			path = Utils;
			sourceTree = "<group>";
		};
		FAC9165B19E695020009D824 /* Protocols */ = {
			isa = PBXGroup;
			children = (
				FAE88A2E1B171FA200CCADC3 /* Infrastructure */,
				FAC9165C19E695020009D824 /* TRCRequest.h */,
				FAC9165E19E695020009D824 /* TRCValueTransformer.h */,
				FAC9165F19E695020009D824 /* TRCConnection.h */,
				FAC9166019E695020009D824 /* TRCErrorHandler.h */,
				2DBA1B8033DA8D5FA5B63C8B /* TRCObjectMapper.h */,
				2DBA142DC592EB2E5622DD73 /* TRCPostProcessor.h */,
				2DBA1139A068FD435CFD2C2A /* TRCResponseDelegate.h */,
				318211C9A0EFA05BB328BAAB /* TRCPreProcessor.h */,
			);
			path = Protocols;
			sourceTree = "<group>";
		};
		FAC9166119E697A60009D824 /* TyphoonRestClient */ = {
			isa = PBXGroup;
			children = (
				FAC9166219E697A60009D824 /* TRCConverterTests.m */,
				FAC9166319E697A60009D824 /* TRCValueTransformerNumberTests.m */,
				FAC9166419E697A60009D824 /* TyphoonRestClientTests.m */,
				FAC9166519E697A60009D824 /* TRCSchemeTests.m */,
				FAC9166619E697A60009D824 /* Schemes */,
				FAC9166D19E697A60009D824 /* TestObjects */,
				2DBA1D5D6A4F1CD450673422 /* TRCUtilsTests.m */,
				2DBA158B4E6546253271A111 /* TestUtils.m */,
				2DBA1D11775F7F7D595235D9 /* TestUtils.h */,
				2DBA1E5643454D1FAE46A1F0 /* Integration */,
				2DBA1FD2324DAC2AE398F276 /* TRCValidationErrorPrinterTests.m */,
			);
			path = TyphoonRestClient;
			sourceTree = "<group>";
		};
		FAC9166619E697A60009D824 /* Schemes */ = {
			isa = PBXGroup;
			children = (
				FAC9166719E697A60009D824 /* DictionaryArray.json */,
				FAC9166819E697A60009D824 /* GetOrderScheme.json */,
				FAC9166919E697A60009D824 /* NumbersArray.json */,
				FAC9166A19E697A60009D824 /* StringsArray.json */,
				FAC9166B19E697A60009D824 /* TestScheme.json */,
				FAC9166C19E697A60009D824 /* TestSchemeOptionals.json */,
				2DBA104BA4D6F38FB51EC684 /* PersonsList.json */,
				FAE3B4D21ACFEA880033835A /* PropertyListSchema.plist */,
			);
			path = Schemes;
			sourceTree = "<group>";
		};
		FAC9166D19E697A60009D824 /* TestObjects */ = {
			isa = PBXGroup;
			children = (
				FAC9166E19E697A60009D824 /* TRCRequestSpy.h */,
				FAC9166F19E697A60009D824 /* TRCRequestSpy.m */,
				FAC9167019E697A60009D824 /* TRCErrorParserSpy.h */,
				FAC9167119E697A60009D824 /* TRCErrorParserSpy.m */,
				FAC9167219E697A60009D824 /* TRCConnectionTestStub.h */,
				FAC9167319E697A60009D824 /* TRCConnectionTestStub.m */,
				FAC9167419E697A60009D824 /* TRCValueTransformerStub.h */,
				FAC9167519E697A60009D824 /* TRCValueTransformerStub.m */,
				FA46955E1A938782004036A5 /* TRCMapperPerson.h */,
				FA46955F1A938782004036A5 /* TRCMapperPerson.m */,
				FA4695611A9387FF004036A5 /* Person.h */,
				FA4695621A9387FF004036A5 /* Person.m */,
				2DBA1A63E0B2BDDB5D227E95 /* TRCMapperPerson.json */,
				2DBA1942EBD89F99FB0149DC /* Phone.m */,
				2DBA19CDB29AAD3C4F65D42B /* Phone.h */,
				2DBA10AE04851CC3BDE7480A /* TRCMapperPhone.m */,
				2DBA1D63DF19AC301D0604A5 /* TRCMapperPhone.h */,
				2DBA11C1B532C921805BEC2F /* TRCMapperPhone.json */,
				2DBA12519DF33996626F6739 /* TRCErrorParserSimple.m */,
				2DBA1ECDC2BD02AD01F101C3 /* TRCErrorParserSimple.h */,
				2DBA17FA4B5016447633E32A /* TRCMapperWithArray.m */,
				2DBA1076B15A22774213B2FA /* TRCMapperWithArray.h */,
				2DBA1365A34B2D111EA6E463 /* TRCMapperWithArray.json */,
				2DBA1A7F795C54D0DE12094A /* SyncOperationQueue.m */,
				2DBA1D4A0D09EAEC8684A9B1 /* SyncOperationQueue.h */,
			);
			path = TestObjects;
			sourceTree = "<group>";
		};
		FAE889FB1B171F5700CCADC3 /* Extras */ = {
			isa = PBXGroup;
			children = (
				FAE889FC1B171F5700CCADC3 /* Connections */,
				FAE88A051B171F5700CCADC3 /* DataConverters */,
				FAE88A0C1B171F5700CCADC3 /* SchemeDatas */,
				FAE88A101B171F5700CCADC3 /* Serializations */,
			);
			path = Extras;
			sourceTree = "<group>";
		};
		FAE889FC1B171F5700CCADC3 /* Connections */ = {
			isa = PBXGroup;
			children = (
				FAE889FF1B171F5700CCADC3 /* TRCConnectionLogger.h */,
				FAE88A001B171F5700CCADC3 /* TRCConnectionLogger.m */,
				FAE88A011B171F5700CCADC3 /* TRCConnectionProxy.h */,
				FAE88A021B171F5700CCADC3 /* TRCConnectionProxy.m */,
				FAE88A031B171F5700CCADC3 /* TRCConnectionStub.h */,
				FAE88A041B171F5700CCADC3 /* TRCConnectionStub.m */,
				2DBA18F37FDFA3A0DC26AA99 /* TRCConnectionNSURLSession */,
			);
			path = Connections;
			sourceTree = "<group>";
		};
		FAE88A051B171F5700CCADC3 /* DataConverters */ = {
			isa = PBXGroup;
			children = (
				FAE88A061B171F5700CCADC3 /* TRCValueTransformerNumber.h */,
				FAE88A071B171F5700CCADC3 /* TRCValueTransformerNumber.m */,
				FAE88A081B171F5700CCADC3 /* TRCValueTransformerString.h */,
				FAE88A091B171F5700CCADC3 /* TRCValueTransformerString.m */,
				FAE88A0A1B171F5700CCADC3 /* TRCValueTransformerUrl.h */,
				FAE88A0B1B171F5700CCADC3 /* TRCValueTransformerUrl.m */,
			);
			path = DataConverters;
			sourceTree = "<group>";
		};
		FAE88A0C1B171F5700CCADC3 /* SchemeDatas */ = {
			isa = PBXGroup;
			children = (
				FAE88A0D1B171F5700CCADC3 /* Dictionary */,
			);
			path = SchemeDatas;
			sourceTree = "<group>";
		};
		FAE88A0D1B171F5700CCADC3 /* Dictionary */ = {
			isa = PBXGroup;
			children = (
				FAE88A0E1B171F5700CCADC3 /* TRCSchemaDictionaryData.h */,
				FAE88A0F1B171F5700CCADC3 /* TRCSchemaDictionaryData.m */,
			);
			path = Dictionary;
			sourceTree = "<group>";
		};
		FAE88A101B171F5700CCADC3 /* Serializations */ = {
			isa = PBXGroup;
			children = (
				FAE88A111B171F5700CCADC3 /* TRCSerializerData.h */,
				FAE88A121B171F5700CCADC3 /* TRCSerializerData.m */,
				FAE88A131B171F5700CCADC3 /* TRCSerializerHttpQuery.h */,
				FAE88A141B171F5700CCADC3 /* TRCSerializerHttpQuery.m */,
				FAE88A151B171F5700CCADC3 /* TRCSerializerImage.h */,
				FAE88A161B171F5700CCADC3 /* TRCSerializerImage.m */,
				FAE88A171B171F5700CCADC3 /* TRCSerializerInputStream.h */,
				FAE88A181B171F5700CCADC3 /* TRCSerializerInputStream.m */,
				FAE88A191B171F5700CCADC3 /* TRCSerializerJson.h */,
				FAE88A1A1B171F5700CCADC3 /* TRCSerializerJson.m */,
				FAE88A1B1B171F5700CCADC3 /* TRCSerializerPlist.h */,
				FAE88A1C1B171F5700CCADC3 /* TRCSerializerPlist.m */,
				FAE88A1D1B171F5700CCADC3 /* TRCSerializerString.h */,
				FAE88A1E1B171F5700CCADC3 /* TRCSerializerString.m */,
				2DBA1B5308D0A28755F5CE2C /* TRCSerializerMultipart.m */,
				2DBA16B6CE5A86891F838F01 /* TRCSerializerMultipart.h */,
			);
			path = Serializations;
			sourceTree = "<group>";
		};
		FAE88A2E1B171FA200CCADC3 /* Infrastructure */ = {
			isa = PBXGroup;
			children = (
				FAE88A2F1B171FA200CCADC3 /* TRCInfrastructure.h */,
				FAE88A301B171FA200CCADC3 /* TRCSchemaData.h */,
			);
			path = Infrastructure;
			sourceTree = "<group>";
		};
/* End PBXGroup section */

/* Begin PBXNativeTarget section */
		FAC9161219E693370009D824 /* TyphoonRestClient */ = {
			isa = PBXNativeTarget;
			buildConfigurationList = FAC9163619E693370009D824 /* Build configuration list for PBXNativeTarget "TyphoonRestClient" */;
			buildPhases = (
				FAC9160F19E693370009D824 /* Sources */,
				FAC9161019E693370009D824 /* Frameworks */,
				FAC9161119E693370009D824 /* CopyFiles */,
			);
			buildRules = (
			);
			dependencies = (
			);
			name = TyphoonRestClient;
			productName = HttpWebService;
			productReference = FAC9161319E693370009D824 /* libTyphoonRestClient.a */;
			productType = "com.apple.product-type.library.static";
		};
		FAC9162219E693370009D824 /* TyphoonRestClientTests */ = {
			isa = PBXNativeTarget;
			buildConfigurationList = FAC9163919E693370009D824 /* Build configuration list for PBXNativeTarget "TyphoonRestClientTests" */;
			buildPhases = (
				FAC9161F19E693370009D824 /* Sources */,
				FAC9162019E693370009D824 /* Frameworks */,
				FAC9162119E693370009D824 /* Resources */,
			);
			buildRules = (
			);
			dependencies = (
				FAC9162A19E693370009D824 /* PBXTargetDependency */,
			);
			name = TyphoonRestClientTests;
			productName = HttpWebServiceTests;
			productReference = FAC9162319E693370009D824 /* TyphoonRestClientTests.xctest */;
			productType = "com.apple.product-type.bundle.unit-test";
		};
/* End PBXNativeTarget section */

/* Begin PBXProject section */
		FAC9160B19E693370009D824 /* Project object */ = {
			isa = PBXProject;
			attributes = {
				LastUpgradeCheck = 0800;
				ORGANIZATIONNAME = "Apps Quickly";
			};
			buildConfigurationList = FAC9160E19E693370009D824 /* Build configuration list for PBXProject "TyphoonRestClient" */;
			compatibilityVersion = "Xcode 3.2";
			developmentRegion = English;
			hasScannedForEncodings = 0;
			knownRegions = (
				en,
			);
			mainGroup = FAC9160A19E693370009D824;
			productRefGroup = FAC9161419E693370009D824 /* Products */;
			projectDirPath = "";
			projectRoot = "";
			targets = (
				FAC9161219E693370009D824 /* TyphoonRestClient */,
				FAC9162219E693370009D824 /* TyphoonRestClientTests */,
			);
		};
/* End PBXProject section */

/* Begin PBXResourcesBuildPhase section */
		FAC9162119E693370009D824 /* Resources */ = {
			isa = PBXResourcesBuildPhase;
			buildActionMask = 2147483647;
			files = (
				FAC9167C19E697A60009D824 /* NumbersArray.json in Resources */,
				FAE3B4D31ACFEA880033835A /* PropertyListSchema.plist in Resources */,
				FAC9167D19E697A60009D824 /* StringsArray.json in Resources */,
				FA28E0971B42941E00453FB8 /* RequestToUploadFile.response.json in Resources */,
				FAC9167E19E697A60009D824 /* TestScheme.json in Resources */,
				FAC9167B19E697A60009D824 /* GetOrderScheme.json in Resources */,
				FAC9163119E693370009D824 /* InfoPlist.strings in Resources */,
				FA28E0931B42941E00453FB8 /* RequestToGetIssueIntoRoot.response.json in Resources */,
				FAC9167F19E697A60009D824 /* TestSchemeOptionals.json in Resources */,
				FA28E0911B42941E00453FB8 /* RequestToGetIssue.response.json in Resources */,
				FAC9167A19E697A60009D824 /* DictionaryArray.json in Resources */,
				FA28E0951B42941E00453FB8 /* RequestToGetIssues.response.json in Resources */,
				2DBA178CC76E21D9C1C6DCBE /* TRCMapperPerson.json in Resources */,
				FA28E08E1B42941E00453FB8 /* TRCObjectMapperIssue.response.json in Resources */,
				2DBA120634800EF8507024AD /* PersonsList.json in Resources */,
				2DBA1EDFD218B24F2C14C317 /* TRCMapperPhone.json in Resources */,
				2DBA1A9AA9E0D6E61CC42D97 /* TRCMapperWithArray.json in Resources */,
			);
			runOnlyForDeploymentPostprocessing = 0;
		};
/* End PBXResourcesBuildPhase section */

/* Begin PBXSourcesBuildPhase section */
		FAC9160F19E693370009D824 /* Sources */ = {
			isa = PBXSourcesBuildPhase;
			buildActionMask = 2147483647;
			files = (
				FAE88A231B171F5700CCADC3 /* TRCValueTransformerNumber.m in Sources */,
				FAC9165A19E694FA0009D824 /* TRCUtils.m in Sources */,
				FA5126691A96000F00EAF902 /* TRCSchemaStackTrace.m in Sources */,
				FAE88A211B171F5700CCADC3 /* TRCConnectionProxy.m in Sources */,
				FAE88A201B171F5700CCADC3 /* TRCConnectionLogger.m in Sources */,
				FAC9161E19E693370009D824 /* TyphoonRestClient.m in Sources */,
				FAC9165719E694FA0009D824 /* TRCConverter.m in Sources */,
				FAE88A2B1B171F5700CCADC3 /* TRCSerializerJson.m in Sources */,
				FAE88A281B171F5700CCADC3 /* TRCSerializerHttpQuery.m in Sources */,
				FAE88A2A1B171F5700CCADC3 /* TRCSerializerInputStream.m in Sources */,
				FAC9165919E694FA0009D824 /* TRCSchema.m in Sources */,
				2DBA14CB7D8DE86DEA7D44E7 /* TRCSchemaDataValueOptions.m in Sources */,
				FAE88A261B171F5700CCADC3 /* TRCSchemaDictionaryData.m in Sources */,
				FAE88A2C1B171F5700CCADC3 /* TRCSerializerPlist.m in Sources */,
				FAE88A251B171F5700CCADC3 /* TRCValueTransformerUrl.m in Sources */,
				FAE88A271B171F5700CCADC3 /* TRCSerializerData.m in Sources */,
				FAE88A241B171F5700CCADC3 /* TRCValueTransformerString.m in Sources */,
				FAE88A2D1B171F5700CCADC3 /* TRCSerializerString.m in Sources */,
				FAE88A291B171F5700CCADC3 /* TRCSerializerImage.m in Sources */,
				FAE88A221B171F5700CCADC3 /* TRCConnectionStub.m in Sources */,
				2DBA1B9CD3295467A9BE7FD8 /* TRCSchemeFactory.m in Sources */,
				2DBA199EE6026F8769FAB714 /* TRCMapperWithArray.m in Sources */,
				2DBA1462FF2E726FD6E5F609 /* TRCSerializerMultipart.m in Sources */,
				2DBA1032DE3FC4B71AD5015B /* RequestToSetIssue.m in Sources */,
				2DBA1BDB7463207464DBD58D /* TRCConnectionNSURLSession.m in Sources */,
				2DBA177DCFDC2DB5EB9784B8 /* TRCSessionHandler.m in Sources */,
				2DBA101DBDDF6837CC2764FB /* TRCSessionTaskContext.m in Sources */,
				2DBA10C8F1A7B8687AAA3C78 /* TRCNetworkReachabilityManager.m in Sources */,
				2DBA150FD7B8FBEE4C4D6156 /* TRCHttpQueryComposer.m in Sources */,
				2DBA1A7DBB71A496854D4FAA /* TRCProxyProgressHandler.m in Sources */,
				2DBA1F68160807B172F425AC /* SyncOperationQueue.m in Sources */,
			);
			runOnlyForDeploymentPostprocessing = 0;
		};
		FAC9161F19E693370009D824 /* Sources */ = {
			isa = PBXSourcesBuildPhase;
			buildActionMask = 2147483647;
			files = (
				FA55918819E69A5B00E00570 /* TRCValueTransformerStub.m in Sources */,
				FA55918519E69A5B00E00570 /* TRCRequestSpy.m in Sources */,
				FA55918119E69A4E00E00570 /* TRCConverterTests.m in Sources */,
				FA55918319E69A4E00E00570 /* TyphoonRestClientTests.m in Sources */,
				FA55918219E69A4E00E00570 /* TRCValueTransformerNumberTests.m in Sources */,
				FA55918619E69A5B00E00570 /* TRCErrorParserSpy.m in Sources */,
				FA4695631A9387FF004036A5 /* Person.m in Sources */,
				FA28E08C1B42941E00453FB8 /* Issue.m in Sources */,
				FA4695601A938782004036A5 /* TRCMapperPerson.m in Sources */,
				FA28E0901B42941E00453FB8 /* RequestToGetIssue.m in Sources */,
				FA55918719E69A5B00E00570 /* TRCConnectionTestStub.m in Sources */,
				FA55918419E69A4E00E00570 /* TRCSchemeTests.m in Sources */,
				FA28E0981B42941E00453FB8 /* TRCValueTransformerDateISO8601.m in Sources */,
				FA28E0921B42941E00453FB8 /* RequestToGetIssueIntoRoot.m in Sources */,
				FA28E0961B42941E00453FB8 /* RequestToUploadFile.m in Sources */,
				2DBA10F6D20316CBD2233306 /* TRCUtilsTests.m in Sources */,
				2DBA1D4B061007D83FEBC57C /* Phone.m in Sources */,
				FA28E0941B42941E00453FB8 /* RequestToGetIssues.m in Sources */,
				2DBA17F737835F7EDA40FA64 /* TRCMapperPhone.m in Sources */,
				2DBA1BE868E4128AFAFCBBA0 /* TRCErrorParserSimple.m in Sources */,
				FA28E08F1B42941E00453FB8 /* RequestToDownloadFile.m in Sources */,
				FA28E08D1B42941E00453FB8 /* TRCObjectMapperIssue.m in Sources */,
				2DBA1711C99D8E9A0D607D3A /* TestUtils.m in Sources */,
				2DBA1931DD7F8B70613BC3A7 /* TRCIntegrationTests.m in Sources */,
				2DBA17092859137A58185FB9 /* SimpleErrorParser.m in Sources */,
				2DBA1EC0738D4C1358B0A70E /* TRCValidationErrorPrinterTests.m in Sources */,
			);
			runOnlyForDeploymentPostprocessing = 0;
		};
/* End PBXSourcesBuildPhase section */

/* Begin PBXTargetDependency section */
		FAC9162A19E693370009D824 /* PBXTargetDependency */ = {
			isa = PBXTargetDependency;
			target = FAC9161219E693370009D824 /* TyphoonRestClient */;
			targetProxy = FAC9162919E693370009D824 /* PBXContainerItemProxy */;
		};
/* End PBXTargetDependency section */

/* Begin PBXVariantGroup section */
		FAC9162F19E693370009D824 /* InfoPlist.strings */ = {
			isa = PBXVariantGroup;
			children = (
				FAC9163019E693370009D824 /* en */,
			);
			name = InfoPlist.strings;
			sourceTree = "<group>";
		};
/* End PBXVariantGroup section */

/* Begin XCBuildConfiguration section */
		FAC9163419E693370009D824 /* Debug */ = {
			isa = XCBuildConfiguration;
			buildSettings = {
				ALWAYS_SEARCH_USER_PATHS = NO;
				CLANG_CXX_LANGUAGE_STANDARD = "gnu++0x";
				CLANG_CXX_LIBRARY = "libc++";
				CLANG_ENABLE_MODULES = YES;
				CLANG_ENABLE_OBJC_ARC = YES;
				CLANG_WARN_BOOL_CONVERSION = YES;
				CLANG_WARN_CONSTANT_CONVERSION = YES;
				CLANG_WARN_DIRECT_OBJC_ISA_USAGE = YES_ERROR;
				CLANG_WARN_EMPTY_BODY = YES;
				CLANG_WARN_ENUM_CONVERSION = YES;
				CLANG_WARN_INFINITE_RECURSION = YES;
				CLANG_WARN_INT_CONVERSION = YES;
				CLANG_WARN_OBJC_ROOT_CLASS = YES_ERROR;
				CLANG_WARN_SUSPICIOUS_MOVE = YES;
				CLANG_WARN_UNREACHABLE_CODE = YES;
				CLANG_WARN__DUPLICATE_METHOD_MATCH = YES;
				COPY_PHASE_STRIP = NO;
				ENABLE_STRICT_OBJC_MSGSEND = YES;
				ENABLE_TESTABILITY = YES;
				GCC_C_LANGUAGE_STANDARD = gnu99;
				GCC_DYNAMIC_NO_PIC = NO;
				GCC_NO_COMMON_BLOCKS = YES;
				GCC_OPTIMIZATION_LEVEL = 0;
				GCC_PREPROCESSOR_DEFINITIONS = (
					"DEBUG=1",
					"$(inherited)",
				);
				GCC_SYMBOLS_PRIVATE_EXTERN = NO;
				GCC_WARN_64_TO_32_BIT_CONVERSION = YES;
				GCC_WARN_ABOUT_RETURN_TYPE = YES_ERROR;
				GCC_WARN_UNDECLARED_SELECTOR = YES;
				GCC_WARN_UNINITIALIZED_AUTOS = YES_AGGRESSIVE;
				GCC_WARN_UNUSED_FUNCTION = YES;
				GCC_WARN_UNUSED_VARIABLE = YES;
				IPHONEOS_DEPLOYMENT_TARGET = 7.1;
				ONLY_ACTIVE_ARCH = YES;
				SDKROOT = iphoneos;
			};
			name = Debug;
		};
		FAC9163519E693370009D824 /* Release */ = {
			isa = XCBuildConfiguration;
			buildSettings = {
				ALWAYS_SEARCH_USER_PATHS = NO;
				CLANG_CXX_LANGUAGE_STANDARD = "gnu++0x";
				CLANG_CXX_LIBRARY = "libc++";
				CLANG_ENABLE_MODULES = YES;
				CLANG_ENABLE_OBJC_ARC = YES;
				CLANG_WARN_BOOL_CONVERSION = YES;
				CLANG_WARN_CONSTANT_CONVERSION = YES;
				CLANG_WARN_DIRECT_OBJC_ISA_USAGE = YES_ERROR;
				CLANG_WARN_EMPTY_BODY = YES;
				CLANG_WARN_ENUM_CONVERSION = YES;
				CLANG_WARN_INFINITE_RECURSION = YES;
				CLANG_WARN_INT_CONVERSION = YES;
				CLANG_WARN_OBJC_ROOT_CLASS = YES_ERROR;
				CLANG_WARN_SUSPICIOUS_MOVE = YES;
				CLANG_WARN_UNREACHABLE_CODE = YES;
				CLANG_WARN__DUPLICATE_METHOD_MATCH = YES;
				COPY_PHASE_STRIP = YES;
				ENABLE_NS_ASSERTIONS = NO;
				ENABLE_STRICT_OBJC_MSGSEND = YES;
				GCC_C_LANGUAGE_STANDARD = gnu99;
				GCC_NO_COMMON_BLOCKS = YES;
				GCC_WARN_64_TO_32_BIT_CONVERSION = YES;
				GCC_WARN_ABOUT_RETURN_TYPE = YES_ERROR;
				GCC_WARN_UNDECLARED_SELECTOR = YES;
				GCC_WARN_UNINITIALIZED_AUTOS = YES_AGGRESSIVE;
				GCC_WARN_UNUSED_FUNCTION = YES;
				GCC_WARN_UNUSED_VARIABLE = YES;
				IPHONEOS_DEPLOYMENT_TARGET = 7.1;
				SDKROOT = iphoneos;
				VALIDATE_PRODUCT = YES;
			};
			name = Release;
		};
		FAC9163719E693370009D824 /* Debug */ = {
			isa = XCBuildConfiguration;
			buildSettings = {
				DSTROOT = /tmp/TyphoonRestClient.dst;
				GCC_GENERATE_TEST_COVERAGE_FILES = YES;
				GCC_INSTRUMENT_PROGRAM_FLOW_ARCS = YES;
				GCC_PRECOMPILE_PREFIX_HEADER = YES;
				GCC_PREFIX_HEADER = "TyphoonRestClient-Prefix.pch";
				PRODUCT_NAME = TyphoonRestClient;
				SKIP_INSTALL = YES;
			};
			name = Debug;
		};
		FAC9163819E693370009D824 /* Release */ = {
			isa = XCBuildConfiguration;
			buildSettings = {
				DSTROOT = /tmp/TyphoonRestClient.dst;
				GCC_PRECOMPILE_PREFIX_HEADER = YES;
				GCC_PREFIX_HEADER = "TyphoonRestClient-Prefix.pch";
				PRODUCT_NAME = TyphoonRestClient;
				SKIP_INSTALL = YES;
			};
			name = Release;
		};
		FAC9163A19E693370009D824 /* Debug */ = {
			isa = XCBuildConfiguration;
			buildSettings = {
				FRAMEWORK_SEARCH_PATHS = (
					"$(SDKROOT)/Developer/Library/Frameworks",
					"$(inherited)",
					"$(DEVELOPER_FRAMEWORKS_DIR)",
				);
				GCC_GENERATE_TEST_COVERAGE_FILES = YES;
				GCC_INSTRUMENT_PROGRAM_FLOW_ARCS = YES;
				GCC_PRECOMPILE_PREFIX_HEADER = YES;
				GCC_PREFIX_HEADER = "TyphoonRestClient-Prefix.pch";
				GCC_PREPROCESSOR_DEFINITIONS = (
					"DEBUG=1",
					"$(inherited)",
				);
				INFOPLIST_FILE = "TyphoonRestClientTests/TyphoonRestClientTests-Info.plist";
				PRODUCT_BUNDLE_IDENTIFIER = "com.codemonastery.${PRODUCT_NAME:rfc1034identifier}";
				PRODUCT_NAME = TyphoonRestClientTests;
				USER_HEADER_SEARCH_PATHS = "\"${PROJECT_DIR}/Pods\"/**";
				WRAPPER_EXTENSION = xctest;
			};
			name = Debug;
		};
		FAC9163B19E693370009D824 /* Release */ = {
			isa = XCBuildConfiguration;
			buildSettings = {
				FRAMEWORK_SEARCH_PATHS = (
					"$(SDKROOT)/Developer/Library/Frameworks",
					"$(inherited)",
					"$(DEVELOPER_FRAMEWORKS_DIR)",
				);
				GCC_GENERATE_TEST_COVERAGE_FILES = YES;
				GCC_INSTRUMENT_PROGRAM_FLOW_ARCS = YES;
				GCC_PRECOMPILE_PREFIX_HEADER = YES;
				GCC_PREFIX_HEADER = "TyphoonRestClient-Prefix.pch";
				INFOPLIST_FILE = "TyphoonRestClientTests/TyphoonRestClientTests-Info.plist";
				PRODUCT_BUNDLE_IDENTIFIER = "com.codemonastery.${PRODUCT_NAME:rfc1034identifier}";
				PRODUCT_NAME = TyphoonRestClientTests;
				USER_HEADER_SEARCH_PATHS = "\"${PROJECT_DIR}/Pods\"/**";
				WRAPPER_EXTENSION = xctest;
			};
			name = Release;
		};
/* End XCBuildConfiguration section */

/* Begin XCConfigurationList section */
		FAC9160E19E693370009D824 /* Build configuration list for PBXProject "TyphoonRestClient" */ = {
			isa = XCConfigurationList;
			buildConfigurations = (
				FAC9163419E693370009D824 /* Debug */,
				FAC9163519E693370009D824 /* Release */,
			);
			defaultConfigurationIsVisible = 0;
			defaultConfigurationName = Release;
		};
		FAC9163619E693370009D824 /* Build configuration list for PBXNativeTarget "TyphoonRestClient" */ = {
			isa = XCConfigurationList;
			buildConfigurations = (
				FAC9163719E693370009D824 /* Debug */,
				FAC9163819E693370009D824 /* Release */,
			);
			defaultConfigurationIsVisible = 0;
			defaultConfigurationName = Release;
		};
		FAC9163919E693370009D824 /* Build configuration list for PBXNativeTarget "TyphoonRestClientTests" */ = {
			isa = XCConfigurationList;
			buildConfigurations = (
				FAC9163A19E693370009D824 /* Debug */,
				FAC9163B19E693370009D824 /* Release */,
			);
			defaultConfigurationIsVisible = 0;
			defaultConfigurationName = Release;
		};
/* End XCConfigurationList section */
	};
	rootObject = FAC9160B19E693370009D824 /* Project object */;
}
